# THIS IS AN AUTOGENERATED FILE. DO NOT EDIT THIS FILE DIRECTLY.
# yarn lockfile v1


"@prisma/bar@^0.0.0":
  version "0.0.0"
  resolved "https://registry.yarnpkg.com/@prisma/bar/-/bar-0.0.0.tgz#9daff159a1a09abf7665a8b6e40ddc1fdc1ed4f7"
  integrity sha512-3nez9n/vMyAr4+nmqj6Xh3cGZbreYHr3RWX0vgtrFRpiN6otuCzL+9HW8MW/DfZNuFz5YyIdfwnRSPueUZPoWQ==

"@prisma/cli@2.11.0-dev.25":
  version "2.11.0-dev.25"
  resolved "https://registry.yarnpkg.com/@prisma/cli/-/cli-2.11.0-dev.25.tgz#c2536fefa2209355163773044e9df2f2a1dd3c5e"
  integrity sha512-QBgz0CiQM6+w9m8869tqAdLRItDRIso8NEmXZuy6dq3DS/gULcUuSrS5i+2OU1osDuLhh+pismrOZ7dL0pdJCA==
  dependencies:
    "@prisma/bar" "^0.0.0"
    "@prisma/engines" "2.11.1-2-ad67875b0acccf040e5b0cab0ead41fc7e3e8727"

"@prisma/client@2.11.0-dev.25":
  version "2.11.0-dev.25"
  resolved "https://registry.yarnpkg.com/@prisma/client/-/client-2.11.0-dev.25.tgz#3825eca950160201232eb4f4628f1180fedee695"
  integrity sha512-s7nbDZLJ8Au2vMmFm8LrYZnrE5+GoSec8T+pH+Sa/jhqvwETbiJciG7GLJMyxE1S8PVESNoDqE5yYglCj07RRA==
  dependencies:
    "@prisma/engines-version" "2.11.1-2-ad67875b0acccf040e5b0cab0ead41fc7e3e8727"

"@prisma/engines-version@2.11.1-2-ad67875b0acccf040e5b0cab0ead41fc7e3e8727":
  version "2.11.1-2-ad67875b0acccf040e5b0cab0ead41fc7e3e8727"
  resolved "https://registry.yarnpkg.com/@prisma/engines-version/-/engines-version-2.11.1-2-ad67875b0acccf040e5b0cab0ead41fc7e3e8727.tgz#19369566d1afdf95ab8a3869cba143116ffbb030"
  integrity sha512-sLJWqNkTi/TN+ZYUZP8R8rnUDEdhU+WdEQFenX8X+DI58VK+hT1b5+kyRjn+wPChR6W3clSoaqDFNyHqB/vIJw==

"@prisma/engines@2.11.1-2-ad67875b0acccf040e5b0cab0ead41fc7e3e8727":
  version "2.11.1-2-ad67875b0acccf040e5b0cab0ead41fc7e3e8727"
  resolved "https://registry.yarnpkg.com/@prisma/engines/-/engines-2.11.1-2-ad67875b0acccf040e5b0cab0ead41fc7e3e8727.tgz#a60eb815746ef837d50b110240ce2409befcf84e"
  integrity sha512-vitnwAYmjvpsWrK388GjgFWmMXZOuRi4aX7/BTqLaaM+pupVDnI6wNO7Ls0/lnjFmIuljWEyC5lCEc149aTx7A==

"@types/node@12.19.3":
  version "12.19.3"
  resolved "https://registry.yarnpkg.com/@types/node/-/node-12.19.3.tgz#a6e252973214079155f749e8bef99cc80af182fa"
  integrity sha512-8Jduo8wvvwDzEVJCOvS/G6sgilOLvvhn1eMmK3TW8/T217O7u1jdrK6ImKLv80tVryaPSVeKu6sjDEiFjd4/eg==

arg@^4.1.0:
  version "4.1.3"
  resolved "https://registry.yarnpkg.com/arg/-/arg-4.1.3.tgz#269fc7ad5b8e42cb63c896d5666017261c144089"
  integrity sha512-58S9QDqG0Xx27YwPSt9fJxivjYl432YCwfDMfZ+71RAqUrZef7LrKQZ3LHLOwCS4FLNBplP533Zx895SeOCHvA==

buffer-from@^1.0.0:
  version "1.1.1"
  resolved "https://registry.yarnpkg.com/buffer-from/-/buffer-from-1.1.1.tgz#32713bc028f75c02fdb710d7c7bcec1f2c6070ef"
  integrity sha512-MQcXEUbCKtEo7bhqEs6560Hyd4XaovZlO/k9V3hjVUF/zwW7KBVdSK4gIt/bzwS9MbR5qob+F5jusZsb0YQK2A==

diff@^4.0.1:
  version "4.0.2"
  resolved "https://registry.yarnpkg.com/diff/-/diff-4.0.2.tgz#60f3aecb89d5fae520c11aa19efc2bb982aade7d"
  integrity sha512-58lmxKSA4BNyLz+HHMUzlOEpg09FV+ev6ZMe3vJihgdxzgcwZ8VoEEPmALCZG9LmqfVoNMMKpttIYTVG6uDY7A==

make-error@^1.1.1:
  version "1.3.6"
  resolved "https://registry.yarnpkg.com/make-error/-/make-error-1.3.6.tgz#2eb2e37ea9b67c4891f684a1394799af484cf7a2"
  integrity sha512-s8UhlNe7vPKomQhC1qFelMokr/Sc3AgNbso3n74mVPA5LTZwkB9NlXf4XPamLxJE8h0gh73rM94xvwRT2CVInw==

source-map-support@^0.5.17:
  version "0.5.17"
  resolved "https://registry.yarnpkg.com/source-map-support/-/source-map-support-0.5.17.tgz#29fe1b3c98b9dbd5064ada89052ee8ff070cb46c"
  integrity sha512-bwdKOBZ5L0gFRh4KOxNap/J/MpvX9Yxsq9lFDx65s3o7F/NiHy7JRaGIS8MwW6tZPAq9UXE207Il0cfcb5yu/Q==
  dependencies:
    buffer-from "^1.0.0"
    source-map "^0.6.0"

source-map@^0.6.0:
  version "0.6.1"
  resolved "https://registry.yarnpkg.com/source-map/-/source-map-0.6.1.tgz#74722af32e9614e9c287a8d0bbde48b5e2f1a263"
  integrity sha512-UjgapumWlbMhkBgzT7Ykc5YXUT46F0iKu8SGXq0bcwP5dz/h0Plj6enJqjz1Zbq2l5WaqYnrVbwWOWMyF3F47g==

ts-node@9.0.0:
  version "9.0.0"
  resolved "https://registry.yarnpkg.com/ts-node/-/ts-node-9.0.0.tgz#e7699d2a110cc8c0d3b831715e417688683460b3"
  integrity sha512-/TqB4SnererCDR/vb4S/QvSZvzQMJN8daAslg7MeaiHvD8rDZsSfXmNeNumyZZzMned72Xoq/isQljYSt8Ynfg==
  dependencies:
    arg "^4.1.0"
    diff "^4.0.1"
    make-error "^1.1.1"
    source-map-support "^0.5.17"
    yn "3.1.1"

typescript@4.0.5:
  version "4.0.5"
  resolved "https://registry.yarnpkg.com/typescript/-/typescript-4.0.5.tgz#ae9dddfd1069f1cb5beb3ef3b2170dd7c1332389"
  integrity sha512-ywmr/VrTVCmNTJ6iV2LwIrfG1P+lv6luD8sUJs+2eI9NLGigaN+nUQc13iHqisq7bra9lnmUSYqbJvegraBOPQ==

yn@3.1.1:
  version "3.1.1"
  resolved "https://registry.yarnpkg.com/yn/-/yn-3.1.1.tgz#1e87401a09d767c1d5eab26a6e4c185182d2eb50"
  integrity sha512-Ux4ygGWsu2c7isFWe8Yu1YluJmqVhxqK2cLXNQA5AcC3QfbGNpM7fu0Y8b/z16pXLnFxZYvWhd3fhBY9DLmC6Q==
