# THIS IS AN AUTOGENERATED FILE. DO NOT EDIT THIS FILE DIRECTLY.
# yarn lockfile v1


"@prisma/cli@2.0.0-alpha.1223":
  version "2.0.0-alpha.1223"
  resolved "https://registry.yarnpkg.com/@prisma/cli/-/cli-2.0.0-alpha.1223.tgz#e3c7254bcb672518ea9d25cfaee8ebf9ed5c9a6a"
  integrity sha512-NQi5g2oRPQJHliOVQ4Jq2lP7vpO8QzR1nIt5aBmhhLqEySkGgYqpp0jHX8Rg2/XRVMG+uP9y86ounycxeUr1hw==

"@prisma/client@2.0.0-alpha.1223":
  version "2.0.0-alpha.1223"
  resolved "https://registry.yarnpkg.com/@prisma/client/-/client-2.0.0-alpha.1223.tgz#71997d5abffea14ad04b9dca14120b45d43aae8c"
  integrity sha512-QsZAhAc3iEI0y3O5vxLKqfV8e56SXqkXzXPGrEedPLNe1Ck4TUbD6IU9ZAS1RVmbGt765Lk+Ow7gOsH9E8fzxg==

"@types/node@12.12.37":
  version "12.12.37"
  resolved "https://registry.yarnpkg.com/@types/node/-/node-12.12.37.tgz#cb4782d847f801fa58316da5b4801ca3a59ae790"
  integrity sha512-4mXKoDptrXAwZErQHrLzpe0FN/0Wmf5JRniSVIdwUrtDf9wnmEV1teCNLBo/TwuXhkK/bVegoEn/wmb+x0AuPg==

arg@^4.1.0:
  version "4.1.3"
  resolved "https://registry.yarnpkg.com/arg/-/arg-4.1.3.tgz#269fc7ad5b8e42cb63c896d5666017261c144089"
  integrity sha512-58S9QDqG0Xx27YwPSt9fJxivjYl432YCwfDMfZ+71RAqUrZef7LrKQZ3LHLOwCS4FLNBplP533Zx895SeOCHvA==

buffer-from@^1.0.0:
  version "1.1.1"
  resolved "https://registry.yarnpkg.com/buffer-from/-/buffer-from-1.1.1.tgz#32713bc028f75c02fdb710d7c7bcec1f2c6070ef"
  integrity sha512-MQcXEUbCKtEo7bhqEs6560Hyd4XaovZlO/k9V3hjVUF/zwW7KBVdSK4gIt/bzwS9MbR5qob+F5jusZsb0YQK2A==

diff@^4.0.1:
  version "4.0.2"
  resolved "https://registry.yarnpkg.com/diff/-/diff-4.0.2.tgz#60f3aecb89d5fae520c11aa19efc2bb982aade7d"
  integrity sha512-58lmxKSA4BNyLz+HHMUzlOEpg09FV+ev6ZMe3vJihgdxzgcwZ8VoEEPmALCZG9LmqfVoNMMKpttIYTVG6uDY7A==

make-error@^1.1.1:
  version "1.3.6"
  resolved "https://registry.yarnpkg.com/make-error/-/make-error-1.3.6.tgz#2eb2e37ea9b67c4891f684a1394799af484cf7a2"
  integrity sha512-s8UhlNe7vPKomQhC1qFelMokr/Sc3AgNbso3n74mVPA5LTZwkB9NlXf4XPamLxJE8h0gh73rM94xvwRT2CVInw==

source-map-support@^0.5.17:
  version "0.5.17"
  resolved "https://registry.yarnpkg.com/source-map-support/-/source-map-support-0.5.17.tgz#29fe1b3c98b9dbd5064ada89052ee8ff070cb46c"
  integrity sha512-bwdKOBZ5L0gFRh4KOxNap/J/MpvX9Yxsq9lFDx65s3o7F/NiHy7JRaGIS8MwW6tZPAq9UXE207Il0cfcb5yu/Q==
  dependencies:
    buffer-from "^1.0.0"
    source-map "^0.6.0"

source-map@^0.6.0:
  version "0.6.1"
  resolved "https://registry.yarnpkg.com/source-map/-/source-map-0.6.1.tgz#74722af32e9614e9c287a8d0bbde48b5e2f1a263"
  integrity sha512-UjgapumWlbMhkBgzT7Ykc5YXUT46F0iKu8SGXq0bcwP5dz/h0Plj6enJqjz1Zbq2l5WaqYnrVbwWOWMyF3F47g==

ts-node@8.9.0:
  version "8.9.0"
  resolved "https://registry.yarnpkg.com/ts-node/-/ts-node-8.9.0.tgz#d7bf7272dcbecd3a2aa18bd0b96c7d2f270c15d4"
  integrity sha512-rwkXfOs9zmoHrV8xE++dmNd6ZIS+nmHHCxcV53ekGJrxFLMbp+pizpPS07ARvhwneCIECPppOwbZHvw9sQtU4w==
  dependencies:
    arg "^4.1.0"
    diff "^4.0.1"
    make-error "^1.1.1"
    source-map-support "^0.5.17"
    yn "3.1.1"

typescript@3.8.3:
  version "3.8.3"
  resolved "https://registry.yarnpkg.com/typescript/-/typescript-3.8.3.tgz#409eb8544ea0335711205869ec458ab109ee1061"
  integrity sha512-MYlEfn5VrLNsgudQTVJeNaQFUAI7DkhnOjdpAp4T+ku1TfQClewlbSuTVHiA+8skNBgaf02TL/kLOvig4y3G8w==

yn@3.1.1:
  version "3.1.1"
  resolved "https://registry.yarnpkg.com/yn/-/yn-3.1.1.tgz#1e87401a09d767c1d5eab26a6e4c185182d2eb50"
  integrity sha512-Ux4ygGWsu2c7isFWe8Yu1YluJmqVhxqK2cLXNQA5AcC3QfbGNpM7fu0Y8b/z16pXLnFxZYvWhd3fhBY9DLmC6Q==
