# THIS IS AN AUTOGENERATED FILE. DO NOT EDIT THIS FILE DIRECTLY.
# yarn lockfile v1


"@prisma/bar@0.0.1":
  version "0.0.1"
  resolved "https://registry.yarnpkg.com/@prisma/bar/-/bar-0.0.1.tgz#088c4fbbb79c588391437ade9fd3a85527e753b3"
  integrity sha512-FVLhwVkbfhXlBhroWfIXMLi+3Jh9IEzYp+9z+MUUiw3ZsbcoAil7CN9/QIjHc4/TcCRyRfuSmT7qCnn4O+TjJw==

"@prisma/cli@2.11.0-dev.47":
  version "2.11.0-dev.47"
  resolved "https://registry.yarnpkg.com/@prisma/cli/-/cli-2.11.0-dev.47.tgz#cf540c9c7d1c874b04295e71d56cc41d64ed8a9b"
  integrity sha512-CgwWE9Pmrq/BJFISrtVnpc59Var1nbEwikZ1qjwr0OLgzuONZ0IKeY4m6oaaR/gFdbdaynkjU+1Knz4SbNlxPA==
  dependencies:
    "@prisma/bar" "0.0.1"
    "@prisma/engines" "2.11.2-9-a624a6628b9e5e453bb8f8cb0460e233a3a97e62"

"@prisma/client@2.11.0-dev.47":
  version "2.11.0-dev.47"
  resolved "https://registry.yarnpkg.com/@prisma/client/-/client-2.11.0-dev.47.tgz#f0be793cda7a17737f40f313bf5c4aad3f192a69"
  integrity sha512-knG4sbY0c5WsiCaj1u26H0kbigPECKhGryttU2+Ng+f5cSeET7PzW0qfPwkqS8ETCtt/TVKO44Jj3R9JYBNITA==
  dependencies:
    "@prisma/engines-version" "2.11.2-9-a624a6628b9e5e453bb8f8cb0460e233a3a97e62"

"@prisma/engines-version@2.11.2-9-a624a6628b9e5e453bb8f8cb0460e233a3a97e62":
  version "2.11.2-9-a624a6628b9e5e453bb8f8cb0460e233a3a97e62"
  resolved "https://registry.yarnpkg.com/@prisma/engines-version/-/engines-version-2.11.2-9-a624a6628b9e5e453bb8f8cb0460e233a3a97e62.tgz#1bdaa9baa37a51c3a6e1bb269255af68e81e00ae"
  integrity sha512-drzEltbBfR1pfWheWOiKERNJDFTAvE6GeDyP2hV5gJDQn/qTMRHxZaOb3FYNzABN1OfTG/TKnw0gEbaCUdZyDA==

"@prisma/engines@2.11.2-9-a624a6628b9e5e453bb8f8cb0460e233a3a97e62":
  version "2.11.2-9-a624a6628b9e5e453bb8f8cb0460e233a3a97e62"
  resolved "https://registry.yarnpkg.com/@prisma/engines/-/engines-2.11.2-9-a624a6628b9e5e453bb8f8cb0460e233a3a97e62.tgz#11c25554e4ebd1b7e5df3c4bd83cc19cb8489466"
  integrity sha512-BT3QCUK53grzq03h0g7bfwh5Bc78F4xeERjBJwqioEs+IK5nl+pQgpN4gcxKlVz54f7+05dw/cD6x02RBXGlIQ==

"@types/node@12.19.3":
  version "12.19.3"
  resolved "https://registry.yarnpkg.com/@types/node/-/node-12.19.3.tgz#a6e252973214079155f749e8bef99cc80af182fa"
  integrity sha512-8Jduo8wvvwDzEVJCOvS/G6sgilOLvvhn1eMmK3TW8/T217O7u1jdrK6ImKLv80tVryaPSVeKu6sjDEiFjd4/eg==

arg@^4.1.0:
  version "4.1.3"
  resolved "https://registry.yarnpkg.com/arg/-/arg-4.1.3.tgz#269fc7ad5b8e42cb63c896d5666017261c144089"
  integrity sha512-58S9QDqG0Xx27YwPSt9fJxivjYl432YCwfDMfZ+71RAqUrZef7LrKQZ3LHLOwCS4FLNBplP533Zx895SeOCHvA==

buffer-from@^1.0.0:
  version "1.1.1"
  resolved "https://registry.yarnpkg.com/buffer-from/-/buffer-from-1.1.1.tgz#32713bc028f75c02fdb710d7c7bcec1f2c6070ef"
  integrity sha512-MQcXEUbCKtEo7bhqEs6560Hyd4XaovZlO/k9V3hjVUF/zwW7KBVdSK4gIt/bzwS9MbR5qob+F5jusZsb0YQK2A==

diff@^4.0.1:
  version "4.0.2"
  resolved "https://registry.yarnpkg.com/diff/-/diff-4.0.2.tgz#60f3aecb89d5fae520c11aa19efc2bb982aade7d"
  integrity sha512-58lmxKSA4BNyLz+HHMUzlOEpg09FV+ev6ZMe3vJihgdxzgcwZ8VoEEPmALCZG9LmqfVoNMMKpttIYTVG6uDY7A==

make-error@^1.1.1:
  version "1.3.6"
  resolved "https://registry.yarnpkg.com/make-error/-/make-error-1.3.6.tgz#2eb2e37ea9b67c4891f684a1394799af484cf7a2"
  integrity sha512-s8UhlNe7vPKomQhC1qFelMokr/Sc3AgNbso3n74mVPA5LTZwkB9NlXf4XPamLxJE8h0gh73rM94xvwRT2CVInw==

source-map-support@^0.5.17:
  version "0.5.17"
  resolved "https://registry.yarnpkg.com/source-map-support/-/source-map-support-0.5.17.tgz#29fe1b3c98b9dbd5064ada89052ee8ff070cb46c"
  integrity sha512-bwdKOBZ5L0gFRh4KOxNap/J/MpvX9Yxsq9lFDx65s3o7F/NiHy7JRaGIS8MwW6tZPAq9UXE207Il0cfcb5yu/Q==
  dependencies:
    buffer-from "^1.0.0"
    source-map "^0.6.0"

source-map@^0.6.0:
  version "0.6.1"
  resolved "https://registry.yarnpkg.com/source-map/-/source-map-0.6.1.tgz#74722af32e9614e9c287a8d0bbde48b5e2f1a263"
  integrity sha512-UjgapumWlbMhkBgzT7Ykc5YXUT46F0iKu8SGXq0bcwP5dz/h0Plj6enJqjz1Zbq2l5WaqYnrVbwWOWMyF3F47g==

ts-node@9.0.0:
  version "9.0.0"
  resolved "https://registry.yarnpkg.com/ts-node/-/ts-node-9.0.0.tgz#e7699d2a110cc8c0d3b831715e417688683460b3"
  integrity sha512-/TqB4SnererCDR/vb4S/QvSZvzQMJN8daAslg7MeaiHvD8rDZsSfXmNeNumyZZzMned72Xoq/isQljYSt8Ynfg==
  dependencies:
    arg "^4.1.0"
    diff "^4.0.1"
    make-error "^1.1.1"
    source-map-support "^0.5.17"
    yn "3.1.1"

typescript@4.0.5:
  version "4.0.5"
  resolved "https://registry.yarnpkg.com/typescript/-/typescript-4.0.5.tgz#ae9dddfd1069f1cb5beb3ef3b2170dd7c1332389"
  integrity sha512-ywmr/VrTVCmNTJ6iV2LwIrfG1P+lv6luD8sUJs+2eI9NLGigaN+nUQc13iHqisq7bra9lnmUSYqbJvegraBOPQ==

yn@3.1.1:
  version "3.1.1"
  resolved "https://registry.yarnpkg.com/yn/-/yn-3.1.1.tgz#1e87401a09d767c1d5eab26a6e4c185182d2eb50"
  integrity sha512-Ux4ygGWsu2c7isFWe8Yu1YluJmqVhxqK2cLXNQA5AcC3QfbGNpM7fu0Y8b/z16pXLnFxZYvWhd3fhBY9DLmC6Q==
