# THIS IS AN AUTOGENERATED FILE. DO NOT EDIT THIS FILE DIRECTLY.
# yarn lockfile v1


"@prisma/client@2.26.0-dev.45":
  version "2.26.0-dev.45"
  resolved "https://registry.yarnpkg.com/@prisma/client/-/client-2.26.0-dev.45.tgz#08ad0c0fa8ecbea7d37ee0affcdb75c51dd09150"
  integrity sha512-osXW1mmiWYynJk20cAKgQiFJwBhZDboaLMNg8FCSfz88SHs2rVRW7uygRySbAZDx579cxayz5XStITma/UMGNQ==
  dependencies:
    "@prisma/engines-version" "2.26.0-20.e6bd3dc12d849124a04c3a8e6bd9c194381afda3"

"@prisma/engines-version@2.26.0-20.e6bd3dc12d849124a04c3a8e6bd9c194381afda3":
  version "2.26.0-20.e6bd3dc12d849124a04c3a8e6bd9c194381afda3"
  resolved "https://registry.yarnpkg.com/@prisma/engines-version/-/engines-version-2.26.0-20.e6bd3dc12d849124a04c3a8e6bd9c194381afda3.tgz#020c1e0d67906832b8afeeaa0c9fed4a16146cc0"
  integrity sha512-IItYtgEZq+SKtxasJgJVcwdnHm61OnCRrO4YQ/rdxEE22SyNRZlUvGyzHCtApc3hcN2372Gub6j8ujCa4dhFXQ==

"@prisma/engines@2.26.0-20.e6bd3dc12d849124a04c3a8e6bd9c194381afda3":
  version "2.26.0-20.e6bd3dc12d849124a04c3a8e6bd9c194381afda3"
  resolved "https://registry.yarnpkg.com/@prisma/engines/-/engines-2.26.0-20.e6bd3dc12d849124a04c3a8e6bd9c194381afda3.tgz#6fef4221d40f1e7340be124898b54a2dde4eddef"
  integrity sha512-Hm8y82wF1R00JO9eSrbYFm4uAsWlA7sNViozlj9jsuDTvAudU7fHEfTaX0KFguJQlDj8KPCXOOU8wUJJJ3cG4g==

"@types/node@12.20.15":
  version "12.20.15"
  resolved "https://registry.yarnpkg.com/@types/node/-/node-12.20.15.tgz#10ee6a6a3f971966fddfa3f6e89ef7a73ec622df"
  integrity sha512-F6S4Chv4JicJmyrwlDkxUdGNSplsQdGwp1A0AJloEVDirWdZOAiRHhovDlsFkKUrquUXhz1imJhXHsf59auyAg==

prisma@2.26.0-dev.45:
  version "2.26.0-dev.45"
  resolved "https://registry.yarnpkg.com/prisma/-/prisma-2.26.0-dev.45.tgz#5e4053b0eb9f12ab1755d3bcc0a23811c40c2646"
  integrity sha512-S1vdSO/AEOL46Oehn1fVzgPlQHCztOhOoY9fwnIuAM05QQgIu93pipFgE6srawnB7I17gXQ1CiiLGZIkqkg1mw==
  dependencies:
    "@prisma/engines" "2.26.0-20.e6bd3dc12d849124a04c3a8e6bd9c194381afda3"
