# THIS IS AN AUTOGENERATED FILE. DO NOT EDIT THIS FILE DIRECTLY.
# yarn lockfile v1


"@prisma/client@2.29.0-dev.22":
  version "2.29.0-dev.22"
  resolved "https://registry.yarnpkg.com/@prisma/client/-/client-2.29.0-dev.22.tgz#a7e0ee2ef7976b40bcc222a22618a7b84a4bd80e"
  integrity sha512-Al376p/OantlQJnRZeCgsEtCdxg+3IySxvnnsfA/jpad/h9yi71+s4vfDdTn3DPlGGcXae+6wnLstsC4RdGRQA==
  dependencies:
    "@prisma/engines-version" "2.29.0-13.10a1beca097abd55b7d4a40e6a1035985ba4e219"

"@prisma/engines-version@2.29.0-13.10a1beca097abd55b7d4a40e6a1035985ba4e219":
  version "2.29.0-13.10a1beca097abd55b7d4a40e6a1035985ba4e219"
  resolved "https://registry.yarnpkg.com/@prisma/engines-version/-/engines-version-2.29.0-13.10a1beca097abd55b7d4a40e6a1035985ba4e219.tgz#f7bcb4c807fb2c06cd1196e6281ddb35b9f1321f"
  integrity sha512-ZQ3Z5K2YhtbUVeyZu15hF8fxgBQx8eod/5DWyApdothSPnu2Lz/nOG0WzdrwEIluSQBOXtHpOygiBsSC5b+IpA==

"@prisma/engines@2.29.0-13.10a1beca097abd55b7d4a40e6a1035985ba4e219":
  version "2.29.0-13.10a1beca097abd55b7d4a40e6a1035985ba4e219"
  resolved "https://registry.yarnpkg.com/@prisma/engines/-/engines-2.29.0-13.10a1beca097abd55b7d4a40e6a1035985ba4e219.tgz#7bb0c08e6f786013f2c75a39bdd19e5aac0dccd6"
  integrity sha512-+j+2o1/rdysn8CFSTLIsDYW8aeEmpBJQ0PayBiROFgPJOlUEaqYKFn/q3Iph4VTh7XRZsYITulwUaolH0XRTSg==

"@types/node@12.20.18":
  version "12.20.18"
  resolved "https://registry.yarnpkg.com/@types/node/-/node-12.20.18.tgz#37a0aab0560d1186da54ee5d62ff6a78cacb8c75"
  integrity sha512-YoTiIwdKxM3VLiY2sM05x4iGuTveYiCcDaUVmo1L5ndrXxPGW/NEoZu+pGcBirziomizcZsnsQoemikKcB2fRA==

prisma@2.29.0-dev.22:
  version "2.29.0-dev.22"
  resolved "https://registry.yarnpkg.com/prisma/-/prisma-2.29.0-dev.22.tgz#a4463bf30eca4a8705cdea588cae6fa149ec60f3"
  integrity sha512-lLFU72uZz6uDXeNIxZYFQ2g+JEoXWbGjc5XlMYc1gGooiWHYae5/mjCtBlV/oDPAIPL8yKSq3oc8uX1kFRTD+w==
  dependencies:
    "@prisma/engines" "2.29.0-13.10a1beca097abd55b7d4a40e6a1035985ba4e219"
