# THIS IS AN AUTOGENERATED FILE. DO NOT EDIT THIS FILE DIRECTLY.
# yarn lockfile v1


"@prisma/client@2.27.0-dev.23":
  version "2.27.0-dev.23"
  resolved "https://registry.yarnpkg.com/@prisma/client/-/client-2.27.0-dev.23.tgz#2bc257a06780e744b9b7fe6323140660052b487b"
  integrity sha512-lz4d8r5lu+MT8T8AlEjqUypc4oYAatjvftqISpToyIlGqMabknmNcqiitCmgCPNfu33xLmZUf79VxN/NrdljrQ==
  dependencies:
    "@prisma/engines-version" "2.27.0-17.58a6ed2785fdbdbecca10a9fcfc8ec0397da81ad"

"@prisma/engines-version@2.27.0-17.58a6ed2785fdbdbecca10a9fcfc8ec0397da81ad":
  version "2.27.0-17.58a6ed2785fdbdbecca10a9fcfc8ec0397da81ad"
  resolved "https://registry.yarnpkg.com/@prisma/engines-version/-/engines-version-2.27.0-17.58a6ed2785fdbdbecca10a9fcfc8ec0397da81ad.tgz#c54ecf06e3ad37699d003013b5fe23b8150fcf7f"
  integrity sha512-PHAeRm4zYE4S6dTIYliUGgqhj2+V4M+NFLXpKOg3p9ao91mJT2Lu7KZGS5mCuNpjo4zWmQtk096gXw39vLYDTw==

"@prisma/engines@2.27.0-17.58a6ed2785fdbdbecca10a9fcfc8ec0397da81ad":
  version "2.27.0-17.58a6ed2785fdbdbecca10a9fcfc8ec0397da81ad"
  resolved "https://registry.yarnpkg.com/@prisma/engines/-/engines-2.27.0-17.58a6ed2785fdbdbecca10a9fcfc8ec0397da81ad.tgz#0820bca6e0467807afa26983ffebfa8b656f0b84"
  integrity sha512-EH9xYjHHVHYGx48t45AgNWIxpYNiClPmIKqiDl96XwyLlyFpRDCdU3Qhkmlug4+GKUSNilhIx+A1uhWsXRzQyA==

"@types/node@12.20.15":
  version "12.20.15"
  resolved "https://registry.yarnpkg.com/@types/node/-/node-12.20.15.tgz#10ee6a6a3f971966fddfa3f6e89ef7a73ec622df"
  integrity sha512-F6S4Chv4JicJmyrwlDkxUdGNSplsQdGwp1A0AJloEVDirWdZOAiRHhovDlsFkKUrquUXhz1imJhXHsf59auyAg==

prisma@2.27.0-dev.23:
  version "2.27.0-dev.23"
  resolved "https://registry.yarnpkg.com/prisma/-/prisma-2.27.0-dev.23.tgz#1c2f3e19680c606a193264f3eed0d577c26812fd"
  integrity sha512-WA8zCvdjWn6XitX8yYu+08JBSPaJk+iszuo6EymCZYYU5woPvbnBsgbHjVGQ4lYXzW8d4ehlBtqtkgtcGKQC4g==
  dependencies:
    "@prisma/engines" "2.27.0-17.58a6ed2785fdbdbecca10a9fcfc8ec0397da81ad"
