lockfileVersion: '9.0'

settings:
  autoInstallPeers: true
  excludeLinksFromLockfile: false

importers:

  .:
    dependencies:
      '@prisma/client':
        specifier: 6.8.0-dev.40
        version: 6.8.0-dev.40(prisma@6.8.0-dev.40(typescript@5.8.2))(typescript@5.8.2)
    devDependencies:
      prisma:
        specifier: 6.8.0-dev.40
        version: 6.8.0-dev.40(typescript@5.8.2)
      ts-node:
        specifier: 10.9.2
        version: 10.9.2(@types/node@20.4.1)(typescript@5.8.2)
      typescript:
        specifier: 5.8.2
        version: 5.8.2

packages:

  '@cspotcode/source-map-support@0.8.1':
    resolution: {integrity: sha512-IchNf6dN4tHoMFIn/7OE8LWZ19Y6q/67Bmf6vnGREv8RSbBVb9LPJxEcnwrcwX6ixSvaiGoomAUvu4YSxXrVgw==}
    engines: {node: '>=12'}

  '@jridgewell/resolve-uri@3.1.0':
    resolution: {integrity: sha512-F2msla3tad+Mfht5cJq7LSXcdudKTWCVYUgw6pLFOOHSTtZlj6SWNYAp+AhuqLmWdBO2X5hPrLcu8cVP8fy28w==}
    engines: {node: '>=6.0.0'}

  '@jridgewell/sourcemap-codec@1.4.14':
    resolution: {integrity: sha512-XPSJHWmi394fuUuzDnGz1wiKqWfo1yXecHQMRf2l6hztTO+nPru658AyDngaBe7isIxEkRsPR3FZh+s7iVa4Uw==}

  '@jridgewell/trace-mapping@0.3.9':
    resolution: {integrity: sha512-3Belt6tdc8bPgAtbcmdtNJlirVoTmEb5e2gC94PnkwEW9jI6CAHUeoG85tjWP5WquqfavoMtMwiG4P926ZKKuQ==}

  '@prisma/client@6.8.0-dev.40':
    resolution: {integrity: sha512-hhIiwkGCkutrGYRBpsmI2iZY1o/81X8ole9VbdeonyjYYVm7gNJolryFmQ1rZywtqbUfIAGiV/m9MhcSvrW5/g==}
    engines: {node: '>=18.18'}
    peerDependencies:
      prisma: '*'
      typescript: '>=5.1.0'
    peerDependenciesMeta:
      prisma:
        optional: true
      typescript:
        optional: true

  '@prisma/config@6.8.0-dev.40':
    resolution: {integrity: sha512-7RI1C18UF7zRA9UGaWEcSIxUuD3SnAPhoPdibG7+2hKi9Pbk9x1llq0lgQLeS2TKlSIKO7J1oYVqmJdjOy5Tbw==}

  '@prisma/debug@6.8.0-dev.40':
    resolution: {integrity: sha512-LWYr+q10h3U6fenQwYewkB4hHbCNFHqw7LfBX6lgarbwg0jTWxo4lSDeUuDCHmNIdjnaehGCuC/xWA6VzjOjKg==}

  '@prisma/engines-version@6.8.0-41.b03dd9008d13ed18b5f85f9fc9d97c16419fd0e2':
    resolution: {integrity: sha512-EO/CPFpzwdP8dD1gjdr+Kb/vuULAOq2Xeqq+siQjftpRPNZSbLAPPMKBXgJUBl8kR+dwPoJKaeq6aqxq7UzpEQ==}

  '@prisma/engines@6.8.0-dev.40':
    resolution: {integrity: sha512-glggOMTCACwmzMMAQSNM4UPNgd4A95f9PPR/xrAbyvo6qqMY9QeTyKXRozsxiTD+LmYKt4kNSq2ZRizBhZeFFQ==}

  '@prisma/fetch-engine@6.8.0-dev.40':
    resolution: {integrity: sha512-xNdZewaiYolo9QainBQ/m5jyMNiTnrpzP/EbhEOBGbGuNP/O0Nu92Rtvkb4bJUoX7b79QCBnltoytaSxFbA0/A==}

  '@prisma/get-platform@6.8.0-dev.40':
    resolution: {integrity: sha512-R4NS0/+GeRZFLdYJErdAjG6F/lnb3rQ97COaGuFD1OcSg8KNFmBpOFEHwzFmYD2vA6bglN3g4n5xwpdgRa0HJg==}

  '@tsconfig/node10@1.0.9':
    resolution: {integrity: sha512-jNsYVVxU8v5g43Erja32laIDHXeoNvFEpX33OK4d6hljo3jDhCBDhx5dhCCTMWUojscpAagGiRkBKxpdl9fxqA==}

  '@tsconfig/node12@1.0.11':
    resolution: {integrity: sha512-cqefuRsh12pWyGsIoBKJA9luFu3mRxCA+ORZvA4ktLSzIuCUtWVxGIuXigEwO5/ywWFMZ2QEGKWvkZG1zDMTag==}

  '@tsconfig/node14@1.0.3':
    resolution: {integrity: sha512-ysT8mhdixWK6Hw3i1V2AeRqZ5WfXg1G43mqoYlM2nc6388Fq5jcXyr5mRsqViLx/GJYdoL0bfXD8nmF+Zn/Iow==}

  '@tsconfig/node16@1.0.3':
    resolution: {integrity: sha512-yOlFc+7UtL/89t2ZhjPvvB/DeAr3r+Dq58IgzsFkOAvVC6NMJXmCGjbptdXdR9qsX7pKcTL+s87FtYREi2dEEQ==}

  '@types/node@20.4.1':
    resolution: {integrity: sha512-JIzsAvJeA/5iY6Y/OxZbv1lUcc8dNSE77lb2gnBH+/PJ3lFR1Ccvgwl5JWnHAkNHcRsT0TbpVOsiMKZ1F/yyJg==}

  acorn-walk@8.2.0:
    resolution: {integrity: sha512-k+iyHEuPgSw6SbuDpGQM+06HQUa04DZ3o+F6CSzXMvvI5KMvnaEqXe+YVe555R9nn6GPt404fos4wcgpw12SDA==}
    engines: {node: '>=0.4.0'}

  acorn@8.8.2:
    resolution: {integrity: sha512-xjIYgE8HBrkpd/sJqOGNspf8uHG+NOHGOw6a/Urj8taM2EXfdNAH2oFcPeIFfsv3+kz/mJrS5VuMqbNLjCa2vw==}
    engines: {node: '>=0.4.0'}
    hasBin: true

  arg@4.1.3:
    resolution: {integrity: sha512-58S9QDqG0Xx27YwPSt9fJxivjYl432YCwfDMfZ+71RAqUrZef7LrKQZ3LHLOwCS4FLNBplP533Zx895SeOCHvA==}

  create-require@1.1.1:
    resolution: {integrity: sha512-dcKFX3jn0MpIaXjisoRvexIJVEKzaq7z2rZKxf+MSr9TkdmHmsU4m2lcLojrj/FHl8mk5VxMmYA+ftRkP/3oKQ==}

  diff@4.0.2:
    resolution: {integrity: sha512-58lmxKSA4BNyLz+HHMUzlOEpg09FV+ev6ZMe3vJihgdxzgcwZ8VoEEPmALCZG9LmqfVoNMMKpttIYTVG6uDY7A==}
    engines: {node: '>=0.3.1'}

  jiti@2.4.2:
    resolution: {integrity: sha512-rg9zJN+G4n2nfJl5MW3BMygZX56zKPNVEYYqq7adpmMh4Jn2QNEwhvQlFy6jPVdcod7txZtKHWnyZiA3a0zP7A==}
    hasBin: true

  make-error@1.3.6:
    resolution: {integrity: sha512-s8UhlNe7vPKomQhC1qFelMokr/Sc3AgNbso3n74mVPA5LTZwkB9NlXf4XPamLxJE8h0gh73rM94xvwRT2CVInw==}

  prisma@6.8.0-dev.40:
    resolution: {integrity: sha512-WBBIiKWUEMQ5asLck7dExPhm+z/ihXfcPoNtseJuUJknoXFYtzPwVHs8R3PbEvCqzkt9JND81lZTGXNSOWGOOw==}
    engines: {node: '>=18.18'}
    hasBin: true
    peerDependencies:
      typescript: '>=5.1.0'
    peerDependenciesMeta:
      typescript:
        optional: true

  ts-node@10.9.2:
    resolution: {integrity: sha512-f0FFpIdcHgn8zcPSbf1dRevwt047YMnaiJM3u2w2RewrB+fob/zePZcrOyQoLMMO7aBIddLcQIEK5dYjkLnGrQ==}
    hasBin: true
    peerDependencies:
      '@swc/core': '>=1.2.50'
      '@swc/wasm': '>=1.2.50'
      '@types/node': '*'
      typescript: '>=2.7'
    peerDependenciesMeta:
      '@swc/core':
        optional: true
      '@swc/wasm':
        optional: true

  typescript@5.8.2:
    resolution: {integrity: sha512-aJn6wq13/afZp/jT9QZmwEjDqqvSGp1VT5GVg+f/t6/oVyrgXM6BY1h9BRh/O5p3PlUPAe+WuiEZOmb/49RqoQ==}
    engines: {node: '>=14.17'}
    hasBin: true

  v8-compile-cache-lib@3.0.1:
    resolution: {integrity: sha512-wa7YjyUGfNZngI/vtK0UHAN+lgDCxBPCylVXGp0zu59Fz5aiGtNXaq3DhIov063MorB+VfufLh3JlF2KdTK3xg==}

  yn@3.1.1:
    resolution: {integrity: sha512-Ux4ygGWsu2c7isFWe8Yu1YluJmqVhxqK2cLXNQA5AcC3QfbGNpM7fu0Y8b/z16pXLnFxZYvWhd3fhBY9DLmC6Q==}
    engines: {node: '>=6'}

snapshots:

  '@cspotcode/source-map-support@0.8.1':
    dependencies:
      '@jridgewell/trace-mapping': 0.3.9

  '@jridgewell/resolve-uri@3.1.0': {}

  '@jridgewell/sourcemap-codec@1.4.14': {}

  '@jridgewell/trace-mapping@0.3.9':
    dependencies:
      '@jridgewell/resolve-uri': 3.1.0
      '@jridgewell/sourcemap-codec': 1.4.14

  '@prisma/client@6.8.0-dev.40(prisma@6.8.0-dev.40(typescript@5.8.2))(typescript@5.8.2)':
    optionalDependencies:
      prisma: 6.8.0-dev.40(typescript@5.8.2)
      typescript: 5.8.2

  '@prisma/config@6.8.0-dev.40':
    dependencies:
      jiti: 2.4.2

  '@prisma/debug@6.8.0-dev.40': {}

  '@prisma/engines-version@6.8.0-41.b03dd9008d13ed18b5f85f9fc9d97c16419fd0e2': {}

  '@prisma/engines@6.8.0-dev.40':
    dependencies:
      '@prisma/debug': 6.8.0-dev.40
      '@prisma/engines-version': 6.8.0-41.b03dd9008d13ed18b5f85f9fc9d97c16419fd0e2
      '@prisma/fetch-engine': 6.8.0-dev.40
      '@prisma/get-platform': 6.8.0-dev.40

  '@prisma/fetch-engine@6.8.0-dev.40':
    dependencies:
      '@prisma/debug': 6.8.0-dev.40
      '@prisma/engines-version': 6.8.0-41.b03dd9008d13ed18b5f85f9fc9d97c16419fd0e2
      '@prisma/get-platform': 6.8.0-dev.40

  '@prisma/get-platform@6.8.0-dev.40':
    dependencies:
      '@prisma/debug': 6.8.0-dev.40

  '@tsconfig/node10@1.0.9': {}

  '@tsconfig/node12@1.0.11': {}

  '@tsconfig/node14@1.0.3': {}

  '@tsconfig/node16@1.0.3': {}

  '@types/node@20.4.1': {}

  acorn-walk@8.2.0: {}

  acorn@8.8.2: {}

  arg@4.1.3: {}

  create-require@1.1.1: {}

  diff@4.0.2: {}

  jiti@2.4.2: {}

  make-error@1.3.6: {}

  prisma@6.8.0-dev.40(typescript@5.8.2):
    dependencies:
      '@prisma/config': 6.8.0-dev.40
      '@prisma/engines': 6.8.0-dev.40
    optionalDependencies:
      typescript: 5.8.2

  ts-node@10.9.2(@types/node@20.4.1)(typescript@5.8.2):
    dependencies:
      '@cspotcode/source-map-support': 0.8.1
      '@tsconfig/node10': 1.0.9
      '@tsconfig/node12': 1.0.11
      '@tsconfig/node14': 1.0.3
      '@tsconfig/node16': 1.0.3
      '@types/node': 20.4.1
      acorn: 8.8.2
      acorn-walk: 8.2.0
      arg: 4.1.3
      create-require: 1.1.1
      diff: 4.0.2
      make-error: 1.3.6
      typescript: 5.8.2
      v8-compile-cache-lib: 3.0.1
      yn: 3.1.1

  typescript@5.8.2: {}

  v8-compile-cache-lib@3.0.1: {}

  yn@3.1.1: {}
