# THIS IS AN AUTOGENERATED FILE. DO NOT EDIT THIS FILE DIRECTLY.
# yarn lockfile v1


"@prisma/client@5.6.0-dev.2":
  version "5.6.0-dev.2"
  resolved "https://registry.yarnpkg.com/@prisma/client/-/client-5.6.0-dev.2.tgz#114d1259f35ad1b3b5af3b09da724e1fcd8822d8"
  integrity sha512-t4MXRxYugztp0lrdkmq2sLndL4R4F5tXqrindW9jzaVfi9S8+pD6Gb6xdNU82GWYSmW1UDGWI9eYSFssWOb9MQ==
  dependencies:
    "@prisma/engines-version" "5.5.0-19.475c616176945d72f4330c92801f0c5e6398dc0f"

"@prisma/engines-version@5.5.0-19.475c616176945d72f4330c92801f0c5e6398dc0f":
  version "5.5.0-19.475c616176945d72f4330c92801f0c5e6398dc0f"
  resolved "https://registry.yarnpkg.com/@prisma/engines-version/-/engines-version-5.5.0-19.475c616176945d72f4330c92801f0c5e6398dc0f.tgz#c3ddca62ee65158a20ce194c2492791f506f4bfc"
  integrity sha512-/1orOUq7I54ISYBJockYB15FmF/VkCBeFzYYkWyLtBl2tLlJWHmA3NEUBM+wSmXGLK78BmuSNHrLbf8bmXkukQ==

"@prisma/engines@5.6.0-dev.2":
  version "5.6.0-dev.2"
  resolved "https://registry.yarnpkg.com/@prisma/engines/-/engines-5.6.0-dev.2.tgz#dd185a9618c160436660d5f2f4d01fdeee9f2ff4"
  integrity sha512-65NTBakLzehcVP6HuFTXyOzuVz6V98kwtEF8W3iBFqSZLCpIEzzH/9q6YubiW+Uy62rGQ6yuvVf+MdbFNLHEeA==

prisma@5.6.0-dev.2:
  version "5.6.0-dev.2"
  resolved "https://registry.yarnpkg.com/prisma/-/prisma-5.6.0-dev.2.tgz#162ed0dca1d8b6dd15ad494ca0a1075e02bbfe39"
  integrity sha512-UHFhpYSygvUtNVyDbh576PUsXUUQ1pu0pf9BR9ze/Ou97cpLHZSmqF14P9FhsZcfIUhd8nbbFY8XIrQOIKXfYw==
  dependencies:
    "@prisma/engines" "5.6.0-dev.2"
