# THIS IS AN AUTOGENERATED FILE. DO NOT EDIT THIS FILE DIRECTLY.
# yarn lockfile v1


"@prisma/client@5.1.0-dev.86":
  version "5.1.0-dev.86"
  resolved "https://registry.yarnpkg.com/@prisma/client/-/client-5.1.0-dev.86.tgz#b904ac9d4b906f571b8d24645ba744b360f8bd54"
  integrity sha512-6NcgvHbpmBtNAxr0gvUwSMoqdeMrTqLfDQGKrFNG9b6dOyNS0HXozIsnO9mtDYGS1d24uy/PkzBJZ8ZXosupCw==
  dependencies:
    "@prisma/engines-version" "5.1.0-22.4b132e0d5319952d155d8bbe2ba802464ebf8c6e"

"@prisma/engines-version@5.1.0-22.4b132e0d5319952d155d8bbe2ba802464ebf8c6e":
  version "5.1.0-22.4b132e0d5319952d155d8bbe2ba802464ebf8c6e"
  resolved "https://registry.yarnpkg.com/@prisma/engines-version/-/engines-version-5.1.0-22.4b132e0d5319952d155d8bbe2ba802464ebf8c6e.tgz#138652116f51acd0d9bd7d8d9891f182008f8bdb"
  integrity sha512-XlybQI2nuNV0TMtu+koasybFniRslGNuq0WNHNVqyJ6dmBiTRbhofns+IFLqb0dqsxxP7kCw/XRhxgq1YvmOvw==

"@prisma/engines@5.1.0-dev.86":
  version "5.1.0-dev.86"
  resolved "https://registry.yarnpkg.com/@prisma/engines/-/engines-5.1.0-dev.86.tgz#b6e83d264f5f54bf34c6aedca5d3b28a05150549"
  integrity sha512-Cmb8ayXTOTEtbQ7oLRM+kWIZYMeYkKH5I1/F89bWxCj8WQeLHbo6BpPRwpUKxGa0JXc9jXqS3cyb+NFE8uGNpg==

prisma@5.1.0-dev.86:
  version "5.1.0-dev.86"
  resolved "https://registry.yarnpkg.com/prisma/-/prisma-5.1.0-dev.86.tgz#498e9244b4449d8df8b4014301b39ecce1d6b1a4"
  integrity sha512-HypS+Nciy2WVYvVaXTiJB4hSTjOU3kG8neaVBd5E4OJEHoSlq/32RseCfX2J92gBWzyVDpgNRk02h7r/d/NtQA==
  dependencies:
    "@prisma/engines" "5.1.0-dev.86"
