# THIS IS AN AUTOGENERATED FILE. DO NOT EDIT THIS FILE DIRECTLY.
# yarn lockfile v1


"@prisma/client@5.6.0-dev.14":
  version "5.6.0-dev.14"
  resolved "https://registry.yarnpkg.com/@prisma/client/-/client-5.6.0-dev.14.tgz#3dab0141095bd44fed8629bbd5df11809c1048a7"
  integrity sha512-a5MZmAGr4qzXjZi23wxDOnC7hB8Ptur1ZhT5rtSLAswStTju71aq+B2c6YyP23wnYUvSlWMujCXtFza5baLFKA==
  dependencies:
    "@prisma/engines-version" "5.6.0-2.f365956fa36e50f1c89d8ffe3997d512ab2d6fec"

"@prisma/engines-version@5.6.0-2.f365956fa36e50f1c89d8ffe3997d512ab2d6fec":
  version "5.6.0-2.f365956fa36e50f1c89d8ffe3997d512ab2d6fec"
  resolved "https://registry.yarnpkg.com/@prisma/engines-version/-/engines-version-5.6.0-2.f365956fa36e50f1c89d8ffe3997d512ab2d6fec.tgz#e77e285d53bc2a85f423fb64aeab766180bf8eef"
  integrity sha512-FLSelrgmJ8hUkKTx5kR6h/hKS0O0oDmQszNjzoIj2LrMuYRcOmIVVBdgHI4FnaRjhR1EyfdK0sQ1pqoYAXoJVg==

"@prisma/engines@5.6.0-dev.14":
  version "5.6.0-dev.14"
  resolved "https://registry.yarnpkg.com/@prisma/engines/-/engines-5.6.0-dev.14.tgz#6951d9a2aa7201a6af6682245f555a80569c53f2"
  integrity sha512-0WK5w1pE3/R1CVezECXkNpKrc8f5boQbgZqr9gWHpMfgpaXqVnBexYBLwObWU1QF1Ks0DcZBRtNoAqdYiiXKGQ==

prisma@5.6.0-dev.14:
  version "5.6.0-dev.14"
  resolved "https://registry.yarnpkg.com/prisma/-/prisma-5.6.0-dev.14.tgz#6be7e597f76c6a959cf3ac9c06b86463ffa89484"
  integrity sha512-bSclT02yCd5pOPp/ld3+G6ybn/QYpAgDzBACKPMILGOujDH9h3H8yN4WT2wYADV/9+8YddKOxW/VoRG2W/4qAQ==
  dependencies:
    "@prisma/engines" "5.6.0-dev.14"
