{
  "version": "5",
  "specifiers": {
    "jsr:@std/assert@*": "1.0.12",
    "jsr:@std/assert@^1.0.12": "1.0.12",
    "jsr:@std/internal@^1.0.6": "1.0.6",
    "npm:@prisma/adapter-pg@6.19.0-integration-next.21": "6.19.0-integration-next.21",
    "npm:@prisma/client@6.19.0-integration-next.21": "6.19.0-integration-next.21_prisma@6.19.0-integration-next.21",
    "npm:@types/node@*": "22.12.0",
    "npm:prisma@6.19.0-integration-next.21": "6.19.0-integration-next.21"
  },
  "jsr": {
    "@std/assert@1.0.12": {
      "integrity": "08009f0926dda9cbd8bef3a35d3b6a4b964b0ab5c3e140a4e0351fbf34af5b9a",
      "dependencies": [
        "jsr:@std/internal"
      ]
    },
    "@std/internal@1.0.6": {
      "integrity": "9533b128f230f73bd209408bb07a4b12f8d4255ab2a4d22a1fd6d87304aca9a4"
    }
  },
  "npm": {
    "@prisma/adapter-pg@6.19.0-integration-next.21": {
      "integrity": "sha512-Sx0xNAsCC7prd09/VbqQnEsNfbRmM6jOtTZY0G6zg9qwKhIDNxfSZHdRR5PFnRPeLkZTp/tEbHWZTAK9mhjAtg==",
      "dependencies": [
        "@prisma/driver-adapter-utils",
        "pg",
        "postgres-array@3.0.4"
      ]
    },
    "@prisma/client-runtime-utils@6.19.0-integration-next.21": {
      "integrity": "sha512-/GuOho+spq6AR7Sin5hi9wMlqqDGkxQGhlv6CTq/8eNnsX2DGCCawar167o2FtvMfJxwf+MeWD0dvp/wiS5f7w=="
    },
    "@prisma/client@6.19.0-integration-next.21_prisma@6.19.0-integration-next.21": {
      "integrity": "sha512-sqe0jTUFWAnfx1mA42FmLU6LP3lRxo5ABvDSlyqMiXxnYZtpQ0H8AA7KYAo5rkyFP5wSepZUtxptqL4T32mHdA==",
      "dependencies": [
        "@prisma/client-runtime-utils",
        "prisma"
      ],
      "optionalPeers": [
        "prisma"
      ],
      "scripts": true
    },
    "@prisma/config@6.19.0-integration-next.21": {
      "integrity": "sha512-sO0wAIseGl/rPedIfughTHJOmoTs3/9zO2Ngn3CvTjgZzz4xRL0uW+RYgBFGVDFYvyRM3GTor3JKTufo94TGlQ==",
      "dependencies": [
        "c12",
        "deepmerge-ts",
        "effect",
        "empathic"
      ]
    },
    "@prisma/debug@6.19.0-integration-next.21": {
      "integrity": "sha512-4CIzPeADZ2R2WFu2RZH6dzEpEehSbjXJYWYKm5NUkEugGWodrwwy2D7P0gH926pY7ExaN2h35Pfd9D5wV3hU/g=="
    },
    "@prisma/driver-adapter-utils@6.19.0-integration-next.21": {
      "integrity": "sha512-tas14qPXiqHlY3JTaUQVf3axphBgyJas+3EuvapqnsU70Hjp33xpG/ZxBiD7+c0i/QokoIDW/Jvi9toj7Zf1zQ==",
      "dependencies": [
        "@prisma/debug"
      ]
    },
    "@prisma/engines-version@6.19.0-31.next-6f525e2b254a97a9c547ae5f2b29c54a171f6b23": {
      "integrity": "sha512-WVSCTe947lyxnIh+IaE0CRgZvCalcNP+JmG25980ApCu9VWKp+InXZ35pyR6mbyK4vEWA5jPjyhaIepGn5V2Vw=="
    },
    "@prisma/engines@6.19.0-integration-next.21": {
      "integrity": "sha512-s/fJuzT04iayvjJ7jb/1tOAsSdFgeacnd/SY9RAwAWBX8qKZ72zwEwXxYc5jnXVrHbSMa4dG3cWi/AOsGhpcRQ==",
      "dependencies": [
        "@prisma/debug",
        "@prisma/engines-version",
        "@prisma/fetch-engine",
        "@prisma/get-platform"
      ],
      "scripts": true
    },
    "@prisma/fetch-engine@6.19.0-integration-next.21": {
      "integrity": "sha512-QWHT0R6DrYEWUWC8iTMIEkVKEGq8g3BkGTc1nBnuGU0hHqNrga917G2TE0IR/ZRC2GSSbS2onUxTO+wydiiVxQ==",
      "dependencies": [
        "@prisma/debug",
        "@prisma/engines-version",
        "@prisma/get-platform"
      ]
    },
    "@prisma/get-platform@6.19.0-integration-next.21": {
      "integrity": "sha512-vg4otESoPhkbJNJuPthPQ475zaW5An4iSsOgt0kw+CDI3DsAuGArAN+V2apcvkIRg/ujpGDdXARMRJqrduiqyw==",
      "dependencies": [
        "@prisma/debug"
      ]
    },
    "@standard-schema/spec@1.0.0": {
      "integrity": "sha512-m2bOd0f2RT9k8QJx1JN85cZYyH1RqFBdlwtkSlf4tBDYLCiiZnv1fIIwacK6cqwXavOydf0NPToMQgpKq+dVlA=="
    },
    "@types/node@22.12.0": {
      "integrity": "sha512-Fll2FZ1riMjNmlmJOdAyY5pUbkftXslB5DgEzlIuNaiWhXd00FhWxVC/r4yV/4wBb9JfImTu+jiSvXTkJ7F/gA==",
      "dependencies": [
        "undici-types"
      ]
    },
    "c12@3.1.0": {
      "integrity": "sha512-uWoS8OU1MEIsOv8p/5a82c3H31LsWVR5qiyXVfBNOzfffjUWtPnhAb4BYI2uG2HfGmZmFjCtui5XNWaps+iFuw==",
      "dependencies": [
        "chokidar",
        "confbox",
        "defu",
        "dotenv",
        "exsolve",
        "giget",
        "jiti",
        "ohash",
        "pathe",
        "perfect-debounce",
        "pkg-types",
        "rc9"
      ]
    },
    "chokidar@4.0.3": {
      "integrity": "sha512-Qgzu8kfBvo+cA4962jnP1KkS6Dop5NS6g7R5LFYJr4b8Ub94PPQXUksCw9PvXoeXPRRddRNC5C1JQUR2SMGtnA==",
      "dependencies": [
        "readdirp"
      ]
    },
    "citty@0.1.6": {
      "integrity": "sha512-tskPPKEs8D2KPafUypv2gxwJP8h/OaJmC82QQGGDQcHvXX43xF2VDACcJVmZ0EuSxkpO9Kc4MlrA3q0+FG58AQ==",
      "dependencies": [
        "consola"
      ]
    },
    "confbox@0.2.2": {
      "integrity": "sha512-1NB+BKqhtNipMsov4xI/NnhCKp9XG9NamYp5PVm9klAT0fsrNPjaFICsCFhNhwZJKNh7zB/3q8qXz0E9oaMNtQ=="
    },
    "consola@3.4.2": {
      "integrity": "sha512-5IKcdX0nnYavi6G7TtOhwkYzyjfJlatbjMjuLSfE2kYT5pMDOilZ4OvMhi637CcDICTmz3wARPoyhqyX1Y+XvA=="
    },
    "deepmerge-ts@7.1.5": {
      "integrity": "sha512-HOJkrhaYsweh+W+e74Yn7YStZOilkoPb6fycpwNLKzSPtruFs48nYis0zy5yJz1+ktUhHxoRDJ27RQAWLIJVJw=="
    },
    "defu@6.1.4": {
      "integrity": "sha512-mEQCMmwJu317oSz8CwdIOdwf3xMif1ttiM8LTufzc3g6kR+9Pe236twL8j3IYT1F7GfRgGcW6MWxzZjLIkuHIg=="
    },
    "destr@2.0.5": {
      "integrity": "sha512-ugFTXCtDZunbzasqBxrK93Ik/DRYsO6S/fedkWEMKqt04xZ4csmnmwGDBAb07QWNaGMAmnTIemsYZCksjATwsA=="
    },
    "dotenv@16.6.1": {
      "integrity": "sha512-uBq4egWHTcTt33a72vpSG0z3HnPuIl6NqYcTrKEg2azoEyl2hpW0zqlxysq2pK9HlDIHyHyakeYaYnSAwd8bow=="
    },
    "effect@3.18.4": {
      "integrity": "sha512-b1LXQJLe9D11wfnOKAk3PKxuqYshQ0Heez+y5pnkd3jLj1yx9QhM72zZ9uUrOQyNvrs2GZZd/3maL0ZV18YuDA==",
      "dependencies": [
        "@standard-schema/spec",
        "fast-check"
      ]
    },
    "empathic@2.0.0": {
      "integrity": "sha512-i6UzDscO/XfAcNYD75CfICkmfLedpyPDdozrLMmQc5ORaQcdMoc21OnlEylMIqI7U8eniKrPMxxtj8k0vhmJhA=="
    },
    "exsolve@1.0.7": {
      "integrity": "sha512-VO5fQUzZtI6C+vx4w/4BWJpg3s/5l+6pRQEHzFRM8WFi4XffSP1Z+4qi7GbjWbvRQEbdIco5mIMq+zX4rPuLrw=="
    },
    "fast-check@3.23.2": {
      "integrity": "sha512-h5+1OzzfCC3Ef7VbtKdcv7zsstUQwUDlYpUTvjeUsJAssPgLn7QzbboPtL5ro04Mq0rPOsMzl7q5hIbRs2wD1A==",
      "dependencies": [
        "pure-rand"
      ]
    },
    "giget@2.0.0": {
      "integrity": "sha512-L5bGsVkxJbJgdnwyuheIunkGatUF/zssUoxxjACCseZYAVbaqdh9Tsmmlkl8vYan09H7sbvKt4pS8GqKLBrEzA==",
      "dependencies": [
        "citty",
        "consola",
        "defu",
        "node-fetch-native",
        "nypm",
        "pathe"
      ],
      "bin": true
    },
    "jiti@2.6.1": {
      "integrity": "sha512-ekilCSN1jwRvIbgeg/57YFh8qQDNbwDb9xT/qu2DAHbFFZUicIl4ygVaAvzveMhMVr3LnpSKTNnwt8PoOfmKhQ==",
      "bin": true
    },
    "node-fetch-native@1.6.7": {
      "integrity": "sha512-g9yhqoedzIUm0nTnTqAQvueMPVOuIY16bqgAJJC8XOOubYFNwz6IER9qs0Gq2Xd0+CecCKFjtdDTMA4u4xG06Q=="
    },
    "nypm@0.6.2": {
      "integrity": "sha512-7eM+hpOtrKrBDCh7Ypu2lJ9Z7PNZBdi/8AT3AX8xoCj43BBVHD0hPSTEvMtkMpfs8FCqBGhxB+uToIQimA111g==",
      "dependencies": [
        "citty",
        "consola",
        "pathe",
        "pkg-types",
        "tinyexec"
      ],
      "bin": true
    },
    "ohash@2.0.11": {
      "integrity": "sha512-RdR9FQrFwNBNXAr4GixM8YaRZRJ5PUWbKYbE5eOsrwAjJW0q2REGcf79oYPsLyskQCZG1PLN+S/K1V00joZAoQ=="
    },
    "pathe@2.0.3": {
      "integrity": "sha512-WUjGcAqP1gQacoQe+OBJsFA7Ld4DyXuUIjZ5cc75cLHvJ7dtNsTugphxIADwspS+AraAUePCKrSVtPLFj/F88w=="
    },
    "perfect-debounce@1.0.0": {
      "integrity": "sha512-xCy9V055GLEqoFaHoC1SoLIaLmWctgCUaBaWxDZ7/Zx4CTyX7cJQLJOok/orfjZAh9kEYpjJa4d0KcJmCbctZA=="
    },
    "pg-cloudflare@1.2.7": {
      "integrity": "sha512-YgCtzMH0ptvZJslLM1ffsY4EuGaU0cx4XSdXLRFae8bPP4dS5xL1tNB3k2o/N64cHJpwU7dxKli/nZ2lUa5fLg=="
    },
    "pg-connection-string@2.9.1": {
      "integrity": "sha512-nkc6NpDcvPVpZXxrreI/FOtX3XemeLl8E0qFr6F2Lrm/I8WOnaWNhIPK2Z7OHpw7gh5XJThi6j6ppgNoaT1w4w=="
    },
    "pg-int8@1.0.1": {
      "integrity": "sha512-WCtabS6t3c8SkpDBUlb1kjOs7l66xsGdKpIPZsg4wR+B3+u9UAum2odSsF9tnvxg80h4ZxLWMy4pRjOsFIqQpw=="
    },
    "pg-pool@3.10.1_pg@8.16.3": {
      "integrity": "sha512-Tu8jMlcX+9d8+QVzKIvM/uJtp07PKr82IUOYEphaWcoBhIYkoHpLXN3qO59nAI11ripznDsEzEv8nUxBVWajGg==",
      "dependencies": [
        "pg"
      ]
    },
    "pg-protocol@1.10.3": {
      "integrity": "sha512-6DIBgBQaTKDJyxnXaLiLR8wBpQQcGWuAESkRBX/t6OwA8YsqP+iVSiond2EDy6Y/dsGk8rh/jtax3js5NeV7JQ=="
    },
    "pg-types@2.2.0": {
      "integrity": "sha512-qTAAlrEsl8s4OiEQY69wDvcMIdQN6wdz5ojQiOy6YRMuynxenON0O5oCpJI6lshc6scgAY8qvJ2On/p+CXY0GA==",
      "dependencies": [
        "pg-int8",
        "postgres-array@2.0.0",
        "postgres-bytea",
        "postgres-date",
        "postgres-interval"
      ]
    },
    "pg@8.16.3": {
      "integrity": "sha512-enxc1h0jA/aq5oSDMvqyW3q89ra6XIIDZgCX9vkMrnz5DFTw/Ny3Li2lFQ+pt3L6MCgm/5o2o8HW9hiJji+xvw==",
      "dependencies": [
        "pg-connection-string",
        "pg-pool",
        "pg-protocol",
        "pg-types",
        "pgpass"
      ],
      "optionalDependencies": [
        "pg-cloudflare"
      ]
    },
    "pgpass@1.0.5": {
      "integrity": "sha512-FdW9r/jQZhSeohs1Z3sI1yxFQNFvMcnmfuj4WBMUTxOrAyLMaTcE1aAMBiTlbMNaXvBCQuVi0R7hd8udDSP7ug==",
      "dependencies": [
        "split2"
      ]
    },
    "pkg-types@2.3.0": {
      "integrity": "sha512-SIqCzDRg0s9npO5XQ3tNZioRY1uK06lA41ynBC1YmFTmnY6FjUjVt6s4LoADmwoig1qqD0oK8h1p/8mlMx8Oig==",
      "dependencies": [
        "confbox",
        "exsolve",
        "pathe"
      ]
    },
    "postgres-array@2.0.0": {
      "integrity": "sha512-VpZrUqU5A69eQyW2c5CA1jtLecCsN2U/bD6VilrFDWq5+5UIEVO7nazS3TEcHf1zuPYO/sqGvUvW62g86RXZuA=="
    },
    "postgres-array@3.0.4": {
      "integrity": "sha512-nAUSGfSDGOaOAEGwqsRY27GPOea7CNipJPOA7lPbdEpx5Kg3qzdP0AaWC5MlhTWV9s4hFX39nomVZ+C4tnGOJQ=="
    },
    "postgres-bytea@1.0.0": {
      "integrity": "sha512-xy3pmLuQqRBZBXDULy7KbaitYqLcmxigw14Q5sj8QBVLqEwXfeybIKVWiqAXTlcvdvb0+xkOtDbfQMOf4lST1w=="
    },
    "postgres-date@1.0.7": {
      "integrity": "sha512-suDmjLVQg78nMK2UZ454hAG+OAW+HQPZ6n++TNDUX+L0+uUlLywnoxJKDou51Zm+zTCjrCl0Nq6J9C5hP9vK/Q=="
    },
    "postgres-interval@1.2.0": {
      "integrity": "sha512-9ZhXKM/rw350N1ovuWHbGxnGh/SNJ4cnxHiM0rxE4VN41wsg8P8zWn9hv/buK00RP4WvlOyr/RBDiptyxVbkZQ==",
      "dependencies": [
        "xtend"
      ]
    },
    "prisma@6.19.0-integration-next.21": {
      "integrity": "sha512-zXYuEK52uNWjzfYNrMxTH8tNNdo6gezOwPWe/+cu6sCKlpKjim+A6kYcs8PBdvMtNAA3CPbBNVzqOznKCfIeew==",
      "dependencies": [
        "@prisma/config",
        "@prisma/engines"
      ],
      "scripts": true,
      "bin": true
    },
    "pure-rand@6.1.0": {
      "integrity": "sha512-bVWawvoZoBYpp6yIoQtQXHZjmz35RSVHnUOTefl8Vcjr8snTPY1wnpSPMWekcFwbxI6gtmT7rSYPFvz71ldiOA=="
    },
    "rc9@2.1.2": {
      "integrity": "sha512-btXCnMmRIBINM2LDZoEmOogIZU7Qe7zn4BpomSKZ/ykbLObuBdvG+mFq11DL6fjH1DRwHhrlgtYWG96bJiC7Cg==",
      "dependencies": [
        "defu",
        "destr"
      ]
    },
    "readdirp@4.1.2": {
      "integrity": "sha512-GDhwkLfywWL2s6vEjyhri+eXmfH6j1L7JE27WhqLeYzoh/A3DBaYGEj2H/HFZCn/kMfim73FXxEJTw06WtxQwg=="
    },
    "split2@4.2.0": {
      "integrity": "sha512-UcjcJOWknrNkF6PLX83qcHM6KHgVKNkV62Y8a5uYDVv9ydGQVwAHMKqHdJje1VTWpljG0WYpCDhrCdAOYH4TWg=="
    },
    "tinyexec@1.0.2": {
      "integrity": "sha512-W/KYk+NFhkmsYpuHq5JykngiOCnxeVL8v8dFnqxSD8qEEdRfXk1SDM6JzNqcERbcGYj9tMrDQBYV9cjgnunFIg=="
    },
    "undici-types@6.20.0": {
      "integrity": "sha512-Ny6QZ2Nju20vw1SRHe3d9jVu6gJ+4e3+MMpqu7pqE5HT6WsTSlce++GQmK5UXS8mzV8DSYHrQH+Xrf2jVcuKNg=="
    },
    "xtend@4.0.2": {
      "integrity": "sha512-LKYU1iAXJXUgAXn9URjiu+MWhyUXHsvfp7mcuYm9dSUKK0/CjtrUwFAxD82/mCWbtLsGjFIad0wIsod4zrTAEQ=="
    }
  },
  "workspace": {
    "dependencies": [
      "jsr:@std/assert@^1.0.12",
      "npm:@prisma/adapter-pg@6.19.0-integration-next.21",
      "npm:@prisma/client@6.19.0-integration-next.21",
      "npm:prisma@6.19.0-integration-next.21"
    ]
  }
}
