lockfileVersion: '6.0'

settings:
  autoInstallPeers: true
  excludeLinksFromLockfile: false

dependencies:
  '@prisma/client':
    specifier: 5.17.0-dev.37
    version: 5.17.0-dev.37(prisma@5.17.0-dev.37)

devDependencies:
  prisma:
    specifier: 5.17.0-dev.37
    version: 5.17.0-dev.37

packages:

  /@prisma/client@5.17.0-dev.37(prisma@5.17.0-dev.37):
    resolution: {integrity: sha512-lKdzT8asYROYwZOACr0VNv/oy1T2EQK/880O9t/UVMde0Yjiya9bo+PF8V9bilNv1q3z7HybUVs4vllfpBKhzg==}
    engines: {node: '>=16.13'}
    requiresBuild: true
    peerDependencies:
      prisma: '*'
    peerDependenciesMeta:
      prisma:
        optional: true
    dependencies:
      prisma: 5.17.0-dev.37
    dev: false

  /@prisma/debug@5.17.0-dev.37:
    resolution: {integrity: sha512-Plgs3M12CHx6XF2Kb2Te+kB6gsvn4zVLPszjIJ6YE84eDmuhIita6BbcyxmqViLNROoTiLmu4aw7D8oq1OrxBA==}

  /@prisma/engines-version@5.17.0-31.393aa359c9ad4a4bb28630fb5613f9c281cde053:
    resolution: {integrity: sha512-tUuxZZysZDcrk5oaNOdrBnnkoTtmNQPkzINFDjz7eG6vcs9AVDmA/F6K5Plsb2aQc/l5M2EnFqn3htng9FA4hg==}

  /@prisma/engines@5.17.0-dev.37:
    resolution: {integrity: sha512-CffDpRoSnxvdxZh3MsvfVE097NkO1BCWwsINmP7xSr8WFNB1iGAZxWqpsBFj4WmkMI4cyqX90vTL+dGaTmTRiA==}
    requiresBuild: true
    dependencies:
      '@prisma/debug': 5.17.0-dev.37
      '@prisma/engines-version': 5.17.0-31.393aa359c9ad4a4bb28630fb5613f9c281cde053
      '@prisma/fetch-engine': 5.17.0-dev.37
      '@prisma/get-platform': 5.17.0-dev.37

  /@prisma/fetch-engine@5.17.0-dev.37:
    resolution: {integrity: sha512-LS78447hBNJ8tsq9MtaMwyuTBFHVWNSSFKLD2asTFA08LJpN/PP8Rb9kXmxGGDcgfJ7AytdR1OcXTuZqulFwEw==}
    dependencies:
      '@prisma/debug': 5.17.0-dev.37
      '@prisma/engines-version': 5.17.0-31.393aa359c9ad4a4bb28630fb5613f9c281cde053
      '@prisma/get-platform': 5.17.0-dev.37

  /@prisma/get-platform@5.17.0-dev.37:
    resolution: {integrity: sha512-+6wrNwxpJVucd9P6lcZf3AF0bS6YSYbiiDqW//X6KHu0jz0dEUFkV24BCLbOxKU1NNKCFLKRtAdQT4P6SmKr/Q==}
    dependencies:
      '@prisma/debug': 5.17.0-dev.37

  /prisma@5.17.0-dev.37:
    resolution: {integrity: sha512-1l+BEgFjfyc8G/yfLPKVNVtcUpvgG+ZTWb1qadBgeIf5ck9YlhDKTJhd3amaGcj8wY6dLGzLIE+jVZj3rFPzlA==}
    engines: {node: '>=16.13'}
    hasBin: true
    requiresBuild: true
    dependencies:
      '@prisma/engines': 5.17.0-dev.37
