lockfileVersion: '6.0'

settings:
  autoInstallPeers: true
  excludeLinksFromLockfile: false

dependencies:
  '@prisma/client':
    specifier: 5.20.0-dev.17
    version: 5.20.0-dev.17(prisma@5.20.0-dev.17)

devDependencies:
  prisma:
    specifier: 5.20.0-dev.17
    version: 5.20.0-dev.17

packages:

  /@prisma/client@5.20.0-dev.17(prisma@5.20.0-dev.17):
    resolution: {integrity: sha512-4MkaTR1k8pLuXNnkHoNt1R8Z4aei7VMkfKBtPcyY3SD2w9VcEMkDd3k2F2MaQFeiJHl1abdFrnWhonWvhB95Cg==}
    engines: {node: '>=16.13'}
    requiresBuild: true
    peerDependencies:
      prisma: '*'
    peerDependenciesMeta:
      prisma:
        optional: true
    dependencies:
      prisma: 5.20.0-dev.17
    dev: false

  /@prisma/debug@5.20.0-dev.17:
    resolution: {integrity: sha512-idmC3eMaMYlGsL3ZUM1zvxkaAYa7LrLfJVkgE0PP7s6OnjCekJcNKRT9nLH1Mpf5z2S6StyDQK/iBs1TYeRrLw==}

  /@prisma/engines-version@5.20.0-8.c9ff5773c72b821ff6daf2c55dbe3809eae7c2c7:
    resolution: {integrity: sha512-eYEw5NURBuh5Lcvm1+JnxKVKwgQxhAceA9kTVtl5mfd5R6ajfaMYY3bKOhhMmg0GQqV3QR4W3sycj4E4/f7NWw==}

  /@prisma/engines@5.20.0-dev.17:
    resolution: {integrity: sha512-U9/WRCB/2jj52kVCQdNrSd59bBfhmv9+XM5dDDY6Swvp+KrnPb7WPX7kSbtONXtcv91P1KsWDDSOG/focKCpCg==}
    requiresBuild: true
    dependencies:
      '@prisma/debug': 5.20.0-dev.17
      '@prisma/engines-version': 5.20.0-8.c9ff5773c72b821ff6daf2c55dbe3809eae7c2c7
      '@prisma/fetch-engine': 5.20.0-dev.17
      '@prisma/get-platform': 5.20.0-dev.17

  /@prisma/fetch-engine@5.20.0-dev.17:
    resolution: {integrity: sha512-LfC0tve8dbF5EfVvzN/BrFvrhwC1cQPx9LrdAQBgNIA68DFVMkeuvrqllmOcLb9OMvD31BcWOk5uprtJgTA3OA==}
    dependencies:
      '@prisma/debug': 5.20.0-dev.17
      '@prisma/engines-version': 5.20.0-8.c9ff5773c72b821ff6daf2c55dbe3809eae7c2c7
      '@prisma/get-platform': 5.20.0-dev.17

  /@prisma/get-platform@5.20.0-dev.17:
    resolution: {integrity: sha512-o6QLSPj8+nE3WLbTolxAPZBMQsXks31EItWW9HO5csNlFmwUcp7I/D2ZBbl03Ew9PdjoyswlMgXq0paOxsLzPQ==}
    dependencies:
      '@prisma/debug': 5.20.0-dev.17

  /fsevents@2.3.3:
    resolution: {integrity: sha512-5xoDfX+fL7faATnagmWPpbFtwh/R77WmMMqqHGS65C3vvB0YHrgF+B1YmZ3441tMj5n63k0212XNoJwzlhffQw==}
    engines: {node: ^8.16.0 || ^10.6.0 || >=11.0.0}
    os: [darwin]
    requiresBuild: true
    optional: true

  /prisma@5.20.0-dev.17:
    resolution: {integrity: sha512-qbs69XOgymjJVEqTvYYp6wUzgucV6BxOqNPkGbQRK7eYspNSMkOb1uBdSNnjxiJr4wSe1ie91Z63zToL4JXYdg==}
    engines: {node: '>=16.13'}
    hasBin: true
    requiresBuild: true
    dependencies:
      '@prisma/engines': 5.20.0-dev.17
    optionalDependencies:
      fsevents: 2.3.3
