lockfileVersion: '6.0'

settings:
  autoInstallPeers: true
  excludeLinksFromLockfile: false

dependencies:
  '@prisma/client':
    specifier: 5.17.0-dev.33
    version: 5.17.0-dev.33(prisma@5.17.0-dev.33)

devDependencies:
  prisma:
    specifier: 5.17.0-dev.33
    version: 5.17.0-dev.33

packages:

  /@prisma/client@5.17.0-dev.33(prisma@5.17.0-dev.33):
    resolution: {integrity: sha512-9wZlZM8J7W7bb+1Jw8WZ/Y/vAhFQ/onJhZ5+PIQ3Dp5ABYySmwT6DwSA5T5b+Os+MZ5NHngqdnlNGQIPyZXcIg==}
    engines: {node: '>=16.13'}
    requiresBuild: true
    peerDependencies:
      prisma: '*'
    peerDependenciesMeta:
      prisma:
        optional: true
    dependencies:
      prisma: 5.17.0-dev.33
    dev: false

  /@prisma/debug@5.17.0-dev.33:
    resolution: {integrity: sha512-qwMvXN8ViH+iw+IYEkvHIFsNdvUcRC7UQcffnNFtgv32JQvUzvrzSterU0cmey7WaCCnQElMe6qMacCHvm/XLg==}

  /@prisma/engines-version@5.17.0-19.9618390b7829a040bd2267141b8a2b6e3ffeca29:
    resolution: {integrity: sha512-DrDD9o9IhNW9vfi0H5nih19hr98AE5NyCdQI8YY7oyqyfZJaiR2yZ+AJciT3vp61JyjGwbK0+oCi3m0cZDtoDw==}

  /@prisma/engines@5.17.0-dev.33:
    resolution: {integrity: sha512-/fouoLC90cgl1gYK4o2Gm8qR4DU10MPi7RG+9eWbT5iP1h8G5nx/oV2HIsHa3wvPeXiC68/BggxztTEDEGu5ow==}
    requiresBuild: true
    dependencies:
      '@prisma/debug': 5.17.0-dev.33
      '@prisma/engines-version': 5.17.0-19.9618390b7829a040bd2267141b8a2b6e3ffeca29
      '@prisma/fetch-engine': 5.17.0-dev.33
      '@prisma/get-platform': 5.17.0-dev.33

  /@prisma/fetch-engine@5.17.0-dev.33:
    resolution: {integrity: sha512-CLc+uM/P6ipQIzBljhI8zvt6Pd+Dz6if+wqZ2XSlkgToWlZEwj9NWMD1IQ76XTeOWd2LhLSSIxKC9Pgrn3ugZA==}
    dependencies:
      '@prisma/debug': 5.17.0-dev.33
      '@prisma/engines-version': 5.17.0-19.9618390b7829a040bd2267141b8a2b6e3ffeca29
      '@prisma/get-platform': 5.17.0-dev.33

  /@prisma/get-platform@5.17.0-dev.33:
    resolution: {integrity: sha512-0Jn9mitr+Ml4zHeOz61LlCrbxVRJleTzbaZw0exadDcsrtOOBvpxq3GUZL86l3dLwc80m9jfOrwVbdZ709jr2g==}
    dependencies:
      '@prisma/debug': 5.17.0-dev.33

  /prisma@5.17.0-dev.33:
    resolution: {integrity: sha512-rNjGfolKenpJay6w0SynHqGYTmQtOhKThjCSEmQz2nBM1epgFAkAF9IARfLYx/RsGBtr4/Lkga+e57Oc7cfnGA==}
    engines: {node: '>=16.13'}
    hasBin: true
    requiresBuild: true
    dependencies:
      '@prisma/engines': 5.17.0-dev.33
