# THIS IS AN AUTOGENERATED FILE. DO NOT EDIT THIS FILE DIRECTLY.
# yarn lockfile v1


"@prisma/client@2.19.0-dev.10":
  version "2.19.0-dev.10"
  resolved "https://registry.yarnpkg.com/@prisma/client/-/client-2.19.0-dev.10.tgz#630cbbb11a4f942d9b1f3aa71f7425e9103d555a"
  integrity sha512-iL03kkoE2RwzFnxcGo4Kf5j8d0ZKl1AZriSt/yCOh404ow9I+t+whvyH7Qfj6XRUN/ywiKNwN8F1r1lljEpWuQ==
  dependencies:
    "@prisma/engines-version" "2.19.0-6.e2a0535824021eab0bd0154e6f757793f28492b9"

"@prisma/engines-version@2.19.0-6.e2a0535824021eab0bd0154e6f757793f28492b9":
  version "2.19.0-6.e2a0535824021eab0bd0154e6f757793f28492b9"
  resolved "https://registry.yarnpkg.com/@prisma/engines-version/-/engines-version-2.19.0-6.e2a0535824021eab0bd0154e6f757793f28492b9.tgz#e15b1ab1c746f1c1c601c9c13f0e51264a6e454f"
  integrity sha512-wDytnmW+P1nal+9DkyUyuMzeouiVMum8U0z5zXbpGMRaQHsjY6mWg07BjJ7j6e9Hq/v0AIcGxaXvhjdhGlewTw==

"@prisma/engines@2.19.0-6.e2a0535824021eab0bd0154e6f757793f28492b9":
  version "2.19.0-6.e2a0535824021eab0bd0154e6f757793f28492b9"
  resolved "https://registry.yarnpkg.com/@prisma/engines/-/engines-2.19.0-6.e2a0535824021eab0bd0154e6f757793f28492b9.tgz#3f0e4ac0525e82b727f39bbaac1a1a76a242fc99"
  integrity sha512-/cybHGbBSYiAkUsKpG98x9bXubkigzUebt8c0oo4tzr3kscB4RFnScHWg5zBc0nTkdar65tAjI3kkGQyOyRLyQ==

prisma@2.19.0-dev.10:
  version "2.19.0-dev.10"
  resolved "https://registry.yarnpkg.com/prisma/-/prisma-2.19.0-dev.10.tgz#0449633ad8ddf492bfd95ce115f3ff5745da706e"
  integrity sha512-j4NT2d8KON43kC92sak0lJWTvRipWKq/UYJU4w8AuMpWBUYZKFCxaNq1eQYkjCQ7Kin6Ea3QK4AY7C+jvzoGwg==
  dependencies:
    "@prisma/engines" "2.19.0-6.e2a0535824021eab0bd0154e6f757793f28492b9"
