# THIS IS AN AUTOGENERATED FILE. DO NOT EDIT THIS FILE DIRECTLY.
# yarn lockfile v1


"@prisma/client@2.19.0-dev.38":
  version "2.19.0-dev.38"
  resolved "https://registry.yarnpkg.com/@prisma/client/-/client-2.19.0-dev.38.tgz#83fbef332aa39cad205f6961bd0ea3b6ba20f016"
  integrity sha512-A5b3WHQJ1maqiwmfue5eKuiK1iLr5voKZk+RXnt/IYJE8TYGl8tHq0Haicdyp6bP2n6p8twVd/HbCvrAhdxdYw==
  dependencies:
    "@prisma/engines-version" "2.19.0-33.c68aa2062eedee311a0264e20fcf8900930a547b"

"@prisma/engines-version@2.19.0-33.c68aa2062eedee311a0264e20fcf8900930a547b":
  version "2.19.0-33.c68aa2062eedee311a0264e20fcf8900930a547b"
  resolved "https://registry.yarnpkg.com/@prisma/engines-version/-/engines-version-2.19.0-33.c68aa2062eedee311a0264e20fcf8900930a547b.tgz#a214ec3b092e9c5ceba98ceda5112bf1819c9ca8"
  integrity sha512-aQK9BOOJgMmntLITC54J/DpVN+XaOTGi9MWvMnS/zXljXq9ydfYkEROcVTZ26C2axUyI1KstYubZkOTiQMILoQ==

"@prisma/engines@2.19.0-33.c68aa2062eedee311a0264e20fcf8900930a547b":
  version "2.19.0-33.c68aa2062eedee311a0264e20fcf8900930a547b"
  resolved "https://registry.yarnpkg.com/@prisma/engines/-/engines-2.19.0-33.c68aa2062eedee311a0264e20fcf8900930a547b.tgz#880117e5e6c3e8de443b0a0afbfb7662ca006fc3"
  integrity sha512-JoptE0j8GlKMXfMn77/tS6NehXKAIMboj1aJ/BEMJWWPmiMKMECjiHLVGaBqn9tfGaTxutk93WmmDL9iq/AyTg==

"@types/node@13.13.45":
  version "13.13.45"
  resolved "https://registry.yarnpkg.com/@types/node/-/node-13.13.45.tgz#e6676bcca092bae5751d015f074a234d5a82eb63"
  integrity sha512-703YTEp8AwQeapI0PTXDOj+Bs/mtdV/k9VcTP7z/de+lx6XjFMKdB+JhKnK+6PZ5za7omgZ3V6qm/dNkMj/Zow==

arg@^4.1.0:
  version "4.1.3"
  resolved "https://registry.yarnpkg.com/arg/-/arg-4.1.3.tgz#269fc7ad5b8e42cb63c896d5666017261c144089"
  integrity sha512-58S9QDqG0Xx27YwPSt9fJxivjYl432YCwfDMfZ+71RAqUrZef7LrKQZ3LHLOwCS4FLNBplP533Zx895SeOCHvA==

buffer-from@^1.0.0:
  version "1.1.1"
  resolved "https://registry.yarnpkg.com/buffer-from/-/buffer-from-1.1.1.tgz#32713bc028f75c02fdb710d7c7bcec1f2c6070ef"
  integrity sha512-MQcXEUbCKtEo7bhqEs6560Hyd4XaovZlO/k9V3hjVUF/zwW7KBVdSK4gIt/bzwS9MbR5qob+F5jusZsb0YQK2A==

create-require@^1.1.0:
  version "1.1.1"
  resolved "https://registry.yarnpkg.com/create-require/-/create-require-1.1.1.tgz#c1d7e8f1e5f6cfc9ff65f9cd352d37348756c333"
  integrity sha512-dcKFX3jn0MpIaXjisoRvexIJVEKzaq7z2rZKxf+MSr9TkdmHmsU4m2lcLojrj/FHl8mk5VxMmYA+ftRkP/3oKQ==

diff@^4.0.1:
  version "4.0.2"
  resolved "https://registry.yarnpkg.com/diff/-/diff-4.0.2.tgz#60f3aecb89d5fae520c11aa19efc2bb982aade7d"
  integrity sha512-58lmxKSA4BNyLz+HHMUzlOEpg09FV+ev6ZMe3vJihgdxzgcwZ8VoEEPmALCZG9LmqfVoNMMKpttIYTVG6uDY7A==

make-error@^1.1.1:
  version "1.3.6"
  resolved "https://registry.yarnpkg.com/make-error/-/make-error-1.3.6.tgz#2eb2e37ea9b67c4891f684a1394799af484cf7a2"
  integrity sha512-s8UhlNe7vPKomQhC1qFelMokr/Sc3AgNbso3n74mVPA5LTZwkB9NlXf4XPamLxJE8h0gh73rM94xvwRT2CVInw==

prisma@2.19.0-dev.38:
  version "2.19.0-dev.38"
  resolved "https://registry.yarnpkg.com/prisma/-/prisma-2.19.0-dev.38.tgz#d7d8affaba5257d29c619f8b660b1f12592e163b"
  integrity sha512-iAYLjvKqIrBmkH9rXC7ihobHBJDW0WPeYo/698BS8X63TI4txIiEXvjmm7QYNSXPAmwSOKd+ncII/W1SrR8HCA==
  dependencies:
    "@prisma/engines" "2.19.0-33.c68aa2062eedee311a0264e20fcf8900930a547b"

source-map-support@^0.5.17:
  version "0.5.17"
  resolved "https://registry.yarnpkg.com/source-map-support/-/source-map-support-0.5.17.tgz#29fe1b3c98b9dbd5064ada89052ee8ff070cb46c"
  integrity sha512-bwdKOBZ5L0gFRh4KOxNap/J/MpvX9Yxsq9lFDx65s3o7F/NiHy7JRaGIS8MwW6tZPAq9UXE207Il0cfcb5yu/Q==
  dependencies:
    buffer-from "^1.0.0"
    source-map "^0.6.0"

source-map@^0.6.0:
  version "0.6.1"
  resolved "https://registry.yarnpkg.com/source-map/-/source-map-0.6.1.tgz#74722af32e9614e9c287a8d0bbde48b5e2f1a263"
  integrity sha512-UjgapumWlbMhkBgzT7Ykc5YXUT46F0iKu8SGXq0bcwP5dz/h0Plj6enJqjz1Zbq2l5WaqYnrVbwWOWMyF3F47g==

ts-node@9.1.1:
  version "9.1.1"
  resolved "https://registry.yarnpkg.com/ts-node/-/ts-node-9.1.1.tgz#51a9a450a3e959401bda5f004a72d54b936d376d"
  integrity sha512-hPlt7ZACERQGf03M253ytLY3dHbGNGrAq9qIHWUY9XHYl1z7wYngSr3OQ5xmui8o2AaxsONxIzjafLUiWBo1Fg==
  dependencies:
    arg "^4.1.0"
    create-require "^1.1.0"
    diff "^4.0.1"
    make-error "^1.1.1"
    source-map-support "^0.5.17"
    yn "3.1.1"

typescript@4.1.5:
  version "4.1.5"
  resolved "https://registry.yarnpkg.com/typescript/-/typescript-4.1.5.tgz#123a3b214aaff3be32926f0d8f1f6e704eb89a72"
  integrity sha512-6OSu9PTIzmn9TCDiovULTnET6BgXtDYL4Gg4szY+cGsc3JP1dQL8qvE8kShTRx1NIw4Q9IBHlwODjkjWEtMUyA==

yn@3.1.1:
  version "3.1.1"
  resolved "https://registry.yarnpkg.com/yn/-/yn-3.1.1.tgz#1e87401a09d767c1d5eab26a6e4c185182d2eb50"
  integrity sha512-Ux4ygGWsu2c7isFWe8Yu1YluJmqVhxqK2cLXNQA5AcC3QfbGNpM7fu0Y8b/z16pXLnFxZYvWhd3fhBY9DLmC6Q==
