# This file is generated by running "yarn install" inside your project.
# Manual changes might be lost - proceed with caution!

__metadata:
  version: 4
  cacheKey: 7

"@prisma/client@npm:2.27.0-dev.59":
  version: 2.27.0-dev.59
  resolution: "@prisma/client@npm:2.27.0-dev.59"
  dependencies:
    "@prisma/engines-version": 2.27.0-43.cdba6ec525e0213cce26f8e4bb23cf556d1479bb
  peerDependencies:
    prisma: "*"
  peerDependenciesMeta:
    prisma:
      optional: true
  checksum: 19dad3fc4361d6cd5202669106ef608a32ac911c3214ed5e68f3a269e100565be10974df2167b6360b8cc76062e8059265d59415a4df70a22db86e2d7ea19907
  languageName: node
  linkType: hard

"@prisma/engines-version@npm:2.27.0-43.cdba6ec525e0213cce26f8e4bb23cf556d1479bb":
  version: 2.27.0-43.cdba6ec525e0213cce26f8e4bb23cf556d1479bb
  resolution: "@prisma/engines-version@npm:2.27.0-43.cdba6ec525e0213cce26f8e4bb23cf556d1479bb"
  checksum: d85213deac14a2599475f86db3c977125453fe1f9fcf1101c5818a76c2c0d081ed82ed53af8fdeb59b9fdc4ff3cd8fcf43ddcc508bf6bbcc78c30e8a32121fdd
  languageName: node
  linkType: hard

"@prisma/engines@npm:2.27.0-43.cdba6ec525e0213cce26f8e4bb23cf556d1479bb":
  version: 2.27.0-43.cdba6ec525e0213cce26f8e4bb23cf556d1479bb
  resolution: "@prisma/engines@npm:2.27.0-43.cdba6ec525e0213cce26f8e4bb23cf556d1479bb"
  checksum: 0304ea9984e7541f55e4a3d3a024237acdd800108d01a803f4ba89ab830b7a7e197307a0b9b899b990da8ff7be2920d7d57be0e344f316981c6351442a0adeee
  languageName: node
  linkType: hard

"@tsconfig/node10@npm:^1.0.7":
  version: 1.0.8
  resolution: "@tsconfig/node10@npm:1.0.8"
  checksum: 0336493b89fb7c06409a1247a3fb00fac2755f21f3f8ae4b9dd2457859abfc5e8ca42b6d9ca5a279fe81bc70fe1f3450eef61e5dd5a63a7b4a6946ff31874816
  languageName: node
  linkType: hard

"@tsconfig/node12@npm:^1.0.7":
  version: 1.0.9
  resolution: "@tsconfig/node12@npm:1.0.9"
  checksum: 5532bfb5df47ed3a507da533c731a2fb80ee2e886edadbf20e664dcd3172d5c159577a281d15733b8d0c30bfa4e6b48496bef0704192c085520bc76bb9938068
  languageName: node
  linkType: hard

"@tsconfig/node14@npm:^1.0.0":
  version: 1.0.1
  resolution: "@tsconfig/node14@npm:1.0.1"
  checksum: d0068287dba46dc98e7d49c229b0fee034fbac2bb4bc2efe12cc67227a1c68ec0728ca1e535dff7f033f7455de6c67e9b8f9d90f4fc3bb07c0d9ac08186fe65c
  languageName: node
  linkType: hard

"@tsconfig/node16@npm:^1.0.1":
  version: 1.0.1
  resolution: "@tsconfig/node16@npm:1.0.1"
  checksum: c389a4a81c291a27b96705de7fbe46d29aa4eb771450a41dfc075d89e1fdd63141898043a0d9f627460a1c409d06635a044dc4b3a4516173769a7d0a1558c51d
  languageName: node
  linkType: hard

"@types/node@npm:12.20.16":
  version: 12.20.16
  resolution: "@types/node@npm:12.20.16"
  checksum: 91b0d7403275c017fdcf9f911c0bf9fdc564d401ee2e37fb247cee586d9b29e7a8d257e63f3985a2debb34c55c71c2f2827e56a10f9cecba7f13a2ef004c65c8
  languageName: node
  linkType: hard

"arg@npm:^4.1.0":
  version: 4.1.3
  resolution: "arg@npm:4.1.3"
  checksum: 81b3b40b1529c4fbf75b12f7c3e6fb2dcce9e78072063babc169de9b4f40777788f3d2b04380f659ef676a756e03ccfbfe78adf4477353bda906295fa69dab89
  languageName: node
  linkType: hard

"buffer-from@npm:^1.0.0":
  version: 1.1.1
  resolution: "buffer-from@npm:1.1.1"
  checksum: 540ceb79c4f5bfcadaabbc18324fa84c50dc52905084be7c03596a339cf5a88513bee6831ce9b36ddd046fab09257a7c80686e129d0559a0cfd141da196ad956
  languageName: node
  linkType: hard

"create-require@npm:^1.1.0":
  version: 1.1.1
  resolution: "create-require@npm:1.1.1"
  checksum: babd307893abfb26d77ae11cb9d6b6cfa6d18c9cee435cf70b5a3fb44aa8d90c9ec26ea89cbb16e0a94b8d34f5fcaee164b90ed526cdd3158955673ab9652d01
  languageName: node
  linkType: hard

"diff@npm:^4.0.1":
  version: 4.0.2
  resolution: "diff@npm:4.0.2"
  checksum: 81b5cd7ddde6f0ba2a532d434cfdca365aedd6cc62bb133e851e66e071d40382a30924a07c1034bd3d5a2e332146f64514b73c06fe2ebc0490a67f0c98da79fb
  languageName: node
  linkType: hard

"make-error@npm:^1.1.1":
  version: 1.3.6
  resolution: "make-error@npm:1.3.6"
  checksum: 2c780bab8409b865e8ee86697c599a2bf2765ec64d21eb67ccda27050e039f983feacad05a0d43aba3c966ea03d305d2612e94fec45474bcbc61181f57c5bb88
  languageName: node
  linkType: hard

"prisma@npm:2.27.0-dev.59":
  version: 2.27.0-dev.59
  resolution: "prisma@npm:2.27.0-dev.59"
  dependencies:
    "@prisma/engines": 2.27.0-43.cdba6ec525e0213cce26f8e4bb23cf556d1479bb
  bin:
    prisma: build/index.js
    prisma2: build/index.js
  checksum: 50a94fbb9a6b9ef1386d3ea08552434728ee586899377d350f159a57767cc06195ed88ddbec5ae122a7b3868583493044444bfd8abb409662d64678cb4858f37
  languageName: node
  linkType: hard

"script@workspace:.":
  version: 0.0.0-use.local
  resolution: "script@workspace:."
  dependencies:
    "@prisma/client": 2.27.0-dev.59
    "@types/node": 12.20.16
    prisma: 2.27.0-dev.59
    ts-node: 10.1.0
    typescript: 4.2.4
  languageName: unknown
  linkType: soft

"source-map-support@npm:^0.5.17":
  version: 0.5.19
  resolution: "source-map-support@npm:0.5.19"
  dependencies:
    buffer-from: ^1.0.0
    source-map: ^0.6.0
  checksum: 59d4efaae97755155b078413ecba63517e3ef054cc7ab767bbd30e6f3054be2ae8e8f5cce7eef53b7eb93e98fe27a58dd8f5e7abfb13144ba420ddaf5267bbb2
  languageName: node
  linkType: hard

"source-map@npm:^0.6.0":
  version: 0.6.1
  resolution: "source-map@npm:0.6.1"
  checksum: 8647829a0611724114022be455ca1c8a2c8ae61df81c5b3667d9b398207226a1e21174fb7bbf0b4dbeb27ac358222afb5a14f1c74a62a62b8883b012e5eb1270
  languageName: node
  linkType: hard

"ts-node@npm:10.1.0":
  version: 10.1.0
  resolution: "ts-node@npm:10.1.0"
  dependencies:
    "@tsconfig/node10": ^1.0.7
    "@tsconfig/node12": ^1.0.7
    "@tsconfig/node14": ^1.0.0
    "@tsconfig/node16": ^1.0.1
    arg: ^4.1.0
    create-require: ^1.1.0
    diff: ^4.0.1
    make-error: ^1.1.1
    source-map-support: ^0.5.17
    yn: 3.1.1
  peerDependencies:
    "@swc/core": ">=1.2.50"
    "@swc/wasm": ">=1.2.50"
    "@types/node": "*"
    typescript: ">=2.7"
  peerDependenciesMeta:
    "@swc/core":
      optional: true
    "@swc/wasm":
      optional: true
  bin:
    ts-node: dist/bin.js
    ts-node-cwd: dist/bin-cwd.js
    ts-node-script: dist/bin-script.js
    ts-node-transpile-only: dist/bin-transpile.js
    ts-script: dist/bin-script-deprecated.js
  checksum: d1b582dc3624061d86c2657507e21c3875919b7d108db16cde5507f2aa75b025be2e09b35ec607900eb525e429ebd14f0cf1c5f4b81292a191c0f8c7bfdf0720
  languageName: node
  linkType: hard

typescript@4.2.4:
  version: 4.2.4
  resolution: "typescript@npm:4.2.4"
  bin:
    tsc: bin/tsc
    tsserver: bin/tsserver
  checksum: edaede2fa77f56b7fba80ee624a2368ab1216e75b0434d968ccb47ab0a5e2f6d94f848b3b111c1237dd71e988cd376af26370dcdad3b94355c76e759f0dd0a1e
  languageName: node
  linkType: hard

"typescript@patch:typescript@4.2.4#builtin<compat/typescript>":
  version: 4.2.4
  resolution: "typescript@patch:typescript@npm%3A4.2.4#builtin<compat/typescript>::version=4.2.4&hash=a45b0e"
  bin:
    tsc: bin/tsc
    tsserver: bin/tsserver
  checksum: 3be44317593182e8ce494c114e7ad9b0bb2553a22f3085cc6da4f0a36912c20850daa9be4c898af2ab6fc8b12f430c1c9e46ac715721867cd38643f2350d3ef9
  languageName: node
  linkType: hard

"yn@npm:3.1.1":
  version: 3.1.1
  resolution: "yn@npm:3.1.1"
  checksum: bff63b80568d80c711670935427494dde47cdf97e8b04196b140ce0af519c81c5ee857eddad0caa8b422dd65aea0157bbfaacbb1546bebba623f0f383d5d9ae5
  languageName: node
  linkType: hard
