# This file is generated by running "yarn install" inside your project.
# Manual changes might be lost - proceed with caution!

__metadata:
  version: 4
  cacheKey: 7

"@prisma/client@npm:2.24.0-dev.27":
  version: 2.24.0-dev.27
  resolution: "@prisma/client@npm:2.24.0-dev.27"
  dependencies:
    "@prisma/engines-version": 2.24.0-22.5ab68a73e954e003cc528d6e1e42d924ce99c676
  peerDependencies:
    prisma: "*"
  peerDependenciesMeta:
    prisma:
      optional: true
  checksum: a97cf9bb4caad17a4aa4ec67bc937297ffd2fa2c6682b2a74d04390d8baead5597be839e3024dbbeda67391276199fc56086ab1e65a24c0f4818bf5eb41a93e4
  languageName: node
  linkType: hard

"@prisma/engines-version@npm:2.24.0-22.5ab68a73e954e003cc528d6e1e42d924ce99c676":
  version: 2.24.0-22.5ab68a73e954e003cc528d6e1e42d924ce99c676
  resolution: "@prisma/engines-version@npm:2.24.0-22.5ab68a73e954e003cc528d6e1e42d924ce99c676"
  checksum: 6bee274e2a76bf3d2e9281f80eeb5b64f4f62f2c62c7fecc11b06881de04b06d8fde8c6e9ac3d828e324b03e6b7009f74115718a6c99345e76479dd6c839f89f
  languageName: node
  linkType: hard

"@prisma/engines@npm:2.24.0-22.5ab68a73e954e003cc528d6e1e42d924ce99c676":
  version: 2.24.0-22.5ab68a73e954e003cc528d6e1e42d924ce99c676
  resolution: "@prisma/engines@npm:2.24.0-22.5ab68a73e954e003cc528d6e1e42d924ce99c676"
  checksum: bbc6f78406b20d06d294304d342a7fcc4b20493358eeedf623780bb6dd2fd91441c5f6820e770c8b44d98089f76dd7b442f8744fa32a899d4c36088656226ca3
  languageName: node
  linkType: hard

"@types/node@npm:12.20.13":
  version: 12.20.13
  resolution: "@types/node@npm:12.20.13"
  checksum: 4e0f02ec78b8d911595b20b9a7c3ac6c8e5f77ab5c57d0c14197fa021dec2c791469e1597b890f0d443f3809c908952e9ea56a2866d3cccf6076ff8a4579d969
  languageName: node
  linkType: hard

"arg@npm:^4.1.0":
  version: 4.1.3
  resolution: "arg@npm:4.1.3"
  checksum: 81b3b40b1529c4fbf75b12f7c3e6fb2dcce9e78072063babc169de9b4f40777788f3d2b04380f659ef676a756e03ccfbfe78adf4477353bda906295fa69dab89
  languageName: node
  linkType: hard

"buffer-from@npm:^1.0.0":
  version: 1.1.1
  resolution: "buffer-from@npm:1.1.1"
  checksum: 540ceb79c4f5bfcadaabbc18324fa84c50dc52905084be7c03596a339cf5a88513bee6831ce9b36ddd046fab09257a7c80686e129d0559a0cfd141da196ad956
  languageName: node
  linkType: hard

"create-require@npm:^1.1.0":
  version: 1.1.1
  resolution: "create-require@npm:1.1.1"
  checksum: babd307893abfb26d77ae11cb9d6b6cfa6d18c9cee435cf70b5a3fb44aa8d90c9ec26ea89cbb16e0a94b8d34f5fcaee164b90ed526cdd3158955673ab9652d01
  languageName: node
  linkType: hard

"diff@npm:^4.0.1":
  version: 4.0.2
  resolution: "diff@npm:4.0.2"
  checksum: 81b5cd7ddde6f0ba2a532d434cfdca365aedd6cc62bb133e851e66e071d40382a30924a07c1034bd3d5a2e332146f64514b73c06fe2ebc0490a67f0c98da79fb
  languageName: node
  linkType: hard

"make-error@npm:^1.1.1":
  version: 1.3.6
  resolution: "make-error@npm:1.3.6"
  checksum: 2c780bab8409b865e8ee86697c599a2bf2765ec64d21eb67ccda27050e039f983feacad05a0d43aba3c966ea03d305d2612e94fec45474bcbc61181f57c5bb88
  languageName: node
  linkType: hard

"prisma@npm:2.24.0-dev.27":
  version: 2.24.0-dev.27
  resolution: "prisma@npm:2.24.0-dev.27"
  dependencies:
    "@prisma/engines": 2.24.0-22.5ab68a73e954e003cc528d6e1e42d924ce99c676
  bin:
    prisma: build/index.js
    prisma2: build/index.js
  checksum: 351a179a56341e48df563ac573d974aa534d7d4164989fb39a35a8ca810e607a6307914d00423cb4f997ae3ca83e45ef7722d8bb2bf1f468bed91ad6efb13e52
  languageName: node
  linkType: hard

"script@workspace:.":
  version: 0.0.0-use.local
  resolution: "script@workspace:."
  dependencies:
    "@prisma/client": 2.24.0-dev.27
    "@types/node": 12.20.13
    prisma: 2.24.0-dev.27
    ts-node: 9.1.1
    typescript: 4.2.4
  languageName: unknown
  linkType: soft

"source-map-support@npm:^0.5.17":
  version: 0.5.19
  resolution: "source-map-support@npm:0.5.19"
  dependencies:
    buffer-from: ^1.0.0
    source-map: ^0.6.0
  checksum: 59d4efaae97755155b078413ecba63517e3ef054cc7ab767bbd30e6f3054be2ae8e8f5cce7eef53b7eb93e98fe27a58dd8f5e7abfb13144ba420ddaf5267bbb2
  languageName: node
  linkType: hard

"source-map@npm:^0.6.0":
  version: 0.6.1
  resolution: "source-map@npm:0.6.1"
  checksum: 8647829a0611724114022be455ca1c8a2c8ae61df81c5b3667d9b398207226a1e21174fb7bbf0b4dbeb27ac358222afb5a14f1c74a62a62b8883b012e5eb1270
  languageName: node
  linkType: hard

"ts-node@npm:9.1.1":
  version: 9.1.1
  resolution: "ts-node@npm:9.1.1"
  dependencies:
    arg: ^4.1.0
    create-require: ^1.1.0
    diff: ^4.0.1
    make-error: ^1.1.1
    source-map-support: ^0.5.17
    yn: 3.1.1
  peerDependencies:
    typescript: ">=2.7"
  bin:
    ts-node: dist/bin.js
    ts-node-script: dist/bin-script.js
    ts-node-transpile-only: dist/bin-transpile.js
    ts-script: dist/bin-script-deprecated.js
  checksum: a90db4a342872cd0e7a80babdfcb15d2f7c06e700d735003098f7cc79db575c3380580c58a19ae0d0eaab553af083651d4237060c92170e6f8ac4e64693113ea
  languageName: node
  linkType: hard

typescript@4.2.4:
  version: 4.2.4
  resolution: "typescript@npm:4.2.4"
  bin:
    tsc: bin/tsc
    tsserver: bin/tsserver
  checksum: edaede2fa77f56b7fba80ee624a2368ab1216e75b0434d968ccb47ab0a5e2f6d94f848b3b111c1237dd71e988cd376af26370dcdad3b94355c76e759f0dd0a1e
  languageName: node
  linkType: hard

"typescript@patch:typescript@4.2.4#builtin<compat/typescript>":
  version: 4.2.4
  resolution: "typescript@patch:typescript@npm%3A4.2.4#builtin<compat/typescript>::version=4.2.4&hash=a45b0e"
  bin:
    tsc: bin/tsc
    tsserver: bin/tsserver
  checksum: 3be44317593182e8ce494c114e7ad9b0bb2553a22f3085cc6da4f0a36912c20850daa9be4c898af2ab6fc8b12f430c1c9e46ac715721867cd38643f2350d3ef9
  languageName: node
  linkType: hard

"yn@npm:3.1.1":
  version: 3.1.1
  resolution: "yn@npm:3.1.1"
  checksum: bff63b80568d80c711670935427494dde47cdf97e8b04196b140ce0af519c81c5ee857eddad0caa8b422dd65aea0157bbfaacbb1546bebba623f0f383d5d9ae5
  languageName: node
  linkType: hard
