# This file is generated by running "yarn install" inside your project.
# Manual changes might be lost - proceed with caution!

__metadata:
  version: 4
  cacheKey: 7

"@cspotcode/source-map-consumer@npm:0.8.0":
  version: 0.8.0
  resolution: "@cspotcode/source-map-consumer@npm:0.8.0"
  checksum: fc32215a353c7b3d039f5d4b93329200264daeabb0739dcf53eb78f779e37e5f5c281aad281f86781c930011d354612aafab887304451a46f16b10f0f919297f
  languageName: node
  linkType: hard

"@cspotcode/source-map-support@npm:0.6.1":
  version: 0.6.1
  resolution: "@cspotcode/source-map-support@npm:0.6.1"
  dependencies:
    "@cspotcode/source-map-consumer": 0.8.0
  checksum: eda5227576981f3a16bd1b0940f11bffe96a7dad36da6f2e5e3a8ee5b3ecb153359df08084684509adc63ffe12e14894b6f6f8f9423780895cf7cd9d66c8bbd6
  languageName: node
  linkType: hard

"@prisma/client@npm:2.31.0-dev.19":
  version: 2.31.0-dev.19
  resolution: "@prisma/client@npm:2.31.0-dev.19"
  dependencies:
    "@prisma/engines-version": 2.31.0-11.c6aa2685dff09984e6656f5d99a90b9e90eabbce
  peerDependencies:
    prisma: "*"
  peerDependenciesMeta:
    prisma:
      optional: true
  checksum: 3f0ea1c665651778596658dc5a74efc7cd0e8b8c51b04fe17c7fed2018e56970c5ac2ddde90b3720bc0004ee76c53332c3dd47d85df37a979ce86c8710a51c2f
  languageName: node
  linkType: hard

"@prisma/engines-version@npm:2.31.0-11.c6aa2685dff09984e6656f5d99a90b9e90eabbce":
  version: 2.31.0-11.c6aa2685dff09984e6656f5d99a90b9e90eabbce
  resolution: "@prisma/engines-version@npm:2.31.0-11.c6aa2685dff09984e6656f5d99a90b9e90eabbce"
  checksum: 4817b9eafe1493878a8a39eab1205d231ecf8ecad4a2441801921d755487a78084b72adf8b70e7dcc4324418b205bffeae524a154aaa5b7e5a74635b38b817ba
  languageName: node
  linkType: hard

"@prisma/engines@npm:2.31.0-11.c6aa2685dff09984e6656f5d99a90b9e90eabbce":
  version: 2.31.0-11.c6aa2685dff09984e6656f5d99a90b9e90eabbce
  resolution: "@prisma/engines@npm:2.31.0-11.c6aa2685dff09984e6656f5d99a90b9e90eabbce"
  checksum: 6eeb63481e2389f4a4b1e177c5e8189d34c948baf98e2c072d103c3a10bc2178ef783f9787b499c8866d4a29de807f2cf975906e57d5b3c96f97e9b359253829
  languageName: node
  linkType: hard

"@tsconfig/node10@npm:^1.0.7":
  version: 1.0.8
  resolution: "@tsconfig/node10@npm:1.0.8"
  checksum: 0336493b89fb7c06409a1247a3fb00fac2755f21f3f8ae4b9dd2457859abfc5e8ca42b6d9ca5a279fe81bc70fe1f3450eef61e5dd5a63a7b4a6946ff31874816
  languageName: node
  linkType: hard

"@tsconfig/node12@npm:^1.0.7":
  version: 1.0.9
  resolution: "@tsconfig/node12@npm:1.0.9"
  checksum: 5532bfb5df47ed3a507da533c731a2fb80ee2e886edadbf20e664dcd3172d5c159577a281d15733b8d0c30bfa4e6b48496bef0704192c085520bc76bb9938068
  languageName: node
  linkType: hard

"@tsconfig/node14@npm:^1.0.0":
  version: 1.0.1
  resolution: "@tsconfig/node14@npm:1.0.1"
  checksum: d0068287dba46dc98e7d49c229b0fee034fbac2bb4bc2efe12cc67227a1c68ec0728ca1e535dff7f033f7455de6c67e9b8f9d90f4fc3bb07c0d9ac08186fe65c
  languageName: node
  linkType: hard

"@tsconfig/node16@npm:^1.0.2":
  version: 1.0.2
  resolution: "@tsconfig/node16@npm:1.0.2"
  checksum: 57310e88858be59b36603e5d9bd7bd1714d16402ef1e536c01521ad3b207833a2fc64d260d362cae07bf4e50759a3aba3958c2faf9c42b52c4c817be60a93123
  languageName: node
  linkType: hard

"@types/node@npm:12.20.21":
  version: 12.20.21
  resolution: "@types/node@npm:12.20.21"
  checksum: 2b49ea81424ffb293757e634352822fd4c8e821becda17ca37ca29e86efa029f954f0bd0315cb8129b9358416f2ff513a5e7a09f1117f4d89bfef52a086266bd
  languageName: node
  linkType: hard

"acorn-walk@npm:^8.1.1":
  version: 8.1.1
  resolution: "acorn-walk@npm:8.1.1"
  checksum: 611ed68ed745414d46ccd4ccd5a4469a9420be4af59126ab66d1c51e1e48fe80bf41cce48a27efbfb777d6eea221f73f57a19d129f3114cae49fedc9a2b21a5b
  languageName: node
  linkType: hard

"acorn@npm:^8.4.1":
  version: 8.4.1
  resolution: "acorn@npm:8.4.1"
  bin:
    acorn: bin/acorn
  checksum: 37720df0ecd48baf87506aff228aedc7e73379df9e9309f0b89aaff18bb3d08af892d47c0f19d5ef1723066ca74157b00adcfea9a62b21a493c91babb7d22bc3
  languageName: node
  linkType: hard

"arg@npm:^4.1.0":
  version: 4.1.3
  resolution: "arg@npm:4.1.3"
  checksum: 81b3b40b1529c4fbf75b12f7c3e6fb2dcce9e78072063babc169de9b4f40777788f3d2b04380f659ef676a756e03ccfbfe78adf4477353bda906295fa69dab89
  languageName: node
  linkType: hard

"create-require@npm:^1.1.0":
  version: 1.1.1
  resolution: "create-require@npm:1.1.1"
  checksum: babd307893abfb26d77ae11cb9d6b6cfa6d18c9cee435cf70b5a3fb44aa8d90c9ec26ea89cbb16e0a94b8d34f5fcaee164b90ed526cdd3158955673ab9652d01
  languageName: node
  linkType: hard

"diff@npm:^4.0.1":
  version: 4.0.2
  resolution: "diff@npm:4.0.2"
  checksum: 81b5cd7ddde6f0ba2a532d434cfdca365aedd6cc62bb133e851e66e071d40382a30924a07c1034bd3d5a2e332146f64514b73c06fe2ebc0490a67f0c98da79fb
  languageName: node
  linkType: hard

"make-error@npm:^1.1.1":
  version: 1.3.6
  resolution: "make-error@npm:1.3.6"
  checksum: 2c780bab8409b865e8ee86697c599a2bf2765ec64d21eb67ccda27050e039f983feacad05a0d43aba3c966ea03d305d2612e94fec45474bcbc61181f57c5bb88
  languageName: node
  linkType: hard

"prisma@npm:2.31.0-dev.19":
  version: 2.31.0-dev.19
  resolution: "prisma@npm:2.31.0-dev.19"
  dependencies:
    "@prisma/engines": 2.31.0-11.c6aa2685dff09984e6656f5d99a90b9e90eabbce
  bin:
    prisma: build/index.js
    prisma2: build/index.js
  checksum: 6b81c4edc710ce48048d57019804915cb748d07504ba51ebf14d683dfa66650cfc446df7b895351c24287484bd764592317f612996c15387266175848731a4f1
  languageName: node
  linkType: hard

"script@workspace:.":
  version: 0.0.0-use.local
  resolution: "script@workspace:."
  dependencies:
    "@prisma/client": 2.31.0-dev.19
    "@types/node": 12.20.21
    prisma: 2.31.0-dev.19
    ts-node: 10.2.0
    typescript: 4.2.4
  languageName: unknown
  linkType: soft

"ts-node@npm:10.2.0":
  version: 10.2.0
  resolution: "ts-node@npm:10.2.0"
  dependencies:
    "@cspotcode/source-map-support": 0.6.1
    "@tsconfig/node10": ^1.0.7
    "@tsconfig/node12": ^1.0.7
    "@tsconfig/node14": ^1.0.0
    "@tsconfig/node16": ^1.0.2
    acorn: ^8.4.1
    acorn-walk: ^8.1.1
    arg: ^4.1.0
    create-require: ^1.1.0
    diff: ^4.0.1
    make-error: ^1.1.1
    yn: 3.1.1
  peerDependencies:
    "@swc/core": ">=1.2.50"
    "@swc/wasm": ">=1.2.50"
    "@types/node": "*"
    typescript: ">=2.7"
  peerDependenciesMeta:
    "@swc/core":
      optional: true
    "@swc/wasm":
      optional: true
  bin:
    ts-node: dist/bin.js
    ts-node-cwd: dist/bin-cwd.js
    ts-node-script: dist/bin-script.js
    ts-node-transpile-only: dist/bin-transpile.js
    ts-script: dist/bin-script-deprecated.js
  checksum: 7633bc5d27b08202a4d3e0c9a8def2933e98daf6316cb94992e21975f1432e28aeb34d601f69b912f61a1b2515677cb5f4015cab4848bcf4691c4bf1f6736963
  languageName: node
  linkType: hard

typescript@4.2.4:
  version: 4.2.4
  resolution: "typescript@npm:4.2.4"
  bin:
    tsc: bin/tsc
    tsserver: bin/tsserver
  checksum: edaede2fa77f56b7fba80ee624a2368ab1216e75b0434d968ccb47ab0a5e2f6d94f848b3b111c1237dd71e988cd376af26370dcdad3b94355c76e759f0dd0a1e
  languageName: node
  linkType: hard

"typescript@patch:typescript@4.2.4#builtin<compat/typescript>":
  version: 4.2.4
  resolution: "typescript@patch:typescript@npm%3A4.2.4#builtin<compat/typescript>::version=4.2.4&hash=a45b0e"
  bin:
    tsc: bin/tsc
    tsserver: bin/tsserver
  checksum: 3be44317593182e8ce494c114e7ad9b0bb2553a22f3085cc6da4f0a36912c20850daa9be4c898af2ab6fc8b12f430c1c9e46ac715721867cd38643f2350d3ef9
  languageName: node
  linkType: hard

"yn@npm:3.1.1":
  version: 3.1.1
  resolution: "yn@npm:3.1.1"
  checksum: bff63b80568d80c711670935427494dde47cdf97e8b04196b140ce0af519c81c5ee857eddad0caa8b422dd65aea0157bbfaacbb1546bebba623f0f383d5d9ae5
  languageName: node
  linkType: hard
