# THIS IS AN AUTOGENERATED FILE. DO NOT EDIT THIS FILE DIRECTLY.
# yarn lockfile v1


"@prisma/client@2.26.0-dev.26":
  version "2.26.0-dev.26"
  resolved "https://registry.yarnpkg.com/@prisma/client/-/client-2.26.0-dev.26.tgz#762978000bea75cf1c5bf21faaa072ab5666a68c"
  integrity sha512-mF+WzxCGR8GAe7TbebR1DL+WuLMBIU5r0zX0ofajUmZERtzU5ua7rAb+oLYrxRAFf1JvMWa51+h6KV77IT3u4w==
  dependencies:
    "@prisma/engines-version" "2.26.0-13.a9966aa784861dee7e6b2a90950874cbaf7b4984"

"@prisma/engines-version@2.26.0-13.a9966aa784861dee7e6b2a90950874cbaf7b4984":
  version "2.26.0-13.a9966aa784861dee7e6b2a90950874cbaf7b4984"
  resolved "https://registry.yarnpkg.com/@prisma/engines-version/-/engines-version-2.26.0-13.a9966aa784861dee7e6b2a90950874cbaf7b4984.tgz#ee752e33db6e24da4e2be80bacc1699317aa4086"
  integrity sha512-qm6CrXAMjT7orNIAWnA9IrmpVPz7HxieFG2P5IvIYdHRY29JnLAdKMQf7Vl6gvw75AyXiob1BRApHbZJDl1Ywg==

"@prisma/engines@2.26.0-13.a9966aa784861dee7e6b2a90950874cbaf7b4984":
  version "2.26.0-13.a9966aa784861dee7e6b2a90950874cbaf7b4984"
  resolved "https://registry.yarnpkg.com/@prisma/engines/-/engines-2.26.0-13.a9966aa784861dee7e6b2a90950874cbaf7b4984.tgz#4f23b0eafa63d4c248acf6524fc42aa194261bb0"
  integrity sha512-w4cUP2PUiKEdcx5RKVqWVmWaGLXBsfzpRRPGL1FKCm8JNHFjsPVjgHZpW+giDOmcC0WB3BAv/Z/VBLQXXcWPNw==

"@types/node@12.20.15":
  version "12.20.15"
  resolved "https://registry.npmjs.org/@types/node/-/node-12.20.15.tgz"
  integrity sha512-F6S4Chv4JicJmyrwlDkxUdGNSplsQdGwp1A0AJloEVDirWdZOAiRHhovDlsFkKUrquUXhz1imJhXHsf59auyAg==

arg@^4.1.0:
  version "4.1.3"
  resolved "https://registry.npmjs.org/arg/-/arg-4.1.3.tgz"
  integrity sha512-58S9QDqG0Xx27YwPSt9fJxivjYl432YCwfDMfZ+71RAqUrZef7LrKQZ3LHLOwCS4FLNBplP533Zx895SeOCHvA==

buffer-from@^1.0.0:
  version "1.1.1"
  resolved "https://registry.npmjs.org/buffer-from/-/buffer-from-1.1.1.tgz"
  integrity sha512-MQcXEUbCKtEo7bhqEs6560Hyd4XaovZlO/k9V3hjVUF/zwW7KBVdSK4gIt/bzwS9MbR5qob+F5jusZsb0YQK2A==

create-require@^1.1.0:
  version "1.1.1"
  resolved "https://registry.npmjs.org/create-require/-/create-require-1.1.1.tgz"
  integrity sha512-dcKFX3jn0MpIaXjisoRvexIJVEKzaq7z2rZKxf+MSr9TkdmHmsU4m2lcLojrj/FHl8mk5VxMmYA+ftRkP/3oKQ==

diff@^4.0.1:
  version "4.0.2"
  resolved "https://registry.npmjs.org/diff/-/diff-4.0.2.tgz"
  integrity sha512-58lmxKSA4BNyLz+HHMUzlOEpg09FV+ev6ZMe3vJihgdxzgcwZ8VoEEPmALCZG9LmqfVoNMMKpttIYTVG6uDY7A==

make-error@^1.1.1:
  version "1.3.6"
  resolved "https://registry.npmjs.org/make-error/-/make-error-1.3.6.tgz"
  integrity sha512-s8UhlNe7vPKomQhC1qFelMokr/Sc3AgNbso3n74mVPA5LTZwkB9NlXf4XPamLxJE8h0gh73rM94xvwRT2CVInw==

prisma@2.26.0-dev.26:
  version "2.26.0-dev.26"
  resolved "https://registry.yarnpkg.com/prisma/-/prisma-2.26.0-dev.26.tgz#7a467fe0072860646bf26155d1185dabab15da75"
  integrity sha512-y7w5bqTh1u1ZPdrJU19yMRf+96kSQr8MgGojgczeYwO/v2/r99HOoWG6ehRsRYzDYqPILJyx5uka7mb4CA1cig==
  dependencies:
    "@prisma/engines" "2.26.0-13.a9966aa784861dee7e6b2a90950874cbaf7b4984"

source-map-support@^0.5.17:
  version "0.5.19"
  resolved "https://registry.npmjs.org/source-map-support/-/source-map-support-0.5.19.tgz"
  integrity sha512-Wonm7zOCIJzBGQdB+thsPar0kYuCIzYvxZwlBa87yi/Mdjv7Tip2cyVbLj5o0cFPN4EVkuTwb3GDDyUx2DGnGw==
  dependencies:
    buffer-from "^1.0.0"
    source-map "^0.6.0"

source-map@^0.6.0:
  version "0.6.1"
  resolved "https://registry.npmjs.org/source-map/-/source-map-0.6.1.tgz"
  integrity sha512-UjgapumWlbMhkBgzT7Ykc5YXUT46F0iKu8SGXq0bcwP5dz/h0Plj6enJqjz1Zbq2l5WaqYnrVbwWOWMyF3F47g==

ts-node@9.1.1:
  version "9.1.1"
  resolved "https://registry.npmjs.org/ts-node/-/ts-node-9.1.1.tgz"
  integrity sha512-hPlt7ZACERQGf03M253ytLY3dHbGNGrAq9qIHWUY9XHYl1z7wYngSr3OQ5xmui8o2AaxsONxIzjafLUiWBo1Fg==
  dependencies:
    arg "^4.1.0"
    create-require "^1.1.0"
    diff "^4.0.1"
    make-error "^1.1.1"
    source-map-support "^0.5.17"
    yn "3.1.1"

typescript@4.2.4:
  version "4.2.4"
  resolved "https://registry.npmjs.org/typescript/-/typescript-4.2.4.tgz"
  integrity sha512-V+evlYHZnQkaz8TRBuxTA92yZBPotr5H+WhQ7bD3hZUndx5tGOa1fuCgeSjxAzM1RiN5IzvadIXTVefuuwZCRg==

yn@3.1.1:
  version "3.1.1"
  resolved "https://registry.npmjs.org/yn/-/yn-3.1.1.tgz"
  integrity sha512-Ux4ygGWsu2c7isFWe8Yu1YluJmqVhxqK2cLXNQA5AcC3QfbGNpM7fu0Y8b/z16pXLnFxZYvWhd3fhBY9DLmC6Q==
