lockfileVersion: '6.0'

settings:
  autoInstallPeers: true
  excludeLinksFromLockfile: false

dependencies:
  '@prisma/client':
    specifier: 5.1.0-dev.65
    version: 5.1.0-dev.65(prisma@5.1.0-dev.65)
  '@prisma/extension-accelerate':
    specifier: 0.3.1
    version: 0.3.1(@prisma/client@5.1.0-dev.65)

devDependencies:
  prisma:
    specifier: 5.1.0-dev.65
    version: 5.1.0-dev.65

packages:

  /@prisma/client@5.1.0-dev.65(prisma@5.1.0-dev.65):
    resolution: {integrity: sha512-OCbivjwLk/PanpPRAcIDBBMCdbGzT8KPwJpdXM3/12vUZu1zrYemIniWi/vzqvcCogy53jRiQS/vwnQ0JXHDlg==}
    engines: {node: '>=16.13'}
    requiresBuild: true
    peerDependencies:
      prisma: '*'
    peerDependenciesMeta:
      prisma:
        optional: true
    dependencies:
      '@prisma/engines-version': 5.1.0-17.1548dc15e415a2298c25af9b04f33bba3d28b998
      prisma: 5.1.0-dev.65
    dev: false

  /@prisma/engines-version@5.1.0-17.1548dc15e415a2298c25af9b04f33bba3d28b998:
    resolution: {integrity: sha512-EOO9ZxyjOTrZpaEbA96jm2S8+VscQwz3Oqpn4kTH2OBSAEhIbeQ0A21PMX2fOvtj7V7FN+wPLjmuHIvtv4issw==}
    dev: false

  /@prisma/engines@5.1.0-dev.65:
    resolution: {integrity: sha512-Y4RVuBYxQB8nrn2lcv3/S95kDK1rJ/JgZ9oYiR0EtubroNTt84WyWjiihaJGBukMRSEKKI4+Ft2R+TZtTSTVug==}
    requiresBuild: true

  /@prisma/extension-accelerate@0.3.1(@prisma/client@5.1.0-dev.65):
    resolution: {integrity: sha512-yqSOX5RJRk5RdtmmMsmNxp9sEpIgdg1l3cVzwyOHfdZ5t8nh+Zk22cqFDOh4pxW1tw5tWwIxe+MgDCX94+UWuQ==}
    peerDependencies:
      '@prisma/client': '>=4.16.1'
    dependencies:
      '@prisma/client': 5.1.0-dev.65(prisma@5.1.0-dev.65)
    dev: false

  /prisma@5.1.0-dev.65:
    resolution: {integrity: sha512-FhSTDAZ7h5ExXKLHIwZ058KxYpbpJ13t6trVMvrdB/Gq386ZjyOt4ix3KbWPHuC/SIW763JZs3V1hJ0I5aFDJw==}
    engines: {node: '>=16.13'}
    hasBin: true
    requiresBuild: true
    dependencies:
      '@prisma/engines': 5.1.0-dev.65
