lockfileVersion: '6.0'

settings:
  autoInstallPeers: true
  excludeLinksFromLockfile: false

dependencies:
  '@prisma/client':
    specifier: 5.2.0-dev.35
    version: 5.2.0-dev.35(prisma@5.2.0-dev.35)
  '@prisma/extension-accelerate':
    specifier: 0.5.0
    version: 0.5.0(@prisma/client@5.2.0-dev.35)

devDependencies:
  prisma:
    specifier: 5.2.0-dev.35
    version: 5.2.0-dev.35

packages:

  /@prisma/client@5.2.0-dev.35(prisma@5.2.0-dev.35):
    resolution: {integrity: sha512-fRuTO4QG2LYYIm12F7sdgJAbyLxCTAIjB8crooObuDnyuAlJA6N0gsksZqpt4Lr4MZ8F7OvLNnmIq25ujmjeAA==}
    engines: {node: '>=16.13'}
    requiresBuild: true
    peerDependencies:
      prisma: '*'
    peerDependenciesMeta:
      prisma:
        optional: true
    dependencies:
      '@prisma/engines-version': 5.2.0-13.9fe3fe474102fcbb680f0079a028fe304b7bf3f0
      prisma: 5.2.0-dev.35
    dev: false

  /@prisma/engines-version@5.2.0-13.9fe3fe474102fcbb680f0079a028fe304b7bf3f0:
    resolution: {integrity: sha512-PpRiqqOlIxUiP8m6/JNuJuO0YEG2gJfo5vUbrU4zepcP6oFxv6rpn4tEEGv2KrSRHs3PLe14EweXMS1HEfORDA==}
    dev: false

  /@prisma/engines@5.2.0-dev.35:
    resolution: {integrity: sha512-DEBAmjEGaWOxpJVCWqNwxTW7W9OAYNvKjB10RnAetFxQhon2zwLRshzUh3bnXf4KzicyFlNC2xaam7JzT9taMQ==}
    requiresBuild: true

  /@prisma/extension-accelerate@0.5.0(@prisma/client@5.2.0-dev.35):
    resolution: {integrity: sha512-wH23i7S6yIvReepH5VBQfhmXizBI57KcLp4wvVY/rvDKsepg7mAqLYeK6IrufBFVyuEFudTNfYog/hnUO40wAg==}
    engines: {node: '>=16'}
    peerDependencies:
      '@prisma/client': '>=4.16.1'
    dependencies:
      '@prisma/client': 5.2.0-dev.35(prisma@5.2.0-dev.35)
    dev: false

  /prisma@5.2.0-dev.35:
    resolution: {integrity: sha512-TkqSaCf3tJJf2/N+0222QldiSYxCJAVu9BE5IcHVQI7/DaKJjZ32VecPMU5u5MFK6CYcDe/AC6r+nNLuW4V2zg==}
    engines: {node: '>=16.13'}
    hasBin: true
    requiresBuild: true
    dependencies:
      '@prisma/engines': 5.2.0-dev.35
