lockfileVersion: '6.0'

settings:
  autoInstallPeers: true
  excludeLinksFromLockfile: false

dependencies:
  '@prisma/client':
    specifier: 5.1.0-dev.84
    version: 5.1.0-dev.84(prisma@5.1.0-dev.84)
  '@prisma/extension-accelerate':
    specifier: 0.4.0
    version: 0.4.0(@prisma/client@5.1.0-dev.84)

devDependencies:
  prisma:
    specifier: 5.1.0-dev.84
    version: 5.1.0-dev.84

packages:

  /@prisma/client@5.1.0-dev.84(prisma@5.1.0-dev.84):
    resolution: {integrity: sha512-A9jhx/MsTbXpAs6ZUswP+mQkgqhLg5m5BeRMOds6ttiHImBp+9I2ml3a5a/EHBEemhAG/5yYgkRToEd2pfEy9A==}
    engines: {node: '>=16.13'}
    requiresBuild: true
    peerDependencies:
      prisma: '*'
    peerDependenciesMeta:
      prisma:
        optional: true
    dependencies:
      '@prisma/engines-version': 5.1.0-22.4b132e0d5319952d155d8bbe2ba802464ebf8c6e
      prisma: 5.1.0-dev.84
    dev: false

  /@prisma/engines-version@5.1.0-22.4b132e0d5319952d155d8bbe2ba802464ebf8c6e:
    resolution: {integrity: sha512-XlybQI2nuNV0TMtu+koasybFniRslGNuq0WNHNVqyJ6dmBiTRbhofns+IFLqb0dqsxxP7kCw/XRhxgq1YvmOvw==}
    dev: false

  /@prisma/engines@5.1.0-dev.84:
    resolution: {integrity: sha512-YRxXKlt+S0nOD8xo7yl2PrMABgilYZwqUAXT7Lc4YBA42DYdarfm1pevg5W+pgkiXShKcQtR/xxFnJEh5WPZwg==}
    requiresBuild: true

  /@prisma/extension-accelerate@0.4.0(@prisma/client@5.1.0-dev.84):
    resolution: {integrity: sha512-2nT/z/DVDFDs0Nu5JU4LURJCr/vf25Niw5FZTIuunu4W77mUEZbS9JvccZ7MFQVW6bNJP2if75KwNdRoKyUI2A==}
    engines: {node: '>=16'}
    peerDependencies:
      '@prisma/client': '>=4.16.1'
    dependencies:
      '@prisma/client': 5.1.0-dev.84(prisma@5.1.0-dev.84)
    dev: false

  /prisma@5.1.0-dev.84:
    resolution: {integrity: sha512-iGZKTj50b8cPD9vdXgILC6aUwjmjWifyXSpLXpDc2nP5dTZn/Es197TYbz2d/6mwzZRpatXwaWFB553C+6CmcA==}
    engines: {node: '>=16.13'}
    hasBin: true
    requiresBuild: true
    dependencies:
      '@prisma/engines': 5.1.0-dev.84
