# THIS IS AN AUTOGENERATED FILE. DO NOT EDIT THIS FILE DIRECTLY.
# yarn lockfile v1


"@prisma/client@4.6.0-dev.13":
  version "4.6.0-dev.13"
  resolved "https://registry.yarnpkg.com/@prisma/client/-/client-4.6.0-dev.13.tgz#927ff66ef46e43909aecf4153cff375ed77f069a"
  integrity sha512-EAsF8Cgb7gWgmbPXQiGSFBpCi+EitMnD5vjDOO48WTsr/kJd89OEEQU+pSx8LUrN+hfhoYgyoYcDZUuPQ0WYOA==
  dependencies:
    "@prisma/engines-version" "4.6.0-4.bc452eb701d4709e75729888e0ea0f53c19775d1"

"@prisma/engines-version@4.6.0-4.bc452eb701d4709e75729888e0ea0f53c19775d1":
  version "4.6.0-4.bc452eb701d4709e75729888e0ea0f53c19775d1"
  resolved "https://registry.yarnpkg.com/@prisma/engines-version/-/engines-version-4.6.0-4.bc452eb701d4709e75729888e0ea0f53c19775d1.tgz#ba2512aff66fc5242a8cb035440f9361ec7ce8e7"
  integrity sha512-Hrk0PvQggLwWb4mt97LDgY7JkmrkSXH5heJTMLNjBh36K9bdZmO/+8smrPar9/zU2H7p225qhtTTJqIIaPMQwA==

"@prisma/engines@4.6.0-dev.13":
  version "4.6.0-dev.13"
  resolved "https://registry.yarnpkg.com/@prisma/engines/-/engines-4.6.0-dev.13.tgz#663f3cd14143004d38589e0f6659fd252b7748b3"
  integrity sha512-pWawfo9zVTMYBCrUo112GCKyrQC6fYMj4Lw2SgZCkdXomV9OVF+C5oSU30L1nH7NL0DWTEfU7bWOLuzDIDz0jw==

prisma@4.6.0-dev.13:
  version "4.6.0-dev.13"
  resolved "https://registry.yarnpkg.com/prisma/-/prisma-4.6.0-dev.13.tgz#108c5c284f21b3374458bfd8d2a6c585037fa11a"
  integrity sha512-L0C+xrvZOtsMpsufduNAi7texc9ZOH+xokWbr2w5Kf2cK9okMJHkd78ZSnqB7PsVRL+zOf/KXGE2Hik4mIxssQ==
  dependencies:
    "@prisma/engines" "4.6.0-dev.13"
