# THIS IS AN AUTOGENERATED FILE. DO NOT EDIT THIS FILE DIRECTLY.
# yarn lockfile v1


"@prisma/client@4.9.0-dev.58":
  version "4.9.0-dev.58"
  resolved "https://registry.yarnpkg.com/@prisma/client/-/client-4.9.0-dev.58.tgz#0ed409ab1d757d7452ff2bf0b3ca94f81579c586"
  integrity sha512-CMGPN57DOqF+X7csThZUWApp7dGgmYDJUrG9yu9HTa9NzG2Egrfk8uTZmlltZYJRHFbm0izmxHHUTNMpqqJRoA==
  dependencies:
    "@prisma/engines-version" "4.9.0-37.3ae6afefaf09a19dc45c44e4916552a2997cdd4c"

"@prisma/engines-version@4.9.0-37.3ae6afefaf09a19dc45c44e4916552a2997cdd4c":
  version "4.9.0-37.3ae6afefaf09a19dc45c44e4916552a2997cdd4c"
  resolved "https://registry.yarnpkg.com/@prisma/engines-version/-/engines-version-4.9.0-37.3ae6afefaf09a19dc45c44e4916552a2997cdd4c.tgz#225d2eb5253a578f5540c31ecfe066c8dd8271af"
  integrity sha512-nuiu1erbzTQiiITFHVTFABN1tYhsQ7TquH8I85f8FmvuqarwS68BMRT6EbIbnc8Kqu2FAAktKro+ERZcHno32Q==

"@prisma/engines@4.9.0-dev.58":
  version "4.9.0-dev.58"
  resolved "https://registry.yarnpkg.com/@prisma/engines/-/engines-4.9.0-dev.58.tgz#b2cddb24bbe00b6d90f3a75a938f6e745426f5ad"
  integrity sha512-5u6ee4fg/IF/J904qA90faH89NdtR6FvqjAc+smpDF6Tqn0wG5pEUiSpw0QLnL+S/eFxNmsvvnAuWg0tzUbTXg==

prisma@4.9.0-dev.58:
  version "4.9.0-dev.58"
  resolved "https://registry.yarnpkg.com/prisma/-/prisma-4.9.0-dev.58.tgz#b45003fec115521cb55f42a7e9672de879576c27"
  integrity sha512-vppe5wyEv1l85Wb325ZL1V3TdyvnZh7kcFzi301dd4H2r6Gtn0v5SLGJLOJjjrFxeWO7+nK5CxLhsVjX0MIwfw==
  dependencies:
    "@prisma/engines" "4.9.0-dev.58"
