# THIS IS AN AUTOGENERATED FILE. DO NOT EDIT THIS FILE DIRECTLY.
# yarn lockfile v1


"@prisma/client@4.4.0-integration-feat-deno-deploy.1":
  version "4.4.0-integration-feat-deno-deploy.1"
  resolved "https://registry.yarnpkg.com/@prisma/client/-/client-4.4.0-integration-feat-deno-deploy.1.tgz#39ef930e98460606b30569c3db356942b9ee3a9a"
  integrity sha512-rU/sIhKUwQaN2jgsukbZGOKzMjiv8JVJqMzMSIBGZE1fRmGOCJlouyDD+mdTb7OjyOa6lhNh4OcHM41WzYzIjg==
  dependencies:
    "@prisma/engines-version" "4.4.0-4.integration-deno-preview-flag-3c1168fbf77b17ded4f89a480e467eddb5302d77"

"@prisma/engines-version@4.4.0-4.integration-deno-preview-flag-3c1168fbf77b17ded4f89a480e467eddb5302d77":
  version "4.4.0-4.integration-deno-preview-flag-3c1168fbf77b17ded4f89a480e467eddb5302d77"
  resolved "https://registry.yarnpkg.com/@prisma/engines-version/-/engines-version-4.4.0-4.integration-deno-preview-flag-3c1168fbf77b17ded4f89a480e467eddb5302d77.tgz#a9466c57bc5214f5e2317df26bb5cdf45d54c1db"
  integrity sha512-Ghoztzu/5BQTxrrWKnBJJ2U2K8rVPpFLE6+bmHyzEKbcfcHX9zIlYvcU/GZlr/1OooYfbxjDwoGS8QqlHOEQpg==

"@prisma/engines@4.4.0-integration-feat-deno-deploy.1":
  version "4.4.0-integration-feat-deno-deploy.1"
  resolved "https://registry.yarnpkg.com/@prisma/engines/-/engines-4.4.0-integration-feat-deno-deploy.1.tgz#d6d12f1c2befd538cb47d4f37a81e01fb1ae671b"
  integrity sha512-KfpMUXb4nU1NyfM07vKYDrxWxINM/UMiBlvM6n99bqua1q2PsQ+c7+7wjksVABGVNRCsplZQ1ab/s2AJZy4zVQ==

prisma@4.4.0-integration-feat-deno-deploy.1:
  version "4.4.0-integration-feat-deno-deploy.1"
  resolved "https://registry.yarnpkg.com/prisma/-/prisma-4.4.0-integration-feat-deno-deploy.1.tgz#a86ed7756013ef8838ed8b744317ca3e8e0a3e9f"
  integrity sha512-RZ5nUMp79Yr6ff7Tku8qm5wztAnPO3YVDz9nQc65EAwB2cPuEzyh7Ajhc6pXBWfNZmfBqEDPqpT6kgXypdzLJA==
  dependencies:
    "@prisma/engines" "4.4.0-integration-feat-deno-deploy.1"
