# THIS IS AN AUTOGENERATED FILE. DO NOT EDIT THIS FILE DIRECTLY.
# yarn lockfile v1


"@prisma/client@5.3.0-dev.5":
  version "5.3.0-dev.5"
  resolved "https://registry.yarnpkg.com/@prisma/client/-/client-5.3.0-dev.5.tgz#7b48d7b6bfa2c614e78c6e3bcfac05ee459da9cc"
  integrity sha512-pWy7AGx7+fN4nMgdfOYXvGhr07/B60hWHvYjlGbN79u+ott7VdpkFq5npZXAu1wYSmtCaa1VBl7ErYSe1TFb9A==
  dependencies:
    "@prisma/engines-version" "5.3.0-5.018067b0442e15ab541fc2d442e5ffdc1f3a051b"

"@prisma/engines-version@5.3.0-5.018067b0442e15ab541fc2d442e5ffdc1f3a051b":
  version "5.3.0-5.018067b0442e15ab541fc2d442e5ffdc1f3a051b"
  resolved "https://registry.yarnpkg.com/@prisma/engines-version/-/engines-version-5.3.0-5.018067b0442e15ab541fc2d442e5ffdc1f3a051b.tgz#b429afa879e01a065934fb3f85339ccb39f6b9f4"
  integrity sha512-H60Awl2WfHQCO8D6bIm4vv6hRk1xu+zWST9tN3cap+vHoSNXKq8P7/BHT2ybGGG0emyt0sH2R8555fDuCBjGoA==

"@prisma/engines@5.3.0-dev.5":
  version "5.3.0-dev.5"
  resolved "https://registry.yarnpkg.com/@prisma/engines/-/engines-5.3.0-dev.5.tgz#36cac40a4e2eba765497abe84b0881beb367741f"
  integrity sha512-pXCwucpFFMw8EefwFe78n572oWVziPn6BwHhuj8Lu/13Kf0HXckHncblKu2iRZHXjX8Sv+lmifl35pNPW61CKg==

"@types/node@16.18.44":
  version "16.18.44"
  resolved "https://registry.yarnpkg.com/@types/node/-/node-16.18.44.tgz#3c3ea2a832014b869f0f370630d98bb026171e76"
  integrity sha512-PZXtT+wqSMHnLPVExTh+tMt1VK+GvjRLsGZMbcQ4Mb/cG63xJig/TUmgrDa9aborl2i22UnpIzHYNu7s97NbBQ==

prisma@5.3.0-dev.5:
  version "5.3.0-dev.5"
  resolved "https://registry.yarnpkg.com/prisma/-/prisma-5.3.0-dev.5.tgz#acb8ec8970fa1601777d114720f61a8ed7b99964"
  integrity sha512-8vBP/EUkyZi2+TtNT1dd13dg4Ij/TxzjwA2A4hipuHC2e3HBGkGzRkRPnNhrKOFShoWwQ7ziU8KjfkFdXrIdSQ==
  dependencies:
    "@prisma/engines" "5.3.0-dev.5"

ts-node@10.9.1:
  version "10.9.1"
  resolved "https://registry.yarnpkg.com/ts-node/-/ts-node-10.9.1.tgz#e73de9102958af9e1f0b168a6ff320e25adcff4b"
  integrity sha512-NtVysVPkxxrwFGUUxGYhfux8k78pQB3JqYBXlLRZgdGUqTO5wU/UyHop5p70iEbGhB7q5KmiZiU0Y3KlJrScEw==

typescript@5.1.6:
  version "5.1.6"
  resolved "https://registry.yarnpkg.com/typescript/-/typescript-5.1.6.tgz#02f8ac202b6dad2c0dd5e0913745b47a37998274"
  integrity sha512-zaWCozRZ6DLEWAWFrVDz1H6FVXzUSfTy5FUMWsQlU8Ym5JP9eO4xkTIROFCQvhQf61z6O/G6ugw3SgAnvvm+HA==
