# THIS IS AN AUTOGENERATED FILE. DO NOT EDIT THIS FILE DIRECTLY.
# yarn lockfile v1


"@prisma/client@5.7.0-dev.28":
  version "5.7.0-dev.28"
  resolved "https://registry.yarnpkg.com/@prisma/client/-/client-5.7.0-dev.28.tgz#ce74312b02d3d55f837211d2a22cfc0697e6f839"
  integrity sha512-9kzcpOJ0vcBQ1L1Uo1WJxzEHXnmjqfBQF9TAGCGqr8GFStu+wnMC7IK7nCY7qjiPxcmMaqNW0P60jRSI+kPPPQ==
  dependencies:
    "@prisma/engines-version" "5.7.0-8.ebb702b740d9a49b9d5c1ce78fa735d48576fdcb"

"@prisma/engines-version@5.7.0-8.ebb702b740d9a49b9d5c1ce78fa735d48576fdcb":
  version "5.7.0-8.ebb702b740d9a49b9d5c1ce78fa735d48576fdcb"
  resolved "https://registry.yarnpkg.com/@prisma/engines-version/-/engines-version-5.7.0-8.ebb702b740d9a49b9d5c1ce78fa735d48576fdcb.tgz#28fc1edeccaf27720eded4e1400f1c4df9f0808a"
  integrity sha512-oF9yZ/6Z35WljT737HFqd9ym6wPv/groMMdXOE7L6IqtxRvuccngEpHG9zvq9RQMAJMldDKOGjh7sC9jplQpsw==

"@prisma/engines@5.7.0-dev.28":
  version "5.7.0-dev.28"
  resolved "https://registry.yarnpkg.com/@prisma/engines/-/engines-5.7.0-dev.28.tgz#34873c473d29547ba25d1d8ba5372a6bafdb0cd7"
  integrity sha512-THXxWLwTUiP/7nsW5biM80k2Wrx8b5D+sanJ/YaCvJKC+/iMzl61HAILkJA2XCnilfROfyvcKc16GaS+F0uHTg==

"@types/node@16.18.62":
  version "16.18.62"
  resolved "https://registry.yarnpkg.com/@types/node/-/node-16.18.62.tgz#5b80d7a800f86842c5fadc066a63d6312208805c"
  integrity sha512-/zbPnIBkef8sT+6vw6BxdvU3dCxRI0v6rBu/6IvXnRNtOPILucigqhUBPYxtQ/8JdAna0JLTAcNTCDmQ77QYkQ==

prisma@5.7.0-dev.28:
  version "5.7.0-dev.28"
  resolved "https://registry.yarnpkg.com/prisma/-/prisma-5.7.0-dev.28.tgz#52c3ae1bf17c1c9875b12ac81a88f6374167c9f0"
  integrity sha512-g+R3QjYU4MmS2UbOh+dNlzbs9JcDFWRWtTUgcTjpbE9cE6eJOps7nZwdo27SxPhUy7kHucz6QPgPROXc73zIHQ==
  dependencies:
    "@prisma/engines" "5.7.0-dev.28"

ts-node@10.9.1:
  version "10.9.1"
  resolved "https://registry.yarnpkg.com/ts-node/-/ts-node-10.9.1.tgz#e73de9102958af9e1f0b168a6ff320e25adcff4b"
  integrity sha512-NtVysVPkxxrwFGUUxGYhfux8k78pQB3JqYBXlLRZgdGUqTO5wU/UyHop5p70iEbGhB7q5KmiZiU0Y3KlJrScEw==
  dependencies:
    "@cspotcode/source-map-support" "^0.8.0"
    "@tsconfig/node10" "^1.0.7"
    "@tsconfig/node12" "^1.0.7"
    "@tsconfig/node14" "^1.0.0"
    "@tsconfig/node16" "^1.0.2"
    acorn "^8.4.1"
    acorn-walk "^8.1.1"
    arg "^4.1.0"
    create-require "^1.1.0"
    diff "^4.0.1"
    make-error "^1.1.1"
    v8-compile-cache-lib "^3.0.1"
    yn "3.1.1"

typescript@5.2.2:
  version "5.2.2"
  resolved "https://registry.yarnpkg.com/typescript/-/typescript-5.2.2.tgz#5ebb5e5a5b75f085f22bc3f8460fba308310fa78"
  integrity sha512-mI4WrpHsbCIcwT9cF4FZvr80QUeKvsUsUvKDoR+X/7XHQH98xYD8YHZg7ANtz2GtZt/CBq2QJ0thkGJMHfqc1w==
