lockfileVersion: '9.0'

settings:
  autoInstallPeers: true
  excludeLinksFromLockfile: false

importers:

  .:
    dependencies:
      '@prisma/client':
        specifier: 6.20.0-dev.9
        version: 6.20.0-dev.9
      zx:
        specifier: 8.3.2
        version: 8.3.2

packages:

  '@prisma/client-runtime-utils@6.20.0-dev.9':
    resolution: {integrity: sha512-LgVOO9+WqMSO87Wdi5ScdezLZZBitRPukrTO7xPRYeVO8eNKQhzqjWz6JUy5ojeYizAQ58L2gjnFOFO/8b0/ig==}

  '@prisma/client@6.20.0-dev.9':
    resolution: {integrity: sha512-vuIK6ng5n5xSvG9Tr37qjippTq1XT45oeyUjiZR0Vgs2fIn06mq/YnXJXkHYwt1sWYcaoJt11zJ24aCpccP/0w==}
    engines: {node: ^20.19 || ^22.12 || ^24.0}
    peerDependencies:
      prisma: '*'
      typescript: '>=5.4.0'
    peerDependenciesMeta:
      prisma:
        optional: true
      typescript:
        optional: true

  '@types/fs-extra@11.0.4':
    resolution: {integrity: sha512-yTbItCNreRooED33qjunPthRcSjERP1r4MqCZc7wv0u2sUkzTFp45tgUfS5+r7FrZPdmCCNflLhVSP/o+SemsQ==}

  '@types/jsonfile@6.1.1':
    resolution: {integrity: sha512-GSgiRCVeapDN+3pqA35IkQwasaCh/0YFH5dEF6S88iDvEn901DjOeH3/QPY+XYP1DFzDZPvIvfeEgk+7br5png==}

  '@types/node@20.12.12':
    resolution: {integrity: sha512-eWLDGF/FOSPtAvEqeRAQ4C8LSA7M1I7i0ky1I8U7kD1J5ITyW3AsRhQrKVoWf5pFKZ2kILsEGJhsI9r93PYnOw==}

  undici-types@5.26.5:
    resolution: {integrity: sha512-JlCMO+ehdEIKqlFxk6IfVoAUVmgz7cU7zD/h9XZ0qzeosSHmUJVOzSQvvYSYWXkFXC+IfLKSIffhv0sVZup6pA==}

  zx@8.3.2:
    resolution: {integrity: sha512-qjTunv1NClO05jDaUjrNZfpqC9yvNCchge/bzOcQevsh1aM5qE3TG6MY24kuQKlOWx+7vNuhqO2wa9nQCIGvZA==}
    engines: {node: '>= 12.17.0'}
    hasBin: true

snapshots:

  '@prisma/client-runtime-utils@6.20.0-dev.9': {}

  '@prisma/client@6.20.0-dev.9':
    dependencies:
      '@prisma/client-runtime-utils': 6.20.0-dev.9

  '@types/fs-extra@11.0.4':
    dependencies:
      '@types/jsonfile': 6.1.1
      '@types/node': 20.12.12
    optional: true

  '@types/jsonfile@6.1.1':
    dependencies:
      '@types/node': 20.12.12
    optional: true

  '@types/node@20.12.12':
    dependencies:
      undici-types: 5.26.5
    optional: true

  undici-types@5.26.5:
    optional: true

  zx@8.3.2:
    optionalDependencies:
      '@types/fs-extra': 11.0.4
      '@types/node': 20.12.12
