lockfileVersion: '6.0'

settings:
  autoInstallPeers: true
  excludeLinksFromLockfile: false

dependencies:
  '@prisma/client':
    specifier: 5.9.0-dev.76
    version: 5.9.0-dev.76(prisma@5.9.0-dev.76)

devDependencies:
  prisma:
    specifier: 5.9.0-dev.76
    version: 5.9.0-dev.76

packages:

  /@prisma/client@5.9.0-dev.76(prisma@5.9.0-dev.76):
    resolution: {integrity: sha512-dF0qg6QtFR196eurldoMeosuOdTREUhZ/XW5YtGycjaVRdSi1q8iNPagHAd6gKphaGb6HUxljyVQGknywhHTCg==}
    engines: {node: '>=16.13'}
    requiresBuild: true
    peerDependencies:
      prisma: '*'
    peerDependenciesMeta:
      prisma:
        optional: true
    dependencies:
      prisma: 5.9.0-dev.76
    dev: false

  /@prisma/debug@5.9.0-dev.76:
    resolution: {integrity: sha512-H7Q7ICfRKik4jnISFIIsVPEzkiAUmx9D8EIyB9L2miLSgFYit96X7K5GWAf/HwvVlWhwBgz8DKCTzpxSIeP7VQ==}

  /@prisma/engines-version@5.9.0-32.23fdc5965b1e05fc54e5f26ed3de66776b93de64:
    resolution: {integrity: sha512-HFl7275yF0FWbdcNvcSRbbu9JCBSLMcurYwvWc8WGDnpu7APxQo2ONtZrUggU3WxLxUJ2uBX+0GOFIcJeVeOOQ==}

  /@prisma/engines@5.9.0-dev.76:
    resolution: {integrity: sha512-ikba6bZVfc3FBJujl7gN5zsGYPsehf2JwnEtfqOD1Up5pACf6qsisbzphU5DscQpfo+/fc803Gkw79qcClYP6A==}
    requiresBuild: true
    dependencies:
      '@prisma/debug': 5.9.0-dev.76
      '@prisma/engines-version': 5.9.0-32.23fdc5965b1e05fc54e5f26ed3de66776b93de64
      '@prisma/fetch-engine': 5.9.0-dev.76
      '@prisma/get-platform': 5.9.0-dev.76

  /@prisma/fetch-engine@5.9.0-dev.76:
    resolution: {integrity: sha512-y8pxfXMuDmEbEMXu+32u0Ne8d4iq325xjcXTPVWWxMrO3QP448bIBdhH54FIUN4qJ9sivMIxOUmHZsjzJOfDYg==}
    dependencies:
      '@prisma/debug': 5.9.0-dev.76
      '@prisma/engines-version': 5.9.0-32.23fdc5965b1e05fc54e5f26ed3de66776b93de64
      '@prisma/get-platform': 5.9.0-dev.76

  /@prisma/get-platform@5.9.0-dev.76:
    resolution: {integrity: sha512-mjwWBg86bQzA4MM0Z0C0+icVHN+tn6xpidpLirM+tjrB6gHKzzlWSx7IFBqZG68OWba2raGa02bCHm7RsHNK3g==}
    dependencies:
      '@prisma/debug': 5.9.0-dev.76

  /prisma@5.9.0-dev.76:
    resolution: {integrity: sha512-WLyos0GqCCT8RIZ/ZPMUwI2z1AY1tfrSZ437MOZJDXqc1Pn/Z9X+LKo76xUrbcKj7zV9r5TM+c6WTYVogXct9g==}
    engines: {node: '>=16.13'}
    hasBin: true
    requiresBuild: true
    dependencies:
      '@prisma/engines': 5.9.0-dev.76
