lockfileVersion: '6.0'

settings:
  autoInstallPeers: true
  excludeLinksFromLockfile: false

dependencies:
  '@prisma/client':
    specifier: 5.9.0-dev.14
    version: 5.9.0-dev.14(prisma@5.9.0-dev.14)

devDependencies:
  prisma:
    specifier: 5.9.0-dev.14
    version: 5.9.0-dev.14

packages:

  /@prisma/client@5.9.0-dev.14(prisma@5.9.0-dev.14):
    resolution: {integrity: sha512-HbgC7+30zXlKvD+t+o9UCajt3xTSQwXkMNc2NrDPrteswkFzt6hUqiFhAYLYzfC83R4L9HfFp68zEcDm7xf2bg==}
    engines: {node: '>=16.13'}
    requiresBuild: true
    peerDependencies:
      prisma: '*'
    peerDependenciesMeta:
      prisma:
        optional: true
    dependencies:
      prisma: 5.9.0-dev.14
    dev: false

  /@prisma/debug@5.9.0-dev.14:
    resolution: {integrity: sha512-sJpEZaMSZ5iHGyV0qDou8SfCZOIcBbx8bHukhZN3midWOy44IRbaI4lkPUB2/rUosJrd9GmqS009xxcxzVqf3A==}

  /@prisma/engines-version@5.9.0-8.0fb4ba094a61e322c9a21dd664c30f0bc36ee80d:
    resolution: {integrity: sha512-lFAtTpEOkWJ+HjbvmyRHmvAtpRhZHW5iD9mwmvN503apt0tfLvS9yiiZYwoFT2kCfQht0SSDDre9KWtj3LsfeQ==}

  /@prisma/engines@5.9.0-dev.14:
    resolution: {integrity: sha512-9zfx3GZhiOma2PwPWaRALg1Q2L8XrISfavfaBGqnANWGL29wA7CIj0bCDyuVllIdvsY0CDIri4a1VApmOZpzpw==}
    requiresBuild: true
    dependencies:
      '@prisma/debug': 5.9.0-dev.14
      '@prisma/engines-version': 5.9.0-8.0fb4ba094a61e322c9a21dd664c30f0bc36ee80d
      '@prisma/fetch-engine': 5.9.0-dev.14
      '@prisma/get-platform': 5.9.0-dev.14

  /@prisma/fetch-engine@5.9.0-dev.14:
    resolution: {integrity: sha512-EMgOX15Cv97JAwk/aiu0Qk9jFkYGaHoH3cQ0NAuGVJtb0RPvMP+egFmr+UAzOz2lnTGjZK62gSyp6rZFWuRxFw==}
    dependencies:
      '@prisma/debug': 5.9.0-dev.14
      '@prisma/engines-version': 5.9.0-8.0fb4ba094a61e322c9a21dd664c30f0bc36ee80d
      '@prisma/get-platform': 5.9.0-dev.14

  /@prisma/get-platform@5.9.0-dev.14:
    resolution: {integrity: sha512-DUkKGNQCYZ+QW8Qc+xqnSTMW0rNwiQy6wWDVowT8cIE8W/LIId0AHJd7b5SnelcqRgQ1YhienJYwUK8u2ENFtw==}
    dependencies:
      '@prisma/debug': 5.9.0-dev.14

  /prisma@5.9.0-dev.14:
    resolution: {integrity: sha512-56rCtRFfQum24Nonq+lraE8f2W1AHu6ciqGslBgOPkfuIHO9hTeUdbw60iA2NLcT2h+F7MxCR3Dq9KLLOrxsLg==}
    engines: {node: '>=16.13'}
    hasBin: true
    requiresBuild: true
    dependencies:
      '@prisma/engines': 5.9.0-dev.14
