lockfileVersion: '6.0'

settings:
  autoInstallPeers: true
  excludeLinksFromLockfile: false

dependencies:
  '@prisma/client':
    specifier: 5.9.0-dev.23
    version: 5.9.0-dev.23(prisma@5.9.0-dev.23)

devDependencies:
  prisma:
    specifier: 5.9.0-dev.23
    version: 5.9.0-dev.23

packages:

  /@prisma/client@5.9.0-dev.23(prisma@5.9.0-dev.23):
    resolution: {integrity: sha512-oUPZ19/uUoTWaNLJljtLqJMDjJM9WLclBtZxvkFswb1HlBoEWsjMR1TAVBRWVGvUrnvKeOCQ6qUZ6XfGLke1cQ==}
    engines: {node: '>=16.13'}
    requiresBuild: true
    peerDependencies:
      prisma: '*'
    peerDependenciesMeta:
      prisma:
        optional: true
    dependencies:
      prisma: 5.9.0-dev.23
    dev: false

  /@prisma/debug@5.9.0-dev.23:
    resolution: {integrity: sha512-zd4NVi1XJugUBmRMWYzS6LDTB8543ZmI/ejLydhyRRplCB7E5fthNFPO4bpY9TJhjsGiDYC5oFax6v/da/nPYA==}

  /@prisma/engines-version@5.9.0-8.0fb4ba094a61e322c9a21dd664c30f0bc36ee80d:
    resolution: {integrity: sha512-lFAtTpEOkWJ+HjbvmyRHmvAtpRhZHW5iD9mwmvN503apt0tfLvS9yiiZYwoFT2kCfQht0SSDDre9KWtj3LsfeQ==}

  /@prisma/engines@5.9.0-dev.23:
    resolution: {integrity: sha512-fG9TQre2k5wEK9UidvlOyLVr5MhtJ4a6Gv7dT51JLUanP6A7leSf6PGAfaZSvp4hHZgKlFOkDr5Ca5zOdajV7A==}
    requiresBuild: true
    dependencies:
      '@prisma/debug': 5.9.0-dev.23
      '@prisma/engines-version': 5.9.0-8.0fb4ba094a61e322c9a21dd664c30f0bc36ee80d
      '@prisma/fetch-engine': 5.9.0-dev.23
      '@prisma/get-platform': 5.9.0-dev.23

  /@prisma/fetch-engine@5.9.0-dev.23:
    resolution: {integrity: sha512-6vEzSWyCIhUsqdzs9bfHZi8+cxFTh9vKkcDVdDQLksOW4G3T0lWMBs6rpybYTxkDIQjfX76o4mS/KPG20/x8Mg==}
    dependencies:
      '@prisma/debug': 5.9.0-dev.23
      '@prisma/engines-version': 5.9.0-8.0fb4ba094a61e322c9a21dd664c30f0bc36ee80d
      '@prisma/get-platform': 5.9.0-dev.23

  /@prisma/get-platform@5.9.0-dev.23:
    resolution: {integrity: sha512-lBdTcPgFOGllFlhgag+42wJyLpIKhjDgz0lykFG45hJZlfCK6h9nuP7QzRo02BBb7WcZo6XVDz5dztDApsDhTQ==}
    dependencies:
      '@prisma/debug': 5.9.0-dev.23

  /prisma@5.9.0-dev.23:
    resolution: {integrity: sha512-ilbrc2N3chrdJqeOIudjZvp19GU40GJshhnn4aAAmdqmYtQUsThAtWuYO/19Mp2ZnRVgy1iGn9iEiCdoSBYa3A==}
    engines: {node: '>=16.13'}
    hasBin: true
    requiresBuild: true
    dependencies:
      '@prisma/engines': 5.9.0-dev.23
