lockfileVersion: '6.0'

settings:
  autoInstallPeers: true
  excludeLinksFromLockfile: false

dependencies:
  '@prisma/client':
    specifier: 5.10.0-dev.84
    version: 5.10.0-dev.84(prisma@5.10.0-dev.84)

devDependencies:
  prisma:
    specifier: 5.10.0-dev.84
    version: 5.10.0-dev.84

packages:

  /@prisma/client@5.10.0-dev.84(prisma@5.10.0-dev.84):
    resolution: {integrity: sha512-8OGzhSAMvQFJ9bAsCgV/8hnrTf4idUmvh/BeunCqKRkAbC9X78u4IhSBthJb55mv76oIGDoucyx4buNh+B4ztw==}
    engines: {node: '>=16.13'}
    requiresBuild: true
    peerDependencies:
      prisma: '*'
    peerDependenciesMeta:
      prisma:
        optional: true
    dependencies:
      prisma: 5.10.0-dev.84
    dev: false

  /@prisma/debug@5.10.0-dev.84:
    resolution: {integrity: sha512-fv77glx4GvZZdRC4WNv3X7bteGtgEbadDUm2znrb9O4M2EjxtVKfXVJUkv3MGmfyUl0OIOp6k2Z8RSxgGLDYRA==}

  /@prisma/engines-version@5.10.0-19.9878210aad0f85f0c2a97fce55931d2b828f288f:
    resolution: {integrity: sha512-Q/DwuTVOJt23MB9hSbl/tFJYiijGQpo/6hJ8pzthCRMD1lbjHnYd9TnO1z8M1deaLCCRvJmti6mqzxKD0KKEOQ==}

  /@prisma/engines@5.10.0-dev.84:
    resolution: {integrity: sha512-CuZpvUSAlg5ySYdCW8TawlVNyA/ZS5TZtutfeiUISmzW+iOq22CIWAn06JmNBWlVzzLOaexrVeaD7ij9p+QIsA==}
    requiresBuild: true
    dependencies:
      '@prisma/debug': 5.10.0-dev.84
      '@prisma/engines-version': 5.10.0-19.9878210aad0f85f0c2a97fce55931d2b828f288f
      '@prisma/fetch-engine': 5.10.0-dev.84
      '@prisma/get-platform': 5.10.0-dev.84

  /@prisma/fetch-engine@5.10.0-dev.84:
    resolution: {integrity: sha512-kkMfS+IkDzuo+v1+MEGjQBPNEjUVCGaqubRmz/PSarZvds06zw/SkwOQU2xOBwg8BFAuWVzZGF1FYDZrk16qDw==}
    dependencies:
      '@prisma/debug': 5.10.0-dev.84
      '@prisma/engines-version': 5.10.0-19.9878210aad0f85f0c2a97fce55931d2b828f288f
      '@prisma/get-platform': 5.10.0-dev.84

  /@prisma/get-platform@5.10.0-dev.84:
    resolution: {integrity: sha512-c/qzd79oWQZJH0YvqJ9IzdbB6wh6UFE8a9HYSQIj7QT3+MYuPnZpV9mrMiukhhzOFbnd5O+3U/hVwpbFHG8ZNg==}
    dependencies:
      '@prisma/debug': 5.10.0-dev.84

  /prisma@5.10.0-dev.84:
    resolution: {integrity: sha512-1NJcEUUdlFg1V3Cdd7ILSPuBLSsbjk1+ol+fjbT4xfbl598+3fextwO0EpoLWaSyFWEZuhwVkM04SzHQ8Ml1OA==}
    engines: {node: '>=16.13'}
    hasBin: true
    requiresBuild: true
    dependencies:
      '@prisma/engines': 5.10.0-dev.84
