lockfileVersion: '9.0'

settings:
  autoInstallPeers: true
  excludeLinksFromLockfile: false

importers:

  .:
    dependencies:
      '@prisma/client':
        specifier: 6.11.0-dev.5
        version: 6.11.0-dev.5(prisma@6.11.0-dev.5)
    devDependencies:
      prisma:
        specifier: 6.11.0-dev.5
        version: 6.11.0-dev.5

packages:

  '@prisma/client@6.11.0-dev.5':
    resolution: {integrity: sha512-hRU1iD056YZBqG1mjr9NXFclYCE8vVjFsGwnamnVHwP8hsTEVOxarRKkjBjMUgl2a/iC6pslugKr2Q8i7CVX4w==}
    engines: {node: '>=18.18'}
    peerDependencies:
      prisma: '*'
      typescript: '>=5.1.0'
    peerDependenciesMeta:
      prisma:
        optional: true
      typescript:
        optional: true

  '@prisma/config@6.11.0-dev.5':
    resolution: {integrity: sha512-fktOmseyjvDTBfUtYMagc1MRt6Q85zuDFgCkyessjd8u4Jc2WPSUjnwrAAv2Ipng0F07QFcGnyV98OB9JvpKHw==}

  '@prisma/debug@6.11.0-dev.5':
    resolution: {integrity: sha512-Mwgtdn9RgtzMMfsz1FqE5l0x4mhR8GL1A/a3Ogl4RpunOv3a7M7S4bryZB84xnR9hWA8Ldu/mez5PHu7s0/Ptw==}

  '@prisma/engines-version@6.11.0-2.161d5c633d6c62240c9d92b45423d22117e1b297':
    resolution: {integrity: sha512-ZXT9h9mCVjiu3z2gOPfE1BctPeSdi7Iw1/zdz8XcBoydZSDoKRRoSXpyeBr7fIrys4oWHECCKe//jI3Q/mydng==}

  '@prisma/engines@6.11.0-dev.5':
    resolution: {integrity: sha512-2Z3IbOtUKjOq5BaxjgV+BlJHi11IPOMIgAA5gWGwC9bR8KosPS7t4ZBWI9rCjtYD5WAqSDL0/0OPhcSLduZcvg==}

  '@prisma/fetch-engine@6.11.0-dev.5':
    resolution: {integrity: sha512-LMfBeK+h7UH8i1wr+lDXyHLhSl5xpr76ICwGc+Zex9LiUS/W3w2IJe9qjrjJGJhESgerxNiFJsuHsrPvdC7/Xw==}

  '@prisma/get-platform@6.11.0-dev.5':
    resolution: {integrity: sha512-PSfMLwzpXWVkPqJQ43w0Nr4mMvMJrnqKXtHggh5rvDNThRdfomXXGKJGaord1tDmFgJMfkX704jo412UFks6Rg==}

  jiti@2.4.2:
    resolution: {integrity: sha512-rg9zJN+G4n2nfJl5MW3BMygZX56zKPNVEYYqq7adpmMh4Jn2QNEwhvQlFy6jPVdcod7txZtKHWnyZiA3a0zP7A==}
    hasBin: true

  prisma@6.11.0-dev.5:
    resolution: {integrity: sha512-+r+8mdxkwWOg2OqNP7/4c+bIVk+cJNOJkW+gCWGDL/bprD0hcKQjHivE+YSMqMuyNSoDWCJiH1IGxiOLhS0fjQ==}
    engines: {node: '>=18.18'}
    hasBin: true
    peerDependencies:
      typescript: '>=5.1.0'
    peerDependenciesMeta:
      typescript:
        optional: true

snapshots:

  '@prisma/client@6.11.0-dev.5(prisma@6.11.0-dev.5)':
    optionalDependencies:
      prisma: 6.11.0-dev.5

  '@prisma/config@6.11.0-dev.5':
    dependencies:
      jiti: 2.4.2

  '@prisma/debug@6.11.0-dev.5': {}

  '@prisma/engines-version@6.11.0-2.161d5c633d6c62240c9d92b45423d22117e1b297': {}

  '@prisma/engines@6.11.0-dev.5':
    dependencies:
      '@prisma/debug': 6.11.0-dev.5
      '@prisma/engines-version': 6.11.0-2.161d5c633d6c62240c9d92b45423d22117e1b297
      '@prisma/fetch-engine': 6.11.0-dev.5
      '@prisma/get-platform': 6.11.0-dev.5

  '@prisma/fetch-engine@6.11.0-dev.5':
    dependencies:
      '@prisma/debug': 6.11.0-dev.5
      '@prisma/engines-version': 6.11.0-2.161d5c633d6c62240c9d92b45423d22117e1b297
      '@prisma/get-platform': 6.11.0-dev.5

  '@prisma/get-platform@6.11.0-dev.5':
    dependencies:
      '@prisma/debug': 6.11.0-dev.5

  jiti@2.4.2: {}

  prisma@6.11.0-dev.5:
    dependencies:
      '@prisma/config': 6.11.0-dev.5
      '@prisma/engines': 6.11.0-dev.5
