lockfileVersion: '6.0'

settings:
  autoInstallPeers: true
  excludeLinksFromLockfile: false

dependencies:
  '@prisma/client':
    specifier: 5.13.0-dev.10
    version: 5.13.0-dev.10(prisma@5.13.0-dev.10)

devDependencies:
  prisma:
    specifier: 5.13.0-dev.10
    version: 5.13.0-dev.10

packages:

  /@prisma/client@5.13.0-dev.10(prisma@5.13.0-dev.10):
    resolution: {integrity: sha512-AOy/Ar503WKV1Nw8TmjrN3xj8VML8752hn5mI4gHtpYqDQBoFRwwrbODApPkdYoQ404pST1SeNBaWUU/8Dhgxw==}
    engines: {node: '>=16.13'}
    requiresBuild: true
    peerDependencies:
      prisma: '*'
    peerDependenciesMeta:
      prisma:
        optional: true
    dependencies:
      prisma: 5.13.0-dev.10
    dev: false

  /@prisma/debug@5.13.0-dev.10:
    resolution: {integrity: sha512-iPYHIE/M+G8dJ2NjbA2fPEEzjjVsJX2pt/KvH9tqOv5ptF8k7aVPXg+81PGbzmVsXYg1b4BJxAmpHisiK6YpVw==}

  /@prisma/engines-version@5.13.0-1.fa0e26796abbdffc78fadf89512aa219aac0b5c0:
    resolution: {integrity: sha512-K0OEzwxNNLLqG9zte6GkOKYfWZ/9W9Ii5e90Eyf63eIVsCqENFUw2VhTZm+K9ST5uqedvc/aRIf6yy35091pOg==}

  /@prisma/engines@5.13.0-dev.10:
    resolution: {integrity: sha512-B71QioM46s94EjX/69ddn/6rRHDonw6cmn5KK0P7frJROjp6u5vE4QJ/S7R7rs7w5KVxSCDeFixIZwRIKD5lZw==}
    requiresBuild: true
    dependencies:
      '@prisma/debug': 5.13.0-dev.10
      '@prisma/engines-version': 5.13.0-1.fa0e26796abbdffc78fadf89512aa219aac0b5c0
      '@prisma/fetch-engine': 5.13.0-dev.10
      '@prisma/get-platform': 5.13.0-dev.10

  /@prisma/fetch-engine@5.13.0-dev.10:
    resolution: {integrity: sha512-ai/psO2n8y68UputaShvdj1pppUgsxdI7AeXZ7yfS4aqcxxCgevqLf2WkqorSHFeQzl7CAq689Zrw5UyMKc8Lw==}
    dependencies:
      '@prisma/debug': 5.13.0-dev.10
      '@prisma/engines-version': 5.13.0-1.fa0e26796abbdffc78fadf89512aa219aac0b5c0
      '@prisma/get-platform': 5.13.0-dev.10

  /@prisma/get-platform@5.13.0-dev.10:
    resolution: {integrity: sha512-L8cGLxybOBFwQt2Z0+3oyF9xafh/RhxYa15VEulqCHPjbO4Ou1AmX5UJNZx5XjdptuS5tJcSGWMYOvGBhejCaA==}
    dependencies:
      '@prisma/debug': 5.13.0-dev.10

  /prisma@5.13.0-dev.10:
    resolution: {integrity: sha512-DsXieiZl1RnM/NxCDDWcZHZsKcIJ1LwjNM3ag5CfVPGvE+NuVaj6Q46yfyhgxmcU3IEPzzJSJIxR/5W4/GSufQ==}
    engines: {node: '>=16.13'}
    hasBin: true
    requiresBuild: true
    dependencies:
      '@prisma/engines': 5.13.0-dev.10
