lockfileVersion: '6.0'

settings:
  autoInstallPeers: true
  excludeLinksFromLockfile: false

dependencies:
  '@prisma/client':
    specifier: 5.14.0-dev.14
    version: 5.14.0-dev.14(prisma@5.14.0-dev.14)
  '@prisma/extension-accelerate':
    specifier: 1.0.0
    version: 1.0.0(@prisma/client@5.14.0-dev.14)

devDependencies:
  prisma:
    specifier: 5.14.0-dev.14
    version: 5.14.0-dev.14

packages:

  /@prisma/client@5.14.0-dev.14(prisma@5.14.0-dev.14):
    resolution: {integrity: sha512-blz5MhM7DQ0ru2yX/QTGw5UyUhQGUbKAsS2YGwz24fzbHEDd0a+/pnt6j9UTwOnzKUDT8bUlc6GOxfO/10SFdQ==}
    engines: {node: '>=16.13'}
    requiresBuild: true
    peerDependencies:
      prisma: '*'
    peerDependenciesMeta:
      prisma:
        optional: true
    dependencies:
      prisma: 5.14.0-dev.14
    dev: false

  /@prisma/debug@5.14.0-dev.14:
    resolution: {integrity: sha512-zkDAlsgEfhncMjTJ6pcaPtDmlMmG5D1hwlHqAt6v85OJ8j+9lZuzT/gYwuDy3WPesCuB6P8zn1yP5S3ZebjBJw==}

  /@prisma/engines-version@5.14.0-4.5d2f494bcde9cef4e9f9e636940376b767e4aa8d:
    resolution: {integrity: sha512-l81YfM2AJhaH8AlB+/Jkaut2UDObJEgDYkdQH6K99PrITEacqLbMoZwbdzRqey/uMFIjge/IckKvvP1CHjnT9A==}

  /@prisma/engines@5.14.0-dev.14:
    resolution: {integrity: sha512-mur0nn6leY29Pc/8T32sAAjTacJQJqViKU2XcH0X1aVd2FQBX05E31jiGyr9u5kBJfB+pQI7ZN2sxqY+FQ8LAA==}
    requiresBuild: true
    dependencies:
      '@prisma/debug': 5.14.0-dev.14
      '@prisma/engines-version': 5.14.0-4.5d2f494bcde9cef4e9f9e636940376b767e4aa8d
      '@prisma/fetch-engine': 5.14.0-dev.14
      '@prisma/get-platform': 5.14.0-dev.14

  /@prisma/extension-accelerate@1.0.0(@prisma/client@5.14.0-dev.14):
    resolution: {integrity: sha512-5oSpPtKCMfTl/sSXaS/7vBsPqfm+eEVB6/5KPBJITFatDoFcmjx/PIC/T93mHLiHI98xKwosPN59NGXjDDhcFA==}
    engines: {node: '>=16'}
    peerDependencies:
      '@prisma/client': '>=4.16.1'
    dependencies:
      '@prisma/client': 5.14.0-dev.14(prisma@5.14.0-dev.14)
    dev: false

  /@prisma/fetch-engine@5.14.0-dev.14:
    resolution: {integrity: sha512-pFLIw5Bb7Emc9QbUj6pJ0eHz+R6UOcmkZMFJAHvLDc5kS8+3TYpE/g0Xbeb5rbZJC94oGwstxZcALZP6U30dWA==}
    dependencies:
      '@prisma/debug': 5.14.0-dev.14
      '@prisma/engines-version': 5.14.0-4.5d2f494bcde9cef4e9f9e636940376b767e4aa8d
      '@prisma/get-platform': 5.14.0-dev.14

  /@prisma/get-platform@5.14.0-dev.14:
    resolution: {integrity: sha512-pR2B9cAj7dzE47Z7+lTZykU8LVHQFvxkgdVLKPnLqZv9N8Au+BKaSkbAncxpTzhwaD4gLkp0aQCzGxSCFQFefQ==}
    dependencies:
      '@prisma/debug': 5.14.0-dev.14

  /prisma@5.14.0-dev.14:
    resolution: {integrity: sha512-rL7LAqoQchJwBW8RAV+qF8r0j0iY52or2PTpaGJhkx5bqQ2oke7KR7R4hh13HTdigf6Q64FLiZWnQfRt4rrOfA==}
    engines: {node: '>=16.13'}
    hasBin: true
    requiresBuild: true
    dependencies:
      '@prisma/engines': 5.14.0-dev.14
