lockfileVersion: '6.0'

settings:
  autoInstallPeers: true
  excludeLinksFromLockfile: false

dependencies:
  '@prisma/client':
    specifier: 5.22.0-dev.2
    version: 5.22.0-dev.2(prisma@5.22.0-dev.2)
  '@prisma/extension-accelerate':
    specifier: 1.2.1
    version: 1.2.1(@prisma/client@5.22.0-dev.2)

devDependencies:
  prisma:
    specifier: 5.22.0-dev.2
    version: 5.22.0-dev.2

packages:

  /@prisma/client@5.22.0-dev.2(prisma@5.22.0-dev.2):
    resolution: {integrity: sha512-Ly/7tYfuvH2ODccD0xXZY/xAxCMGh6fElyVA3x6vEwaQ8euBg3s+Q3dp8Id6LnSGIaN/KyNhJlB9rAvjyDnICw==}
    engines: {node: '>=16.13'}
    requiresBuild: true
    peerDependencies:
      prisma: '*'
    peerDependenciesMeta:
      prisma:
        optional: true
    dependencies:
      prisma: 5.22.0-dev.2
    dev: false

  /@prisma/debug@5.22.0-dev.2:
    resolution: {integrity: sha512-NKuM04Onu3WVUbJV2QxZamJ0+oGdOnNskrv5qDtDeIGvhOx4LorImIK+IbUGAEHufLmHWB44PZIkPobJtMJi5w==}

  /@prisma/engines-version@5.22.0-7.155af6224b4a7a7fe47f2ce6202a785fbc5e1750:
    resolution: {integrity: sha512-P0r/y0AEu3U1b2os+sldTA3IEmgZ3XfpPI4kXck/7wFhs10ckfUD5XdDLYNmw6t3to3rauMpzAWBeLIJO92xJg==}

  /@prisma/engines@5.22.0-dev.2:
    resolution: {integrity: sha512-xCp53TBSG4O9vHJlaL01DaSgtWPS112uerMtqncWvNvW+RhsLgfyhI/aqhWLc26n1MiQbyPZe8Grgi2w5IRCcQ==}
    requiresBuild: true
    dependencies:
      '@prisma/debug': 5.22.0-dev.2
      '@prisma/engines-version': 5.22.0-7.155af6224b4a7a7fe47f2ce6202a785fbc5e1750
      '@prisma/fetch-engine': 5.22.0-dev.2
      '@prisma/get-platform': 5.22.0-dev.2

  /@prisma/extension-accelerate@1.2.1(@prisma/client@5.22.0-dev.2):
    resolution: {integrity: sha512-QicnMeyqL226ilT3vvRsFAqPeIdqHGKR4c25CoK5zZ1tNIv8egfgpD1gCKqOGmfAz0pIKQnMuJU3eNg9KItC7A==}
    engines: {node: '>=16'}
    peerDependencies:
      '@prisma/client': '>=4.16.1'
    dependencies:
      '@prisma/client': 5.22.0-dev.2(prisma@5.22.0-dev.2)
    dev: false

  /@prisma/fetch-engine@5.22.0-dev.2:
    resolution: {integrity: sha512-+R4nUTT5iZ//tDnqc6zUzCA59vN/U9pmN9joOpKW4W0ZdRfjy6uw3DoxtOSrZ8ssvTKItnG0zF++ulfer1snbQ==}
    dependencies:
      '@prisma/debug': 5.22.0-dev.2
      '@prisma/engines-version': 5.22.0-7.155af6224b4a7a7fe47f2ce6202a785fbc5e1750
      '@prisma/get-platform': 5.22.0-dev.2

  /@prisma/get-platform@5.22.0-dev.2:
    resolution: {integrity: sha512-5w/XtSCCfAUlYyj9l9TVuvoshJmvVStRewo2GkbLaJCBpXcgDB2dsWSgTIGQPkm8XjE9Gl1mwFfyVWmIq4ut2g==}
    dependencies:
      '@prisma/debug': 5.22.0-dev.2

  /fsevents@2.3.3:
    resolution: {integrity: sha512-5xoDfX+fL7faATnagmWPpbFtwh/R77WmMMqqHGS65C3vvB0YHrgF+B1YmZ3441tMj5n63k0212XNoJwzlhffQw==}
    engines: {node: ^8.16.0 || ^10.6.0 || >=11.0.0}
    os: [darwin]
    requiresBuild: true
    optional: true

  /prisma@5.22.0-dev.2:
    resolution: {integrity: sha512-BCcoSoUyzJhQp58DQ5wK7dfgv5rEUp8c9usjaS0qwGuxlYhSaBgluolatvWrD2o1Q05mEDIN2zD3qQBth7g+mQ==}
    engines: {node: '>=16.13'}
    hasBin: true
    requiresBuild: true
    dependencies:
      '@prisma/engines': 5.22.0-dev.2
    optionalDependencies:
      fsevents: 2.3.3
