lockfileVersion: '6.0'

settings:
  autoInstallPeers: true
  excludeLinksFromLockfile: false

dependencies:
  '@prisma/client':
    specifier: 5.15.0-dev.29
    version: 5.15.0-dev.29(prisma@5.15.0-dev.29)
  '@prisma/extension-accelerate':
    specifier: 1.0.0
    version: 1.0.0(@prisma/client@5.15.0-dev.29)

devDependencies:
  prisma:
    specifier: 5.15.0-dev.29
    version: 5.15.0-dev.29

packages:

  /@prisma/client@5.15.0-dev.29(prisma@5.15.0-dev.29):
    resolution: {integrity: sha512-S2WddJ7j7uptS1GlrbrJCP0tSNSHGMRrvkmbQmTL9CW1tDJycljs7DiGpX6jSnCGIFaI+UoV/ncNzKuVirjh2w==}
    engines: {node: '>=16.13'}
    requiresBuild: true
    peerDependencies:
      prisma: '*'
    peerDependenciesMeta:
      prisma:
        optional: true
    dependencies:
      prisma: 5.15.0-dev.29
    dev: false

  /@prisma/debug@5.15.0-dev.29:
    resolution: {integrity: sha512-fLeZ2h9wo0XkjE9YCBo8YqRmctFpc4I4FUJWq9kp2LUNjLPU2++6Rj1EjnkpFsPhd0VXIXjviQ5r6ts36eozYw==}

  /@prisma/engines-version@5.15.0-7.0af42cb19116c37b029e1f3665681074acb38bb4:
    resolution: {integrity: sha512-GRE52hhq2jjEpPwNkUq30AENn7LfJEtcxhjE2APGY73NdHG5dvoSKSCA/2qvbFXJ3YPnhg2B7zXyqF7MSjijng==}

  /@prisma/engines@5.15.0-dev.29:
    resolution: {integrity: sha512-Pa1gaq5HkWqJg/sVGLPL17HCfOscZuwaloeyA3h/GyJpNy20vjwT1my+dZUh0p2EYZqXak4aHmHS1i2jmEx9Zg==}
    requiresBuild: true
    dependencies:
      '@prisma/debug': 5.15.0-dev.29
      '@prisma/engines-version': 5.15.0-7.0af42cb19116c37b029e1f3665681074acb38bb4
      '@prisma/fetch-engine': 5.15.0-dev.29
      '@prisma/get-platform': 5.15.0-dev.29

  /@prisma/extension-accelerate@1.0.0(@prisma/client@5.15.0-dev.29):
    resolution: {integrity: sha512-5oSpPtKCMfTl/sSXaS/7vBsPqfm+eEVB6/5KPBJITFatDoFcmjx/PIC/T93mHLiHI98xKwosPN59NGXjDDhcFA==}
    engines: {node: '>=16'}
    peerDependencies:
      '@prisma/client': '>=4.16.1'
    dependencies:
      '@prisma/client': 5.15.0-dev.29(prisma@5.15.0-dev.29)
    dev: false

  /@prisma/fetch-engine@5.15.0-dev.29:
    resolution: {integrity: sha512-EogGqOm03fnU/WmlKFhhVSaPd657OX1RBMfLyvVWilmScsefiGcteKKlQ3AvTSXRf13N91YtSsGQaFynD9E4/g==}
    dependencies:
      '@prisma/debug': 5.15.0-dev.29
      '@prisma/engines-version': 5.15.0-7.0af42cb19116c37b029e1f3665681074acb38bb4
      '@prisma/get-platform': 5.15.0-dev.29

  /@prisma/get-platform@5.15.0-dev.29:
    resolution: {integrity: sha512-PNQuH+4Joc1pL0Fjw56u87R57oUNFqr42CDHG3EUKnmlrPwV1ocrsb6RbhMFPLe09pb86EGnNtRLvufsMTyLKQ==}
    dependencies:
      '@prisma/debug': 5.15.0-dev.29

  /prisma@5.15.0-dev.29:
    resolution: {integrity: sha512-mdAnNep00zvsmDy3xycBGldiTBNQG2+pGsJs7a4xRUyH44jpWKr54Zvv3Fume+KGdi+/dfLME348PEvjfAAdkA==}
    engines: {node: '>=16.13'}
    hasBin: true
    requiresBuild: true
    dependencies:
      '@prisma/engines': 5.15.0-dev.29
