lockfileVersion: '6.0'

settings:
  autoInstallPeers: true
  excludeLinksFromLockfile: false

dependencies:
  '@prisma/client':
    specifier: 5.4.0-dev.85
    version: 5.4.0-dev.85(prisma@5.4.0-dev.85)

devDependencies:
  prisma:
    specifier: 5.4.0-dev.85
    version: 5.4.0-dev.85

packages:

  /@prisma/client@5.4.0-dev.85(prisma@5.4.0-dev.85):
    resolution: {integrity: sha512-DyPDD7l44QlWvgXRkDxin9olxKWhkeH/J6a4JwjHc6aV0Bf/T2C9M5INygWMMg8KAIWdUDJU1sqz1/dqiQageQ==}
    engines: {node: '>=16.13'}
    requiresBuild: true
    peerDependencies:
      prisma: '*'
    peerDependenciesMeta:
      prisma:
        optional: true
    dependencies:
      '@prisma/engines-version': 5.4.0-47.a5596b96668f0f4b397761ce0956db54e17e48c4
      prisma: 5.4.0-dev.85
    dev: false

  /@prisma/engines-version@5.4.0-47.a5596b96668f0f4b397761ce0956db54e17e48c4:
    resolution: {integrity: sha512-liWWFhIL5hMhVt4f9HWqMSnBgVicVFGKsEzO5gBfLr9aG1JgjjMDYNmqqLji0Hp0VpD8ffTQTOVZDJRUVBD4dw==}
    dev: false

  /@prisma/engines@5.4.0-dev.85:
    resolution: {integrity: sha512-bASJefuaLGPskws1jc3WyUXHahkdAp8RcY96MlHOFTSUvVrOcLPz0lulBeCkGuW3bWZxH4ZrbldrHypA/VED+w==}
    requiresBuild: true

  /prisma@5.4.0-dev.85:
    resolution: {integrity: sha512-9W98ov0Txpc92qriUdO1PfPUn0akfh+Kj3g19k53WBp151WC4BxtE81BOti+FyW+Dr7TDC4qPvRPaDXiFH16VQ==}
    engines: {node: '>=16.13'}
    hasBin: true
    requiresBuild: true
    dependencies:
      '@prisma/engines': 5.4.0-dev.85
