lockfileVersion: 5.4

specifiers:
  '@prisma/client': 4.16.0-dev.47
  prisma: 4.16.0-dev.47

dependencies:
  '@prisma/client': 4.16.0-dev.47_prisma@4.16.0-dev.47

devDependencies:
  prisma: 4.16.0-dev.47

packages:

  /@prisma/client/4.16.0-dev.47_prisma@4.16.0-dev.47:
    resolution: {integrity: sha512-02NkEr+5CoAj2r3ROJg20ZzUZPYUnZ5lP7BI8Ohkxoky/FPNdyjqOkEhLGF6WLuOki1CajR2A9Qtr/VXWIlOlA==}
    engines: {node: '>=14.17'}
    requiresBuild: true
    peerDependencies:
      prisma: '*'
    peerDependenciesMeta:
      prisma:
        optional: true
    dependencies:
      '@prisma/engines-version': 4.16.0-37.c34bbe0af031c4bfbd30642bb7305d7687f6eea1
      prisma: 4.16.0-dev.47
    dev: false

  /@prisma/engines-version/4.16.0-37.c34bbe0af031c4bfbd30642bb7305d7687f6eea1:
    resolution: {integrity: sha512-/D8yyX4Yo+PIAx5l+NVEzjq5AANI7OpX+HivTUZ55WnlR8QoZflRpYYf+VZz4DptdYLQr4psQ4uLIG7n4e17Cg==}
    dev: false

  /@prisma/engines/4.16.0-dev.47:
    resolution: {integrity: sha512-0iMf2PTrFW7+ah7Rv/RNGKEfcwPpI1uFhVSqGzy7kQsU2P56r92SA+f8yqNDLwoCQB+vMg2Nfm6gw7DubEkn3Q==}
    requiresBuild: true

  /prisma/4.16.0-dev.47:
    resolution: {integrity: sha512-RXjTVmpNp3jsBniZiyTkOIyJanepBj/Y79W92ZXY5pL5aTzAfad3Vjt4OzPjb/fgaa1EBLs5ilNwJOl9GOkR7Q==}
    engines: {node: '>=14.17'}
    hasBin: true
    requiresBuild: true
    dependencies:
      '@prisma/engines': 4.16.0-dev.47
