lockfileVersion: 5.4

specifiers:
  '@prisma/client': 4.17.0-dev.64
  prisma: 4.17.0-dev.64

dependencies:
  '@prisma/client': 4.17.0-dev.64_prisma@4.17.0-dev.64

devDependencies:
  prisma: 4.17.0-dev.64

packages:

  /@prisma/client/4.17.0-dev.64_prisma@4.17.0-dev.64:
    resolution: {integrity: sha512-7v2ah6cv4fNUKJ1QIKiNSwmljj2MAnHPWxPdNvRuEOsM5WWAn5J9P1YFCVwnO0rc2Z+fdpiZZb4QCKHnjfPovw==}
    engines: {node: '>=14.17'}
    requiresBuild: true
    peerDependencies:
      prisma: '*'
    peerDependenciesMeta:
      prisma:
        optional: true
    dependencies:
      '@prisma/engines-version': 4.17.0-21.a6324410622b51700b1f574eeca057c71b1a3c5a
      prisma: 4.17.0-dev.64
    dev: false

  /@prisma/engines-version/4.17.0-21.a6324410622b51700b1f574eeca057c71b1a3c5a:
    resolution: {integrity: sha512-p1dHyubJlDBTmLpUHCwYIanvmj/viGT1aRhSLLz4tEcYszwvWmpVrUNT7YgRRIDi/PGE/c7QHr/knhNIa/SeaA==}
    dev: false

  /@prisma/engines/4.17.0-dev.64:
    resolution: {integrity: sha512-g9bNIfwEQ4DmX1i+MExqZtehneT0AW/RZJOMkC11BvuqFpJYkSd9nenz014ZKBZ4CTkIbpxrgaYaEw24Qm5xNA==}
    requiresBuild: true

  /prisma/4.17.0-dev.64:
    resolution: {integrity: sha512-NpU+5Ceb8VEBJ32qhNhF8KwxaIitSq+AvFkc8hU/CPPnIA+abp2QdjV3p7WxAs6XqPPZc2ypZxZAVYtQsiNApw==}
    engines: {node: '>=14.17'}
    hasBin: true
    requiresBuild: true
    dependencies:
      '@prisma/engines': 4.17.0-dev.64
