# THIS IS AN AUTOGENERATED FILE. DO NOT EDIT THIS FILE DIRECTLY.
# yarn lockfile v1


"@prisma/client@5.4.0-dev.63":
  version "5.4.0-dev.63"
  resolved "https://registry.yarnpkg.com/@prisma/client/-/client-5.4.0-dev.63.tgz#1375a54db840cf0b176d6ce4cfe208a4b461e333"
  integrity sha512-iRhvpgzEVIPeWGIHEzonC0oCXFm85VtMBIsrBYfM6M86vEIXPJTCfsWIg6E8UjzG84+nP1jpHQ7BnGPzn/6xEA==
  dependencies:
    "@prisma/engines-version" "5.4.0-37.109b8f121d606613e20abfe67c2348a5d636b6df"

"@prisma/engines-version@5.4.0-37.109b8f121d606613e20abfe67c2348a5d636b6df":
  version "5.4.0-37.109b8f121d606613e20abfe67c2348a5d636b6df"
  resolved "https://registry.yarnpkg.com/@prisma/engines-version/-/engines-version-5.4.0-37.109b8f121d606613e20abfe67c2348a5d636b6df.tgz#d48611bb6dc60fc47aa1f1f6b5f39c8b3ac69e6b"
  integrity sha512-ETyjNxmb45PiA5qI3DQ5O+hf2krB20MyhAoMPOoP5ozrX85sRZ+OnZoIIkUdfniBSO9WVKZBNo6hBRFoRxKI+g==

"@prisma/engines@5.4.0-dev.63":
  version "5.4.0-dev.63"
  resolved "https://registry.yarnpkg.com/@prisma/engines/-/engines-5.4.0-dev.63.tgz#1fe811dd4bd7970ccd0c968de2d7801b402c154d"
  integrity sha512-G0KoU8JOYRN0wW0JA3g1OrxBYrdTPxwv+rRCVpbOd3wneeLdHloDP4eWihSDHt1Ig63rtMJvqteKQPMC2zG17Q==

"@types/node@16.18.54":
  version "16.18.54"
  resolved "https://registry.yarnpkg.com/@types/node/-/node-16.18.54.tgz#4a63bdcea5b714f546aa27406a1c60621236a132"
  integrity sha512-oTmGy68gxZZ21FhTJVVvZBYpQHEBZxHKTsGshobMqm9qWpbqdZsA5jvsuPZcHu0KwpmLrOHWPdEfg7XDpNT9UA==

prisma@5.4.0-dev.63:
  version "5.4.0-dev.63"
  resolved "https://registry.yarnpkg.com/prisma/-/prisma-5.4.0-dev.63.tgz#91d6a6c66b17dd6727866a4aa9d74a02636dd708"
  integrity sha512-yosseEUuSpqLwaN+7DAE5mN8xKpjABfKeO5YHBCsw5ATKGnJqmmquB5xWwEGyGQdqn+HkEEVAuiIYlBveAAI0Q==
  dependencies:
    "@prisma/engines" "5.4.0-dev.63"

ts-node@10.9.1:
  version "10.9.1"
  resolved "https://registry.yarnpkg.com/ts-node/-/ts-node-10.9.1.tgz#e73de9102958af9e1f0b168a6ff320e25adcff4b"
  integrity sha512-NtVysVPkxxrwFGUUxGYhfux8k78pQB3JqYBXlLRZgdGUqTO5wU/UyHop5p70iEbGhB7q5KmiZiU0Y3KlJrScEw==
  dependencies:
    "@cspotcode/source-map-support" "^0.8.0"
    "@tsconfig/node10" "^1.0.7"
    "@tsconfig/node12" "^1.0.7"
    "@tsconfig/node14" "^1.0.0"
    "@tsconfig/node16" "^1.0.2"
    acorn "^8.4.1"
    acorn-walk "^8.1.1"
    arg "^4.1.0"
    create-require "^1.1.0"
    diff "^4.0.1"
    make-error "^1.1.1"
    v8-compile-cache-lib "^3.0.1"
    yn "3.1.1"

typescript@5.2.2:
  version "5.2.2"
  resolved "https://registry.yarnpkg.com/typescript/-/typescript-5.2.2.tgz#5ebb5e5a5b75f085f22bc3f8460fba308310fa78"
  integrity sha512-mI4WrpHsbCIcwT9cF4FZvr80QUeKvsUsUvKDoR+X/7XHQH98xYD8YHZg7ANtz2GtZt/CBq2QJ0thkGJMHfqc1w==
