# THIS IS AN AUTOGENERATED FILE. DO NOT EDIT THIS FILE DIRECTLY.
# yarn lockfile v1


"@prisma/cli@2.2.0-dev.32":
  version "2.2.0-dev.32"
  resolved "https://registry.yarnpkg.com/@prisma/cli/-/cli-2.2.0-dev.32.tgz#3c05a13cbc7f2864f9b327cafa18ec6fd80486a5"
  integrity sha512-myK8Y/74xp0bsbQg038GfVO7RDoVUgqmMXOzkb05cop+976AiUQyl5ARmliQJzWf8LFLd+0FpNeohGeidGlIoA==

"@prisma/client@2.2.0-dev.32":
  version "2.2.0-dev.32"
  resolved "https://registry.yarnpkg.com/@prisma/client/-/client-2.2.0-dev.32.tgz#13fd75d7495e9e6d7138f743183e70308675e157"
  integrity sha512-iR2BNq/C/JNGlsalkzm2Ch5pq6dQz+u92duQL1crUHsnrNjA53PaDNq4GiO/smHQSk4whlNFaT+2faY5C5WetA==
  dependencies:
    pkg-up "^3.1.0"

"@types/node@*":
  version "14.0.13"
  resolved "https://registry.yarnpkg.com/@types/node/-/node-14.0.13.tgz#ee1128e881b874c371374c1f72201893616417c9"
  integrity sha512-rouEWBImiRaSJsVA+ITTFM6ZxibuAlTuNOCyxVbwreu6k6+ujs7DfnU9o+PShFhET78pMBl3eH+AGSI5eOTkPA==

"@vercel/build-utils@2.4.0":
  version "2.4.0"
  resolved "https://registry.yarnpkg.com/@vercel/build-utils/-/build-utils-2.4.0.tgz#c756a3804f072cc693ebe0bbcc1adcce61b9f15c"
  integrity sha512-VRXMLBPDcpFUHQMgHdgYHBl9SRwqNFb43tgkMdTYaNml2HgqlLNvNuINKlqwB2/Q/tARIWcm4jmPKR0gu1CaEQ==

"@vercel/go@1.1.2":
  version "1.1.2"
  resolved "https://registry.yarnpkg.com/@vercel/go/-/go-1.1.2.tgz#0b0067a56616e4c56eeac8a8b33a9bb64a79be71"
  integrity sha512-1k7w6gY2Uj4DVqvvqm5VXZZeCqmzV5Fw3T3hjfgt13WVXPVwYfXf50ya4VvwpF9/IEvXpAhXLRcHD7ZTCMoXKA==

"@vercel/next@2.6.7":
  version "2.6.7"
  resolved "https://registry.yarnpkg.com/@vercel/next/-/next-2.6.7.tgz#e522ab1e4c2af83b51df430dec1f98f64d7d202e"
  integrity sha512-zzcalT/TRpI7EH4glRqhD09jkeGqbjZ4JbiOkCdwTAMJDme8bf6wsYffBGu92DLv/2zDFPLj0EcNsGVhb7bk0w==

"@vercel/node@1.7.1":
  version "1.7.1"
  resolved "https://registry.yarnpkg.com/@vercel/node/-/node-1.7.1.tgz#cdf9b2226cbc469228aae6369b2b21db4c83dc69"
  integrity sha512-Lp6l3526xQ/srCqkXE9/E+gykAcpM/vut4zFo5NA9+syGxZt1nlVAznhNVkgsSW4mbRIE67KIfi7SII55dW7uw==
  dependencies:
    "@types/node" "*"
    ts-node "8.9.1"
    typescript "3.9.3"

"@vercel/python@1.2.2":
  version "1.2.2"
  resolved "https://registry.yarnpkg.com/@vercel/python/-/python-1.2.2.tgz#52e8e2a0d3a65153b8bd25a63db36b704aafde72"
  integrity sha512-+rHfbjJaySdac59Oa11a7/nZzpXC98Kqw5tPh8DT1I5OG8YTfgJnwgfBoytZOAZZQBcggoJspnjAd+wGVCoVXw==

"@vercel/ruby@1.2.2":
  version "1.2.2"
  resolved "https://registry.yarnpkg.com/@vercel/ruby/-/ruby-1.2.2.tgz#0a6ef704d9eec7a88d3bf12f462cd52046b75361"
  integrity sha512-5kKFNS84EvjHRI/umZqL31KdyvoWO05qbIeR3YHHJBCPSBIUlGimM0Wx7OsdAK+TMDzpWszBF/6bgk//KpmYbg==

"@vercel/static-build@0.17.3":
  version "0.17.3"
  resolved "https://registry.yarnpkg.com/@vercel/static-build/-/static-build-0.17.3.tgz#43ce2f605df946c11b697b5bf1b8f91cdc148cf6"
  integrity sha512-Xf4b6AEVl5EnTSecG0p9hwi3F4MuvwsYyGmvhbNfoV5c8T4Q9gPgTY0f738OAUv1f81DdzRXcgijK4rFQ1ysTQ==

arg@^4.1.0:
  version "4.1.3"
  resolved "https://registry.yarnpkg.com/arg/-/arg-4.1.3.tgz#269fc7ad5b8e42cb63c896d5666017261c144089"
  integrity sha512-58S9QDqG0Xx27YwPSt9fJxivjYl432YCwfDMfZ+71RAqUrZef7LrKQZ3LHLOwCS4FLNBplP533Zx895SeOCHvA==

buffer-from@^1.0.0:
  version "1.1.1"
  resolved "https://registry.yarnpkg.com/buffer-from/-/buffer-from-1.1.1.tgz#32713bc028f75c02fdb710d7c7bcec1f2c6070ef"
  integrity sha512-MQcXEUbCKtEo7bhqEs6560Hyd4XaovZlO/k9V3hjVUF/zwW7KBVdSK4gIt/bzwS9MbR5qob+F5jusZsb0YQK2A==

diff@^4.0.1:
  version "4.0.2"
  resolved "https://registry.yarnpkg.com/diff/-/diff-4.0.2.tgz#60f3aecb89d5fae520c11aa19efc2bb982aade7d"
  integrity sha512-58lmxKSA4BNyLz+HHMUzlOEpg09FV+ev6ZMe3vJihgdxzgcwZ8VoEEPmALCZG9LmqfVoNMMKpttIYTVG6uDY7A==

dotenv@8.2.0:
  version "8.2.0"
  resolved "https://registry.yarnpkg.com/dotenv/-/dotenv-8.2.0.tgz#97e619259ada750eea3e4ea3e26bceea5424b16a"
  integrity sha512-8sJ78ElpbDJBHNeBzUbUVLsqKdccaa/BXF1uPTw3GrvQTBgrQrtObr2mUrE38vzYd8cEv+m/JBfDLioYcfXoaw==

es6-promise@^4.2.8:
  version "4.2.8"
  resolved "https://registry.yarnpkg.com/es6-promise/-/es6-promise-4.2.8.tgz#4eb21594c972bc40553d276e510539143db53e0a"
  integrity sha512-HJDGx5daxeIvxdBxvG2cb9g4tEvwIk3i8+nhX0yGrYmZUzbkdg8QbDevheDB8gd0//uPj4c1EQua8Q+MViT0/w==

fetch-retry@4.0.0:
  version "4.0.0"
  resolved "https://registry.yarnpkg.com/fetch-retry/-/fetch-retry-4.0.0.tgz#b8c9dc365caa7cf61d624bc0398f8091087aacf7"
  integrity sha512-bOaeyiPCzY+iGZigBQEWg65vjI3yoXYoYSfCyI9oDc0CiC7yBq6jkkVWQA0FIHzo5vPnyKYmfpNmpB10NXPqxA==
  dependencies:
    es6-promise "^4.2.8"

find-up@^3.0.0:
  version "3.0.0"
  resolved "https://registry.yarnpkg.com/find-up/-/find-up-3.0.0.tgz#49169f1d7993430646da61ecc5ae355c21c97b73"
  integrity sha512-1yD6RmLI1XBfxugvORwlck6f75tYL+iR0jqwsOrOxMZyGYqUuDhJ0l4AXdO1iX/FTs9cBAMEk1gWSEx1kSbylg==
  dependencies:
    locate-path "^3.0.0"

locate-path@^3.0.0:
  version "3.0.0"
  resolved "https://registry.yarnpkg.com/locate-path/-/locate-path-3.0.0.tgz#dbec3b3ab759758071b58fe59fc41871af21400e"
  integrity sha512-7AO748wWnIhNqAuaty2ZWHkQHRSNfPVIsPIfwEOWO22AmaoVrWavlOcMR5nzTLNYvp36X220/maaRsrec1G65A==
  dependencies:
    p-locate "^3.0.0"
    path-exists "^3.0.0"

make-error@^1.1.1:
  version "1.3.6"
  resolved "https://registry.yarnpkg.com/make-error/-/make-error-1.3.6.tgz#2eb2e37ea9b67c4891f684a1394799af484cf7a2"
  integrity sha512-s8UhlNe7vPKomQhC1qFelMokr/Sc3AgNbso3n74mVPA5LTZwkB9NlXf4XPamLxJE8h0gh73rM94xvwRT2CVInw==

node-fetch@2.6.0:
  version "2.6.0"
  resolved "https://registry.yarnpkg.com/node-fetch/-/node-fetch-2.6.0.tgz#e633456386d4aa55863f676a7ab0daa8fdecb0fd"
  integrity sha512-8dG4H5ujfvFiqDmVu9fQ5bOHUC15JMjMY/Zumv26oOvvVJjM67KF8koCWIabKQ1GJIa9r2mMZscBq/TbdOcmNA==

p-limit@^2.0.0:
  version "2.3.0"
  resolved "https://registry.yarnpkg.com/p-limit/-/p-limit-2.3.0.tgz#3dd33c647a214fdfffd835933eb086da0dc21db1"
  integrity sha512-//88mFWSJx8lxCzwdAABTJL2MyWB12+eIY7MDL2SqLmAkeKU9qxRvWuSyTjm3FUmpBEMuFfckAIqEaVGUDxb6w==
  dependencies:
    p-try "^2.0.0"

p-locate@^3.0.0:
  version "3.0.0"
  resolved "https://registry.yarnpkg.com/p-locate/-/p-locate-3.0.0.tgz#322d69a05c0264b25997d9f40cd8a891ab0064a4"
  integrity sha512-x+12w/To+4GFfgJhBEpiDcLozRJGegY+Ei7/z0tSLkMmxGZNybVMSfWj9aJn8Z5Fc7dBUNJOOVgPv2H7IwulSQ==
  dependencies:
    p-limit "^2.0.0"

p-try@^2.0.0:
  version "2.2.0"
  resolved "https://registry.yarnpkg.com/p-try/-/p-try-2.2.0.tgz#cb2868540e313d61de58fafbe35ce9004d5540e6"
  integrity sha512-R4nPAVTAU0B9D35/Gk3uJf/7XYbQcyohSKdvAxIRSNghFl4e71hVoGnBNQz9cWaXxO2I10KTC+3jMdvvoKw6dQ==

path-exists@^3.0.0:
  version "3.0.0"
  resolved "https://registry.yarnpkg.com/path-exists/-/path-exists-3.0.0.tgz#ce0ebeaa5f78cb18925ea7d810d7b59b010fd515"
  integrity sha1-zg6+ql94yxiSXqfYENe1mwEP1RU=

pkg-up@^3.1.0:
  version "3.1.0"
  resolved "https://registry.yarnpkg.com/pkg-up/-/pkg-up-3.1.0.tgz#100ec235cc150e4fd42519412596a28512a0def5"
  integrity sha512-nDywThFk1i4BQK4twPQ6TA4RT8bDY96yeuCVBWL3ePARCiEKDRSrNGbFIgUJpLp+XeIR65v8ra7WuJOFUBtkMA==
  dependencies:
    find-up "^3.0.0"

source-map-support@^0.5.17:
  version "0.5.19"
  resolved "https://registry.yarnpkg.com/source-map-support/-/source-map-support-0.5.19.tgz#a98b62f86dcaf4f67399648c085291ab9e8fed61"
  integrity sha512-Wonm7zOCIJzBGQdB+thsPar0kYuCIzYvxZwlBa87yi/Mdjv7Tip2cyVbLj5o0cFPN4EVkuTwb3GDDyUx2DGnGw==
  dependencies:
    buffer-from "^1.0.0"
    source-map "^0.6.0"

source-map@^0.6.0:
  version "0.6.1"
  resolved "https://registry.yarnpkg.com/source-map/-/source-map-0.6.1.tgz#74722af32e9614e9c287a8d0bbde48b5e2f1a263"
  integrity sha512-UjgapumWlbMhkBgzT7Ykc5YXUT46F0iKu8SGXq0bcwP5dz/h0Plj6enJqjz1Zbq2l5WaqYnrVbwWOWMyF3F47g==

ts-node@8.9.1:
  version "8.9.1"
  resolved "https://registry.yarnpkg.com/ts-node/-/ts-node-8.9.1.tgz#2f857f46c47e91dcd28a14e052482eb14cfd65a5"
  integrity sha512-yrq6ODsxEFTLz0R3BX2myf0WBCSQh9A+py8PBo1dCzWIOcvisbyH6akNKqDHMgXePF2kir5mm5JXJTH3OUJYOQ==
  dependencies:
    arg "^4.1.0"
    diff "^4.0.1"
    make-error "^1.1.1"
    source-map-support "^0.5.17"
    yn "3.1.1"

typescript@3.9.3:
  version "3.9.3"
  resolved "https://registry.yarnpkg.com/typescript/-/typescript-3.9.3.tgz#d3ac8883a97c26139e42df5e93eeece33d610b8a"
  integrity sha512-D/wqnB2xzNFIcoBG9FG8cXRDjiqSTbG2wd8DMZeQyJlP1vfTkIxH4GKveWaEBYySKIg+USu+E+EDIR47SqnaMQ==

vercel@19.1.1:
  version "19.1.1"
  resolved "https://registry.yarnpkg.com/vercel/-/vercel-19.1.1.tgz#2034911bff81f4d055f5deb9995db1f93552529b"
  integrity sha512-cFKkzkkypdNcO1OQnjVCGSS/lFQQAmWNDIutdi2RYqMW0Pdp/u6XeZPADvDbqVwKi56QthoZybCCdolzNZxHVw==
  dependencies:
    "@vercel/build-utils" "2.4.0"
    "@vercel/go" "1.1.2"
    "@vercel/next" "2.6.7"
    "@vercel/node" "1.7.1"
    "@vercel/python" "1.2.2"
    "@vercel/ruby" "1.2.2"
    "@vercel/static-build" "0.17.3"

yn@3.1.1:
  version "3.1.1"
  resolved "https://registry.yarnpkg.com/yn/-/yn-3.1.1.tgz#1e87401a09d767c1d5eab26a6e4c185182d2eb50"
  integrity sha512-Ux4ygGWsu2c7isFWe8Yu1YluJmqVhxqK2cLXNQA5AcC3QfbGNpM7fu0Y8b/z16pXLnFxZYvWhd3fhBY9DLmC6Q==
